// !$*UTF8*$!
{
	archiveVersion = 1;
	classes = {
	};
	objectVersion = 56;
	objects = {

/* Begin PBXBuildFile section */
		3C4D400D2EB229BC00DD51A5 /* StickTogetherIOSApp.swift in Sources */ = {isa = PBXBuildFile; fileRef = 3C4D400C2EB229BC00DD51A5 /* StickTogetherIOSApp.swift */; };
		3C4D400F2EB229BC00DD51A5 /* AppCoordinatorView.swift in Sources */ = {isa = PBXBuildFile; fileRef = 3C4D400E2EB229BC00DD51A5 /* AppCoordinatorView.swift */; };
		3C4D40112EB229BD00DD51A5 /* Assets.xcassets in Resources */ = {isa = PBXBuildFile; fileRef = 3C4D40102EB229BD00DD51A5 /* Assets.xcassets */; };
		3C4D40142EB229BD00DD51A5 /* Preview Assets.xcassets in Resources */ = {isa = PBXBuildFile; fileRef = 3C4D40132EB229BD00DD51A5 /* Preview Assets.xcassets */; };
		3C4D401E2EB229BD00DD51A5 /* StickTogetherIOSTests.swift in Sources */ = {isa = PBXBuildFile; fileRef = 3C4D401D2EB229BD00DD51A5 /* StickTogetherIOSTests.swift */; };
		3C4D40282EB229BD00DD51A5 /* StickTogetherIOSUITests.swift in Sources */ = {isa = PBXBuildFile; fileRef = 3C4D40272EB229BD00DD51A5 /* StickTogetherIOSUITests.swift */; };
		3C4D402A2EB229BD00DD51A5 /* StickTogetherIOSUITestsLaunchTests.swift in Sources */ = {isa = PBXBuildFile; fileRef = 3C4D40292EB229BD00DD51A5 /* StickTogetherIOSUITestsLaunchTests.swift */; };
		3CB5041F2EB231DB004AF0A9 /* DIContainer.swift in Sources */ = {isa = PBXBuildFile; fileRef = 3CB5041E2EB231DB004AF0A9 /* DIContainer.swift */; };
		3CB504212EB231F4004AF0A9 /* AppEntry.swift in Sources */ = {isa = PBXBuildFile; fileRef = 3CB504202EB231F4004AF0A9 /* AppEntry.swift */; };
		3CB504252EB23283004AF0A9 /* AuthServiceProtocol.swift in Sources */ = {isa = PBXBuildFile; fileRef = 3CB504242EB23283004AF0A9 /* AuthServiceProtocol.swift */; };
		3CB504272EB2328F004AF0A9 /* MockAuthService.swift in Sources */ = {isa = PBXBuildFile; fileRef = 3CB504262EB2328F004AF0A9 /* MockAuthService.swift */; };
		3CB5042B2EB232F6004AF0A9 /* User.swift in Sources */ = {isa = PBXBuildFile; fileRef = 3CB5042A2EB232F6004AF0A9 /* User.swift */; };
		3CB5042D2EB23427004AF0A9 /* AuthViewModel.swift in Sources */ = {isa = PBXBuildFile; fileRef = 3CB5042C2EB23427004AF0A9 /* AuthViewModel.swift */; };
		3CB5043A2EB24ACC004AF0A9 /* CustomFont.swift in Sources */ = {isa = PBXBuildFile; fileRef = 3CB504392EB24ACC004AF0A9 /* CustomFont.swift */; };
		3CB5043D2EB25034004AF0A9 /* CustomColors.swift in Sources */ = {isa = PBXBuildFile; fileRef = 3CB5043C2EB25034004AF0A9 /* CustomColors.swift */; };
/* End PBXBuildFile section */

/* Begin PBXContainerItemProxy section */
		3C4D401A2EB229BD00DD51A5 /* PBXContainerItemProxy */ = {
			isa = PBXContainerItemProxy;
			containerPortal = 3C4D40012EB229BC00DD51A5 /* Project object */;
			proxyType = 1;
			remoteGlobalIDString = 3C4D40082EB229BC00DD51A5;
			remoteInfo = StickTogetherIOS;
		};
		3C4D40242EB229BD00DD51A5 /* PBXContainerItemProxy */ = {
			isa = PBXContainerItemProxy;
			containerPortal = 3C4D40012EB229BC00DD51A5 /* Project object */;
			proxyType = 1;
			remoteGlobalIDString = 3C4D40082EB229BC00DD51A5;
			remoteInfo = StickTogetherIOS;
		};
/* End PBXContainerItemProxy section */

/* Begin PBXFileReference section */
		3C4D40092EB229BC00DD51A5 /* StickTogetherIOS.app */ = {isa = PBXFileReference; explicitFileType = wrapper.application; includeInIndex = 0; path = StickTogetherIOS.app; sourceTree = BUILT_PRODUCTS_DIR; };
		3C4D400C2EB229BC00DD51A5 /* StickTogetherIOSApp.swift */ = {isa = PBXFileReference; lastKnownFileType = sourcecode.swift; path = StickTogetherIOSApp.swift; sourceTree = "<group>"; };
		3C4D400E2EB229BC00DD51A5 /* AppCoordinatorView.swift */ = {isa = PBXFileReference; lastKnownFileType = sourcecode.swift; path = AppCoordinatorView.swift; sourceTree = "<group>"; };
		3C4D40102EB229BD00DD51A5 /* Assets.xcassets */ = {isa = PBXFileReference; lastKnownFileType = folder.assetcatalog; path = Assets.xcassets; sourceTree = "<group>"; };
		3C4D40132EB229BD00DD51A5 /* Preview Assets.xcassets */ = {isa = PBXFileReference; lastKnownFileType = folder.assetcatalog; path = "Preview Assets.xcassets"; sourceTree = "<group>"; };
		3C4D40192EB229BD00DD51A5 /* StickTogetherIOSTests.xctest */ = {isa = PBXFileReference; explicitFileType = wrapper.cfbundle; includeInIndex = 0; path = StickTogetherIOSTests.xctest; sourceTree = BUILT_PRODUCTS_DIR; };
		3C4D401D2EB229BD00DD51A5 /* StickTogetherIOSTests.swift */ = {isa = PBXFileReference; lastKnownFileType = sourcecode.swift; path = StickTogetherIOSTests.swift; sourceTree = "<group>"; };
		3C4D40232EB229BD00DD51A5 /* StickTogetherIOSUITests.xctest */ = {isa = PBXFileReference; explicitFileType = wrapper.cfbundle; includeInIndex = 0; path = StickTogetherIOSUITests.xctest; sourceTree = BUILT_PRODUCTS_DIR; };
		3C4D40272EB229BD00DD51A5 /* StickTogetherIOSUITests.swift */ = {isa = PBXFileReference; lastKnownFileType = sourcecode.swift; path = StickTogetherIOSUITests.swift; sourceTree = "<group>"; };
		3C4D40292EB229BD00DD51A5 /* StickTogetherIOSUITestsLaunchTests.swift */ = {isa = PBXFileReference; lastKnownFileType = sourcecode.swift; path = StickTogetherIOSUITestsLaunchTests.swift; sourceTree = "<group>"; };
		3CB5041E2EB231DB004AF0A9 /* DIContainer.swift */ = {isa = PBXFileReference; lastKnownFileType = sourcecode.swift; path = DIContainer.swift; sourceTree = "<group>"; };
		3CB504202EB231F4004AF0A9 /* AppEntry.swift */ = {isa = PBXFileReference; lastKnownFileType = sourcecode.swift; path = AppEntry.swift; sourceTree = "<group>"; };
		3CB504242EB23283004AF0A9 /* AuthServiceProtocol.swift */ = {isa = PBXFileReference; lastKnownFileType = sourcecode.swift; path = AuthServiceProtocol.swift; sourceTree = "<group>"; };
		3CB504262EB2328F004AF0A9 /* MockAuthService.swift */ = {isa = PBXFileReference; lastKnownFileType = sourcecode.swift; path = MockAuthService.swift; sourceTree = "<group>"; };
		3CB5042A2EB232F6004AF0A9 /* User.swift */ = {isa = PBXFileReference; lastKnownFileType = sourcecode.swift; path = User.swift; sourceTree = "<group>"; };
		3CB5042C2EB23427004AF0A9 /* AuthViewModel.swift */ = {isa = PBXFileReference; lastKnownFileType = sourcecode.swift; path = AuthViewModel.swift; sourceTree = "<group>"; };
		3CB504312EB24A7A004AF0A9 /* HelveticaNeueUltraLight.otf */ = {isa = PBXFileReference; lastKnownFileType = file; path = HelveticaNeueUltraLight.otf; sourceTree = "<group>"; };
		3CB504322EB24A7B004AF0A9 /* HelveticaNeueHeavy.otf */ = {isa = PBXFileReference; lastKnownFileType = file; path = HelveticaNeueHeavy.otf; sourceTree = "<group>"; };
		3CB504332EB24A7B004AF0A9 /* HelveticaNeueBlack.otf */ = {isa = PBXFileReference; lastKnownFileType = file; path = HelveticaNeueBlack.otf; sourceTree = "<group>"; };
		3CB504342EB24A7B004AF0A9 /* HelveticaNeueBold.otf */ = {isa = PBXFileReference; lastKnownFileType = file; path = HelveticaNeueBold.otf; sourceTree = "<group>"; };
		3CB504352EB24A7B004AF0A9 /* HelveticaNeueLight.otf */ = {isa = PBXFileReference; lastKnownFileType = file; path = HelveticaNeueLight.otf; sourceTree = "<group>"; };
		3CB504362EB24A7B004AF0A9 /* HelveticaNeueMedium.otf */ = {isa = PBXFileReference; lastKnownFileType = file; path = HelveticaNeueMedium.otf; sourceTree = "<group>"; };
		3CB504372EB24A7B004AF0A9 /* HelveticaNeueThin.otf */ = {isa = PBXFileReference; lastKnownFileType = file; path = HelveticaNeueThin.otf; sourceTree = "<group>"; };
		3CB504392EB24ACC004AF0A9 /* CustomFont.swift */ = {isa = PBXFileReference; lastKnownFileType = sourcecode.swift; path = CustomFont.swift; sourceTree = "<group>"; };
		3CB5043B2EB24E7C004AF0A9 /* Info.plist */ = {isa = PBXFileReference; lastKnownFileType = text.plist; path = Info.plist; sourceTree = "<group>"; };
		3CB5043C2EB25034004AF0A9 /* CustomColors.swift */ = {isa = PBXFileReference; lastKnownFileType = sourcecode.swift; path = CustomColors.swift; sourceTree = "<group>"; };
/* End PBXFileReference section */

/* Begin PBXFrameworksBuildPhase section */
		3C4D40062EB229BC00DD51A5 /* Frameworks */ = {
			isa = PBXFrameworksBuildPhase;
			buildActionMask = 2147483647;
			files = (
			);
			runOnlyForDeploymentPostprocessing = 0;
		};
		3C4D40162EB229BD00DD51A5 /* Frameworks */ = {
			isa = PBXFrameworksBuildPhase;
			buildActionMask = 2147483647;
			files = (
			);
			runOnlyForDeploymentPostprocessing = 0;
		};
		3C4D40202EB229BD00DD51A5 /* Frameworks */ = {
			isa = PBXFrameworksBuildPhase;
			buildActionMask = 2147483647;
			files = (
			);
			runOnlyForDeploymentPostprocessing = 0;
		};
/* End PBXFrameworksBuildPhase section */

/* Begin PBXGroup section */
		3C4D40002EB229BC00DD51A5 = {
			isa = PBXGroup;
			children = (
				3C4D400B2EB229BC00DD51A5 /* StickTogetherIOS */,
				3C4D401C2EB229BD00DD51A5 /* StickTogetherIOSTests */,
				3C4D40262EB229BD00DD51A5 /* StickTogetherIOSUITests */,
				3C4D400A2EB229BC00DD51A5 /* Products */,
			);
			sourceTree = "<group>";
		};
		3C4D400A2EB229BC00DD51A5 /* Products */ = {
			isa = PBXGroup;
			children = (
				3C4D40092EB229BC00DD51A5 /* StickTogetherIOS.app */,
				3C4D40192EB229BD00DD51A5 /* StickTogetherIOSTests.xctest */,
				3C4D40232EB229BD00DD51A5 /* StickTogetherIOSUITests.xctest */,
			);
			name = Products;
			sourceTree = "<group>";
		};
		3C4D400B2EB229BC00DD51A5 /* StickTogetherIOS */ = {
			isa = PBXGroup;
			children = (
				3CB5043B2EB24E7C004AF0A9 /* Info.plist */,
				3CB5041B2EB23168004AF0A9 /* App */,
				3CB5041A2EB23164004AF0A9 /* Core */,
				3CB504192EB2315F004AF0A9 /* Features */,
				3CB504182EB23156004AF0A9 /* Resources */,
				3C4D40102EB229BD00DD51A5 /* Assets.xcassets */,
				3C4D40122EB229BD00DD51A5 /* Preview Content */,
			);
			path = StickTogetherIOS;
			sourceTree = "<group>";
		};
		3C4D40122EB229BD00DD51A5 /* Preview Content */ = {
			isa = PBXGroup;
			children = (
				3C4D40132EB229BD00DD51A5 /* Preview Assets.xcassets */,
			);
			path = "Preview Content";
			sourceTree = "<group>";
		};
		3C4D401C2EB229BD00DD51A5 /* StickTogetherIOSTests */ = {
			isa = PBXGroup;
			children = (
				3C4D401D2EB229BD00DD51A5 /* StickTogetherIOSTests.swift */,
			);
			path = StickTogetherIOSTests;
			sourceTree = "<group>";
		};
		3C4D40262EB229BD00DD51A5 /* StickTogetherIOSUITests */ = {
			isa = PBXGroup;
			children = (
				3C4D40272EB229BD00DD51A5 /* StickTogetherIOSUITests.swift */,
				3C4D40292EB229BD00DD51A5 /* StickTogetherIOSUITestsLaunchTests.swift */,
			);
			path = StickTogetherIOSUITests;
			sourceTree = "<group>";
		};
		3CB504182EB23156004AF0A9 /* Resources */ = {
			isa = PBXGroup;
			children = (
				3CB504382EB24A82004AF0A9 /* Font */,
				3CB504392EB24ACC004AF0A9 /* CustomFont.swift */,
				3CB5043C2EB25034004AF0A9 /* CustomColors.swift */,
			);
			path = Resources;
			sourceTree = "<group>";
		};
		3CB504192EB2315F004AF0A9 /* Features */ = {
			isa = PBXGroup;
			children = (
				3CB5041D2EB2319B004AF0A9 /* Home */,
				3CB5041C2EB23193004AF0A9 /* Auth */,
				3C4D400E2EB229BC00DD51A5 /* AppCoordinatorView.swift */,
			);
			path = Features;
			sourceTree = "<group>";
		};
		3CB5041A2EB23164004AF0A9 /* Core */ = {
			isa = PBXGroup;
			children = (
				3CB504292EB232F0004AF0A9 /* Models */,
				3CB504222EB2326A004AF0A9 /* Services */,
				3CB5041E2EB231DB004AF0A9 /* DIContainer.swift */,
			);
			path = Core;
			sourceTree = "<group>";
		};
		3CB5041B2EB23168004AF0A9 /* App */ = {
			isa = PBXGroup;
			children = (
				3C4D400C2EB229BC00DD51A5 /* StickTogetherIOSApp.swift */,
				3CB504202EB231F4004AF0A9 /* AppEntry.swift */,
			);
			path = App;
			sourceTree = "<group>";
		};
		3CB5041C2EB23193004AF0A9 /* Auth */ = {
			isa = PBXGroup;
			children = (
				3CB5042C2EB23427004AF0A9 /* AuthViewModel.swift */,
			);
			path = Auth;
			sourceTree = "<group>";
		};
		3CB5041D2EB2319B004AF0A9 /* Home */ = {
			isa = PBXGroup;
			children = (
			);
			path = Home;
			sourceTree = "<group>";
		};
		3CB504222EB2326A004AF0A9 /* Services */ = {
			isa = PBXGroup;
			children = (
				3CB504232EB2326F004AF0A9 /* Auth */,
			);
			path = Services;
			sourceTree = "<group>";
		};
		3CB504232EB2326F004AF0A9 /* Auth */ = {
			isa = PBXGroup;
			children = (
				3CB504242EB23283004AF0A9 /* AuthServiceProtocol.swift */,
				3CB504262EB2328F004AF0A9 /* MockAuthService.swift */,
			);
			path = Auth;
			sourceTree = "<group>";
		};
		3CB504292EB232F0004AF0A9 /* Models */ = {
			isa = PBXGroup;
			children = (
				3CB5042A2EB232F6004AF0A9 /* User.swift */,
			);
			path = Models;
			sourceTree = "<group>";
		};
		3CB504382EB24A82004AF0A9 /* Font */ = {
			isa = PBXGroup;
			children = (
				3CB504332EB24A7B004AF0A9 /* HelveticaNeueBlack.otf */,
				3CB504342EB24A7B004AF0A9 /* HelveticaNeueBold.otf */,
				3CB504322EB24A7B004AF0A9 /* HelveticaNeueHeavy.otf */,
				3CB504352EB24A7B004AF0A9 /* HelveticaNeueLight.otf */,
				3CB504362EB24A7B004AF0A9 /* HelveticaNeueMedium.otf */,
				3CB504372EB24A7B004AF0A9 /* HelveticaNeueThin.otf */,
				3CB504312EB24A7A004AF0A9 /* HelveticaNeueUltraLight.otf */,
			);
			path = Font;
			sourceTree = "<group>";
		};
/* End PBXGroup section */

/* Begin PBXNativeTarget section */
		3C4D40082EB229BC00DD51A5 /* StickTogetherIOS */ = {
			isa = PBXNativeTarget;
			buildConfigurationList = 3C4D402D2EB229BD00DD51A5 /* Build configuration list for PBXNativeTarget "StickTogetherIOS" */;
			buildPhases = (
				3C4D40052EB229BC00DD51A5 /* Sources */,
				3C4D40062EB229BC00DD51A5 /* Frameworks */,
				3C4D40072EB229BC00DD51A5 /* Resources */,
			);
			buildRules = (
			);
			dependencies = (
			);
			name = StickTogetherIOS;
			productName = StickTogetherIOS;
			productReference = 3C4D40092EB229BC00DD51A5 /* StickTogetherIOS.app */;
			productType = "com.apple.product-type.application";
		};
		3C4D40182EB229BD00DD51A5 /* StickTogetherIOSTests */ = {
			isa = PBXNativeTarget;
			buildConfigurationList = 3C4D40302EB229BD00DD51A5 /* Build configuration list for PBXNativeTarget "StickTogetherIOSTests" */;
			buildPhases = (
				3C4D40152EB229BD00DD51A5 /* Sources */,
				3C4D40162EB229BD00DD51A5 /* Frameworks */,
				3C4D40172EB229BD00DD51A5 /* Resources */,
			);
			buildRules = (
			);
			dependencies = (
				3C4D401B2EB229BD00DD51A5 /* PBXTargetDependency */,
			);
			name = StickTogetherIOSTests;
			productName = StickTogetherIOSTests;
			productReference = 3C4D40192EB229BD00DD51A5 /* StickTogetherIOSTests.xctest */;
			productType = "com.apple.product-type.bundle.unit-test";
		};
		3C4D40222EB229BD00DD51A5 /* StickTogetherIOSUITests */ = {
			isa = PBXNativeTarget;
			buildConfigurationList = 3C4D40332EB229BD00DD51A5 /* Build configuration list for PBXNativeTarget "StickTogetherIOSUITests" */;
			buildPhases = (
				3C4D401F2EB229BD00DD51A5 /* Sources */,
				3C4D40202EB229BD00DD51A5 /* Frameworks */,
				3C4D40212EB229BD00DD51A5 /* Resources */,
			);
			buildRules = (
			);
			dependencies = (
				3C4D40252EB229BD00DD51A5 /* PBXTargetDependency */,
			);
			name = StickTogetherIOSUITests;
			productName = StickTogetherIOSUITests;
			productReference = 3C4D40232EB229BD00DD51A5 /* StickTogetherIOSUITests.xctest */;
			productType = "com.apple.product-type.bundle.ui-testing";
		};
/* End PBXNativeTarget section */

/* Begin PBXProject section */
		3C4D40012EB229BC00DD51A5 /* Project object */ = {
			isa = PBXProject;
			attributes = {
				BuildIndependentTargetsInParallel = 1;
				LastSwiftUpdateCheck = 1540;
				LastUpgradeCheck = 1540;
				TargetAttributes = {
					3C4D40082EB229BC00DD51A5 = {
						CreatedOnToolsVersion = 15.4;
					};
					3C4D40182EB229BD00DD51A5 = {
						CreatedOnToolsVersion = 15.4;
						TestTargetID = 3C4D40082EB229BC00DD51A5;
					};
					3C4D40222EB229BD00DD51A5 = {
						CreatedOnToolsVersion = 15.4;
						TestTargetID = 3C4D40082EB229BC00DD51A5;
					};
				};
			};
			buildConfigurationList = 3C4D40042EB229BC00DD51A5 /* Build configuration list for PBXProject "StickTogetherIOS" */;
			compatibilityVersion = "Xcode 14.0";
			developmentRegion = en;
			hasScannedForEncodings = 0;
			knownRegions = (
				en,
				Base,
			);
			mainGroup = 3C4D40002EB229BC00DD51A5;
			productRefGroup = 3C4D400A2EB229BC00DD51A5 /* Products */;
			projectDirPath = "";
			projectRoot = "";
			targets = (
				3C4D40082EB229BC00DD51A5 /* StickTogetherIOS */,
				3C4D40182EB229BD00DD51A5 /* StickTogetherIOSTests */,
				3C4D40222EB229BD00DD51A5 /* StickTogetherIOSUITests */,
			);
		};
/* End PBXProject section */

/* Begin PBXResourcesBuildPhase section */
		3C4D40072EB229BC00DD51A5 /* Resources */ = {
			isa = PBXResourcesBuildPhase;
			buildActionMask = 2147483647;
			files = (
				3C4D40142EB229BD00DD51A5 /* Preview Assets.xcassets in Resources */,
				3C4D40112EB229BD00DD51A5 /* Assets.xcassets in Resources */,
			);
			runOnlyForDeploymentPostprocessing = 0;
		};
		3C4D40172EB229BD00DD51A5 /* Resources */ = {
			isa = PBXResourcesBuildPhase;
			buildActionMask = 2147483647;
			files = (
			);
			runOnlyForDeploymentPostprocessing = 0;
		};
		3C4D40212EB229BD00DD51A5 /* Resources */ = {
			isa = PBXResourcesBuildPhase;
			buildActionMask = 2147483647;
			files = (
			);
			runOnlyForDeploymentPostprocessing = 0;
		};
/* End PBXResourcesBuildPhase section */

/* Begin PBXSourcesBuildPhase section */
		3C4D40052EB229BC00DD51A5 /* Sources */ = {
			isa = PBXSourcesBuildPhase;
			buildActionMask = 2147483647;
			files = (
				3CB504212EB231F4004AF0A9 /* AppEntry.swift in Sources */,
				3C4D400F2EB229BC00DD51A5 /* AppCoordinatorView.swift in Sources */,
				3CB5041F2EB231DB004AF0A9 /* DIContainer.swift in Sources */,
				3CB504252EB23283004AF0A9 /* AuthServiceProtocol.swift in Sources */,
				3CB5042D2EB23427004AF0A9 /* AuthViewModel.swift in Sources */,
				3CB5043A2EB24ACC004AF0A9 /* CustomFont.swift in Sources */,
				3CB5043D2EB25034004AF0A9 /* CustomColors.swift in Sources */,
				3C4D400D2EB229BC00DD51A5 /* StickTogetherIOSApp.swift in Sources */,
				3CB504272EB2328F004AF0A9 /* MockAuthService.swift in Sources */,
				3CB5042B2EB232F6004AF0A9 /* User.swift in Sources */,
			);
			runOnlyForDeploymentPostprocessing = 0;
		};
		3C4D40152EB229BD00DD51A5 /* Sources */ = {
			isa = PBXSourcesBuildPhase;
			buildActionMask = 2147483647;
			files = (
				3C4D401E2EB229BD00DD51A5 /* StickTogetherIOSTests.swift in Sources */,
			);
			runOnlyForDeploymentPostprocessing = 0;
		};
		3C4D401F2EB229BD00DD51A5 /* Sources */ = {
			isa = PBXSourcesBuildPhase;
			buildActionMask = 2147483647;
			files = (
				3C4D40282EB229BD00DD51A5 /* StickTogetherIOSUITests.swift in Sources */,
				3C4D402A2EB229BD00DD51A5 /* StickTogetherIOSUITestsLaunchTests.swift in Sources */,
			);
			runOnlyForDeploymentPostprocessing = 0;
		};
/* End PBXSourcesBuildPhase section */

/* Begin PBXTargetDependency section */
		3C4D401B2EB229BD00DD51A5 /* PBXTargetDependency */ = {
			isa = PBXTargetDependency;
			target = 3C4D40082EB229BC00DD51A5 /* StickTogetherIOS */;
			targetProxy = 3C4D401A2EB229BD00DD51A5 /* PBXContainerItemProxy */;
		};
		3C4D40252EB229BD00DD51A5 /* PBXTargetDependency */ = {
			isa = PBXTargetDependency;
			target = 3C4D40082EB229BC00DD51A5 /* StickTogetherIOS */;
			targetProxy = 3C4D40242EB229BD00DD51A5 /* PBXContainerItemProxy */;
		};
/* End PBXTargetDependency section */

/* Begin XCBuildConfiguration section */
		3C4D402B2EB229BD00DD51A5 /* Debug */ = {
			isa = XCBuildConfiguration;
			buildSettings = {
				ALWAYS_SEARCH_USER_PATHS = NO;
				ASSETCATALOG_COMPILER_GENERATE_SWIFT_ASSET_SYMBOL_EXTENSIONS = YES;
				CLANG_ANALYZER_NONNULL = YES;
				CLANG_ANALYZER_NUMBER_OBJECT_CONVERSION = YES_AGGRESSIVE;
				CLANG_CXX_LANGUAGE_STANDARD = "gnu++20";
				CLANG_ENABLE_MODULES = YES;
				CLANG_ENABLE_OBJC_ARC = YES;
				CLANG_ENABLE_OBJC_WEAK = YES;
				CLANG_WARN_BLOCK_CAPTURE_AUTORELEASING = YES;
				CLANG_WARN_BOOL_CONVERSION = YES;
				CLANG_WARN_COMMA = YES;
				CLANG_WARN_CONSTANT_CONVERSION = YES;
				CLANG_WARN_DEPRECATED_OBJC_IMPLEMENTATIONS = YES;
				CLANG_WARN_DIRECT_OBJC_ISA_USAGE = YES_ERROR;
				CLANG_WARN_DOCUMENTATION_COMMENTS = YES;
				CLANG_WARN_EMPTY_BODY = YES;
				CLANG_WARN_ENUM_CONVERSION = YES;
				CLANG_WARN_INFINITE_RECURSION = YES;
				CLANG_WARN_INT_CONVERSION = YES;
				CLANG_WARN_NON_LITERAL_NULL_CONVERSION = YES;
				CLANG_WARN_OBJC_IMPLICIT_RETAIN_SELF = YES;
				CLANG_WARN_OBJC_LITERAL_CONVERSION = YES;
				CLANG_WARN_OBJC_ROOT_CLASS = YES_ERROR;
				CLANG_WARN_QUOTED_INCLUDE_IN_FRAMEWORK_HEADER = YES;
				CLANG_WARN_RANGE_LOOP_ANALYSIS = YES;
				CLANG_WARN_STRICT_PROTOTYPES = YES;
				CLANG_WARN_SUSPICIOUS_MOVE = YES;
				CLANG_WARN_UNGUARDED_AVAILABILITY = YES_AGGRESSIVE;
				CLANG_WARN_UNREACHABLE_CODE = YES;
				CLANG_WARN__DUPLICATE_METHOD_MATCH = YES;
				COPY_PHASE_STRIP = NO;
				DEBUG_INFORMATION_FORMAT = dwarf;
				ENABLE_STRICT_OBJC_MSGSEND = YES;
				ENABLE_TESTABILITY = YES;
				ENABLE_USER_SCRIPT_SANDBOXING = YES;
				GCC_C_LANGUAGE_STANDARD = gnu17;
				GCC_DYNAMIC_NO_PIC = NO;
				GCC_NO_COMMON_BLOCKS = YES;
				GCC_OPTIMIZATION_LEVEL = 0;
				GCC_PREPROCESSOR_DEFINITIONS = (
					"DEBUG=1",
					"$(inherited)",
				);
				GCC_WARN_64_TO_32_BIT_CONVERSION = YES;
				GCC_WARN_ABOUT_RETURN_TYPE = YES_ERROR;
				GCC_WARN_UNDECLARED_SELECTOR = YES;
				GCC_WARN_UNINITIALIZED_AUTOS = YES_AGGRESSIVE;
				GCC_WARN_UNUSED_FUNCTION = YES;
				GCC_WARN_UNUSED_VARIABLE = YES;
				IPHONEOS_DEPLOYMENT_TARGET = 17.5;
				LOCALIZATION_PREFERS_STRING_CATALOGS = YES;
				MTL_ENABLE_DEBUG_INFO = INCLUDE_SOURCE;
				MTL_FAST_MATH = YES;
				ONLY_ACTIVE_ARCH = YES;
				SDKROOT = iphoneos;
				SWIFT_ACTIVE_COMPILATION_CONDITIONS = "DEBUG $(inherited)";
				SWIFT_OPTIMIZATION_LEVEL = "-Onone";
			};
			name = Debug;
		};
		3C4D402C2EB229BD00DD51A5 /* Release */ = {
			isa = XCBuildConfiguration;
			buildSettings = {
				ALWAYS_SEARCH_USER_PATHS = NO;
				ASSETCATALOG_COMPILER_GENERATE_SWIFT_ASSET_SYMBOL_EXTENSIONS = YES;
				CLANG_ANALYZER_NONNULL = YES;
				CLANG_ANALYZER_NUMBER_OBJECT_CONVERSION = YES_AGGRESSIVE;
				CLANG_CXX_LANGUAGE_STANDARD = "gnu++20";
				CLANG_ENABLE_MODULES = YES;
				CLANG_ENABLE_OBJC_ARC = YES;
				CLANG_ENABLE_OBJC_WEAK = YES;
				CLANG_WARN_BLOCK_CAPTURE_AUTORELEASING = YES;
				CLANG_WARN_BOOL_CONVERSION = YES;
				CLANG_WARN_COMMA = YES;
				CLANG_WARN_CONSTANT_CONVERSION = YES;
				CLANG_WARN_DEPRECATED_OBJC_IMPLEMENTATIONS = YES;
				CLANG_WARN_DIRECT_OBJC_ISA_USAGE = YES_ERROR;
				CLANG_WARN_DOCUMENTATION_COMMENTS = YES;
				CLANG_WARN_EMPTY_BODY = YES;
				CLANG_WARN_ENUM_CONVERSION = YES;
				CLANG_WARN_INFINITE_RECURSION = YES;
				CLANG_WARN_INT_CONVERSION = YES;
				CLANG_WARN_NON_LITERAL_NULL_CONVERSION = YES;
				CLANG_WARN_OBJC_IMPLICIT_RETAIN_SELF = YES;
				CLANG_WARN_OBJC_LITERAL_CONVERSION = YES;
				CLANG_WARN_OBJC_ROOT_CLASS = YES_ERROR;
				CLANG_WARN_QUOTED_INCLUDE_IN_FRAMEWORK_HEADER = YES;
				CLANG_WARN_RANGE_LOOP_ANALYSIS = YES;
				CLANG_WARN_STRICT_PROTOTYPES = YES;
				CLANG_WARN_SUSPICIOUS_MOVE = YES;
				CLANG_WARN_UNGUARDED_AVAILABILITY = YES_AGGRESSIVE;
				CLANG_WARN_UNREACHABLE_CODE = YES;
				CLANG_WARN__DUPLICATE_METHOD_MATCH = YES;
				COPY_PHASE_STRIP = NO;
				DEBUG_INFORMATION_FORMAT = "dwarf-with-dsym";
				ENABLE_NS_ASSERTIONS = NO;
				ENABLE_STRICT_OBJC_MSGSEND = YES;
				ENABLE_USER_SCRIPT_SANDBOXING = YES;
				GCC_C_LANGUAGE_STANDARD = gnu17;
				GCC_NO_COMMON_BLOCKS = YES;
				GCC_WARN_64_TO_32_BIT_CONVERSION = YES;
				GCC_WARN_ABOUT_RETURN_TYPE = YES_ERROR;
				GCC_WARN_UNDECLARED_SELECTOR = YES;
				GCC_WARN_UNINITIALIZED_AUTOS = YES_AGGRESSIVE;
				GCC_WARN_UNUSED_FUNCTION = YES;
				GCC_WARN_UNUSED_VARIABLE = YES;
				IPHONEOS_DEPLOYMENT_TARGET = 17.5;
				LOCALIZATION_PREFERS_STRING_CATALOGS = YES;
				MTL_ENABLE_DEBUG_INFO = NO;
				MTL_FAST_MATH = YES;
				SDKROOT = iphoneos;
				SWIFT_COMPILATION_MODE = wholemodule;
				VALIDATE_PRODUCT = YES;
			};
			name = Release;
		};
		3C4D402E2EB229BD00DD51A5 /* Debug */ = {
			isa = XCBuildConfiguration;
			buildSettings = {
				ASSETCATALOG_COMPILER_APPICON_NAME = AppIcon;
				ASSETCATALOG_COMPILER_GLOBAL_ACCENT_COLOR_NAME = AccentColor;
				CODE_SIGN_STYLE = Automatic;
				CURRENT_PROJECT_VERSION = 1;
				DEVELOPMENT_ASSET_PATHS = "\"StickTogetherIOS/Preview Content\"";
				DEVELOPMENT_TEAM = 6VQ9H973C9;
				ENABLE_PREVIEWS = YES;
				GENERATE_INFOPLIST_FILE = YES;
				INFOPLIST_FILE = StickTogetherIOS/Info.plist;
				INFOPLIST_KEY_UIApplicationSceneManifest_Generation = YES;
				INFOPLIST_KEY_UIApplicationSupportsIndirectInputEvents = YES;
				INFOPLIST_KEY_UILaunchScreen_Generation = YES;
				INFOPLIST_KEY_UISupportedInterfaceOrientations_iPad = "UIInterfaceOrientationPortrait UIInterfaceOrientationPortraitUpsideDown UIInterfaceOrientationLandscapeLeft UIInterfaceOrientationLandscapeRight";
				INFOPLIST_KEY_UISupportedInterfaceOrientations_iPhone = "UIInterfaceOrientationPortrait UIInterfaceOrientationLandscapeLeft UIInterfaceOrientationLandscapeRight";
				LD_RUNPATH_SEARCH_PATHS = (
					"$(inherited)",
					"@executable_path/Frameworks",
				);
				MARKETING_VERSION = 1.0;
				PRODUCT_BUNDLE_IDENTIFIER = com.Gr33nEight.StickTogetherIOS;
				PRODUCT_NAME = "$(TARGET_NAME)";
				SWIFT_EMIT_LOC_STRINGS = YES;
				SWIFT_VERSION = 5.0;
				TARGETED_DEVICE_FAMILY = "1,2";
			};
			name = Debug;
		};
		3C4D402F2EB229BD00DD51A5 /* Release */ = {
			isa = XCBuildConfiguration;
			buildSettings = {
				ASSETCATALOG_COMPILER_APPICON_NAME = AppIcon;
				ASSETCATALOG_COMPILER_GLOBAL_ACCENT_COLOR_NAME = AccentColor;
				CODE_SIGN_STYLE = Automatic;
				CURRENT_PROJECT_VERSION = 1;
				DEVELOPMENT_ASSET_PATHS = "\"StickTogetherIOS/Preview Content\"";
				DEVELOPMENT_TEAM = 6VQ9H973C9;
				ENABLE_PREVIEWS = YES;
				GENERATE_INFOPLIST_FILE = YES;
				INFOPLIST_FILE = StickTogetherIOS/Info.plist;
				INFOPLIST_KEY_UIApplicationSceneManifest_Generation = YES;
				INFOPLIST_KEY_UIApplicationSupportsIndirectInputEvents = YES;
				INFOPLIST_KEY_UILaunchScreen_Generation = YES;
				INFOPLIST_KEY_UISupportedInterfaceOrientations_iPad = "UIInterfaceOrientationPortrait UIInterfaceOrientationPortraitUpsideDown UIInterfaceOrientationLandscapeLeft UIInterfaceOrientationLandscapeRight";
				INFOPLIST_KEY_UISupportedInterfaceOrientations_iPhone = "UIInterfaceOrientationPortrait UIInterfaceOrientationLandscapeLeft UIInterfaceOrientationLandscapeRight";
				LD_RUNPATH_SEARCH_PATHS = (
					"$(inherited)",
					"@executable_path/Frameworks",
				);
				MARKETING_VERSION = 1.0;
				PRODUCT_BUNDLE_IDENTIFIER = com.Gr33nEight.StickTogetherIOS;
				PRODUCT_NAME = "$(TARGET_NAME)";
				SWIFT_EMIT_LOC_STRINGS = YES;
				SWIFT_VERSION = 5.0;
				TARGETED_DEVICE_FAMILY = "1,2";
			};
			name = Release;
		};
		3C4D40312EB229BD00DD51A5 /* Debug */ = {
			isa = XCBuildConfiguration;
			buildSettings = {
				ALWAYS_EMBED_SWIFT_STANDARD_LIBRARIES = YES;
				BUNDLE_LOADER = "$(TEST_HOST)";
				CODE_SIGN_STYLE = Automatic;
				CURRENT_PROJECT_VERSION = 1;
				DEVELOPMENT_TEAM = 6VQ9H973C9;
				GENERATE_INFOPLIST_FILE = YES;
				IPHONEOS_DEPLOYMENT_TARGET = 17.5;
				MARKETING_VERSION = 1.0;
				PRODUCT_BUNDLE_IDENTIFIER = com.Gr33nEight.StickTogetherIOSTests;
				PRODUCT_NAME = "$(TARGET_NAME)";
				SWIFT_EMIT_LOC_STRINGS = NO;
				SWIFT_VERSION = 5.0;
				TARGETED_DEVICE_FAMILY = "1,2";
				TEST_HOST = "$(BUILT_PRODUCTS_DIR)/StickTogetherIOS.app/$(BUNDLE_EXECUTABLE_FOLDER_PATH)/StickTogetherIOS";
			};
			name = Debug;
		};
		3C4D40322EB229BD00DD51A5 /* Release */ = {
			isa = XCBuildConfiguration;
			buildSettings = {
				ALWAYS_EMBED_SWIFT_STANDARD_LIBRARIES = YES;
				BUNDLE_LOADER = "$(TEST_HOST)";
				CODE_SIGN_STYLE = Automatic;
				CURRENT_PROJECT_VERSION = 1;
				DEVELOPMENT_TEAM = 6VQ9H973C9;
				GENERATE_INFOPLIST_FILE = YES;
				IPHONEOS_DEPLOYMENT_TARGET = 17.5;
				MARKETING_VERSION = 1.0;
				PRODUCT_BUNDLE_IDENTIFIER = com.Gr33nEight.StickTogetherIOSTests;
				PRODUCT_NAME = "$(TARGET_NAME)";
				SWIFT_EMIT_LOC_STRINGS = NO;
				SWIFT_VERSION = 5.0;
				TARGETED_DEVICE_FAMILY = "1,2";
				TEST_HOST = "$(BUILT_PRODUCTS_DIR)/StickTogetherIOS.app/$(BUNDLE_EXECUTABLE_FOLDER_PATH)/StickTogetherIOS";
			};
			name = Release;
		};
		3C4D40342EB229BD00DD51A5 /* Debug */ = {
			isa = XCBuildConfiguration;
			buildSettings = {
				ALWAYS_EMBED_SWIFT_STANDARD_LIBRARIES = YES;
				CODE_SIGN_STYLE = Automatic;
				CURRENT_PROJECT_VERSION = 1;
				DEVELOPMENT_TEAM = 6VQ9H973C9;
				GENERATE_INFOPLIST_FILE = YES;
				MARKETING_VERSION = 1.0;
				PRODUCT_BUNDLE_IDENTIFIER = com.Gr33nEight.StickTogetherIOSUITests;
				PRODUCT_NAME = "$(TARGET_NAME)";
				SWIFT_EMIT_LOC_STRINGS = NO;
				SWIFT_VERSION = 5.0;
				TARGETED_DEVICE_FAMILY = "1,2";
				TEST_TARGET_NAME = StickTogetherIOS;
			};
			name = Debug;
		};
		3C4D40352EB229BD00DD51A5 /* Release */ = {
			isa = XCBuildConfiguration;
			buildSettings = {
				ALWAYS_EMBED_SWIFT_STANDARD_LIBRARIES = YES;
				CODE_SIGN_STYLE = Automatic;
				CURRENT_PROJECT_VERSION = 1;
				DEVELOPMENT_TEAM = 6VQ9H973C9;
				GENERATE_INFOPLIST_FILE = YES;
				MARKETING_VERSION = 1.0;
				PRODUCT_BUNDLE_IDENTIFIER = com.Gr33nEight.StickTogetherIOSUITests;
				PRODUCT_NAME = "$(TARGET_NAME)";
				SWIFT_EMIT_LOC_STRINGS = NO;
				SWIFT_VERSION = 5.0;
				TARGETED_DEVICE_FAMILY = "1,2";
				TEST_TARGET_NAME = StickTogetherIOS;
			};
			name = Release;
		};
/* End XCBuildConfiguration section */

/* Begin XCConfigurationList section */
		3C4D40042EB229BC00DD51A5 /* Build configuration list for PBXProject "StickTogetherIOS" */ = {
			isa = XCConfigurationList;
			buildConfigurations = (
				3C4D402B2EB229BD00DD51A5 /* Debug */,
				3C4D402C2EB229BD00DD51A5 /* Release */,
			);
			defaultConfigurationIsVisible = 0;
			defaultConfigurationName = Release;
		};
		3C4D402D2EB229BD00DD51A5 /* Build configuration list for PBXNativeTarget "StickTogetherIOS" */ = {
			isa = XCConfigurationList;
			buildConfigurations = (
				3C4D402E2EB229BD00DD51A5 /* Debug */,
				3C4D402F2EB229BD00DD51A5 /* Release */,
			);
			defaultConfigurationIsVisible = 0;
			defaultConfigurationName = Release;
		};
		3C4D40302EB229BD00DD51A5 /* Build configuration list for PBXNativeTarget "StickTogetherIOSTests" */ = {
			isa = XCConfigurationList;
			buildConfigurations = (
				3C4D40312EB229BD00DD51A5 /* Debug */,
				3C4D40322EB229BD00DD51A5 /* Release */,
			);
			defaultConfigurationIsVisible = 0;
			defaultConfigurationName = Release;
		};
		3C4D40332EB229BD00DD51A5 /* Build configuration list for PBXNativeTarget "StickTogetherIOSUITests" */ = {
			isa = XCConfigurationList;
			buildConfigurations = (
				3C4D40342EB229BD00DD51A5 /* Debug */,
				3C4D40352EB229BD00DD51A5 /* Release */,
			);
			defaultConfigurationIsVisible = 0;
			defaultConfigurationName = Release;
		};
/* End XCConfigurationList section */
	};
	rootObject = 3C4D40012EB229BC00DD51A5 /* Project object */;
}
