// !$*UTF8*$!
{
	archiveVersion = 1;
	classes = {
	};
	objectVersion = 73;
	objects = {

/* Begin PBXBuildFile section */
		3C27EB352EB7FC1200BB39F7 /* DeepLinkService.swift in Sources */ = {isa = PBXBuildFile; fileRef = 3C27EB342EB7FC1200BB39F7 /* DeepLinkService.swift */; };
		3C27EB382EB8B80700BB39F7 /* FriendsListView.swift in Sources */ = {isa = PBXBuildFile; fileRef = 3C27EB372EB8B80700BB39F7 /* FriendsListView.swift */; };
		3C27EB3C2EB9234100BB39F7 /* ModalViewModifier.swift in Sources */ = {isa = PBXBuildFile; fileRef = 3C27EB3A2EB9234100BB39F7 /* ModalViewModifier.swift */; };
		3C27EB3D2EB9234100BB39F7 /* ModalService.swift in Sources */ = {isa = PBXBuildFile; fileRef = 3C27EB392EB9234100BB39F7 /* ModalService.swift */; };
		3C27EB402EB9237E00BB39F7 /* ScreenOverlay.swift in Sources */ = {isa = PBXBuildFile; fileRef = 3C27EB3F2EB9237E00BB39F7 /* ScreenOverlay.swift */; };
		3C27EB422EB923A100BB39F7 /* Blur.swift in Sources */ = {isa = PBXBuildFile; fileRef = 3C27EB412EB923A100BB39F7 /* Blur.swift */; };
		3C27EB442EBA4E1A00BB39F7 /* InviteFriendModal.swift in Sources */ = {isa = PBXBuildFile; fileRef = 3C27EB432EBA4E1A00BB39F7 /* InviteFriendModal.swift */; };
		3C27EB462EBA4E2E00BB39F7 /* FriendListViewModel.swift in Sources */ = {isa = PBXBuildFile; fileRef = 3C27EB452EBA4E2E00BB39F7 /* FriendListViewModel.swift */; };
		3C27EB492EBA515A00BB39F7 /* FriendsServiceProtocol.swift in Sources */ = {isa = PBXBuildFile; fileRef = 3C27EB482EBA515A00BB39F7 /* FriendsServiceProtocol.swift */; };
		3C27EB4C2EBA51B800BB39F7 /* Invitation.swift in Sources */ = {isa = PBXBuildFile; fileRef = 3C27EB4B2EBA51B800BB39F7 /* Invitation.swift */; };
		3C27EB4E2EBA527E00BB39F7 /* FirebaseFriendsService.swift in Sources */ = {isa = PBXBuildFile; fileRef = 3C27EB4D2EBA527E00BB39F7 /* FirebaseFriendsService.swift */; };
		3C27EB502EBA5A2000BB39F7 /* FriendCellView.swift in Sources */ = {isa = PBXBuildFile; fileRef = 3C27EB4F2EBA5A2000BB39F7 /* FriendCellView.swift */; };
		3C27EB522EBB632400BB39F7 /* ValueOrError.swift in Sources */ = {isa = PBXBuildFile; fileRef = 3C27EB512EBB632400BB39F7 /* ValueOrError.swift */; };
		3C27EB552EBB636100BB39F7 /* SuccessOrError.swift in Sources */ = {isa = PBXBuildFile; fileRef = 3C27EB542EBB636100BB39F7 /* SuccessOrError.swift */; };
		3C41F8BB2ECE50D40020E9EE /* ChatsView.swift in Sources */ = {isa = PBXBuildFile; fileRef = 3C41F8BA2ECE50D40020E9EE /* ChatsView.swift */; };
		3C41F8BD2ECE50E00020E9EE /* StatsView.swift in Sources */ = {isa = PBXBuildFile; fileRef = 3C41F8BC2ECE50E00020E9EE /* StatsView.swift */; };
		3C41F8BF2ECE50F20020E9EE /* SettingsView.swift in Sources */ = {isa = PBXBuildFile; fileRef = 3C41F8BE2ECE50F20020E9EE /* SettingsView.swift */; };
		3C41F8C12ECE55CC0020E9EE /* MockListenerToken.swift in Sources */ = {isa = PBXBuildFile; fileRef = 3C41F8C02ECE55CC0020E9EE /* MockListenerToken.swift */; };
		3C41F8C32ECE55D40020E9EE /* MockFriendsService.swift in Sources */ = {isa = PBXBuildFile; fileRef = 3C41F8C22ECE55D40020E9EE /* MockFriendsService.swift */; };
		3C41F8C52ECF6BAF0020E9EE /* SettingsViewModel.swift in Sources */ = {isa = PBXBuildFile; fileRef = 3C41F8C42ECF6BAB0020E9EE /* SettingsViewModel.swift */; };
		3C42E6E52EB27DF000D0D58C /* ViewExtension.swift in Sources */ = {isa = PBXBuildFile; fileRef = 3C42E6E42EB27DF000D0D58C /* ViewExtension.swift */; };
		3C42E6E72EB27E0B00D0D58C /* FontExtension.swift in Sources */ = {isa = PBXBuildFile; fileRef = 3C42E6E62EB27E0B00D0D58C /* FontExtension.swift */; };
		3C42E6E92EB28AB300D0D58C /* CustomTextField.swift in Sources */ = {isa = PBXBuildFile; fileRef = 3C42E6E82EB28AB300D0D58C /* CustomTextField.swift */; };
		3C42E6EC2EB28C4E00D0D58C /* TextField.swift in Sources */ = {isa = PBXBuildFile; fileRef = 3C42E6EB2EB28C4E00D0D58C /* TextField.swift */; };
		3C42E6EF2EB2956100D0D58C /* CustomButtonStyles.swift in Sources */ = {isa = PBXBuildFile; fileRef = 3C42E6EE2EB2956100D0D58C /* CustomButtonStyles.swift */; };
		3C42E6FA2EB3562400D0D58C /* HomeView.swift in Sources */ = {isa = PBXBuildFile; fileRef = 3C42E6F92EB3562400D0D58C /* HomeView.swift */; };
		3C42E7032EB3674F00D0D58C /* Habit.swift in Sources */ = {isa = PBXBuildFile; fileRef = 3C42E7022EB3674F00D0D58C /* Habit.swift */; };
		3C42E7052EB3677200D0D58C /* HabitCell.swift in Sources */ = {isa = PBXBuildFile; fileRef = 3C42E7042EB3677200D0D58C /* HabitCell.swift */; };
		3C42E7072EB3678200D0D58C /* DayCell.swift in Sources */ = {isa = PBXBuildFile; fileRef = 3C42E7062EB3678200D0D58C /* DayCell.swift */; };
		3C42E7092EB367AB00D0D58C /* HomeViewCalendar.swift in Sources */ = {isa = PBXBuildFile; fileRef = 3C42E7082EB367AB00D0D58C /* HomeViewCalendar.swift */; };
		3C42E70B2EB367E100D0D58C /* HomeViewHeader.swift in Sources */ = {isa = PBXBuildFile; fileRef = 3C42E70A2EB367E000D0D58C /* HomeViewHeader.swift */; };
		3C42E70D2EB3680A00D0D58C /* HomeViewContent.swift in Sources */ = {isa = PBXBuildFile; fileRef = 3C42E70C2EB3680A00D0D58C /* HomeViewContent.swift */; };
		3C42E7112EB36CEB00D0D58C /* CreateHabitView.swift in Sources */ = {isa = PBXBuildFile; fileRef = 3C42E7102EB36CEB00D0D58C /* CreateHabitView.swift */; };
		3C42E7182EB38C2F00D0D58C /* HabitView.swift in Sources */ = {isa = PBXBuildFile; fileRef = 3C42E7172EB38C2F00D0D58C /* HabitView.swift */; };
		3C42E71A2EB39EE400D0D58C /* Constants.swift in Sources */ = {isa = PBXBuildFile; fileRef = 3C42E7192EB39EE400D0D58C /* Constants.swift */; };
		3C4D400F2EB229BC00DD51A5 /* AppCoordinatorView.swift in Sources */ = {isa = PBXBuildFile; fileRef = 3C4D400E2EB229BC00DD51A5 /* AppCoordinatorView.swift */; };
		3C4D40112EB229BD00DD51A5 /* Assets.xcassets in Resources */ = {isa = PBXBuildFile; fileRef = 3C4D40102EB229BD00DD51A5 /* Assets.xcassets */; };
		3C4D40142EB229BD00DD51A5 /* Preview Assets.xcassets in Resources */ = {isa = PBXBuildFile; fileRef = 3C4D40132EB229BD00DD51A5 /* Preview Assets.xcassets */; };
		3C4D401E2EB229BD00DD51A5 /* StickTogetherIOSTests.swift in Sources */ = {isa = PBXBuildFile; fileRef = 3C4D401D2EB229BD00DD51A5 /* StickTogetherIOSTests.swift */; };
		3C4D40282EB229BD00DD51A5 /* StickTogetherIOSUITests.swift in Sources */ = {isa = PBXBuildFile; fileRef = 3C4D40272EB229BD00DD51A5 /* StickTogetherIOSUITests.swift */; };
		3C4D402A2EB229BD00DD51A5 /* StickTogetherIOSUITestsLaunchTests.swift in Sources */ = {isa = PBXBuildFile; fileRef = 3C4D40292EB229BD00DD51A5 /* StickTogetherIOSUITestsLaunchTests.swift */; };
		3C584DA12EC89D99006D2E59 /* HabitState.swift in Sources */ = {isa = PBXBuildFile; fileRef = 3C584DA02EC89D99006D2E59 /* HabitState.swift */; };
		3C5C13822EC342B200693ED0 /* NotificationManager.swift in Sources */ = {isa = PBXBuildFile; fileRef = 3C5C13812EC342B200693ED0 /* NotificationManager.swift */; };
		3C5C13852EC3698E00693ED0 /* CalendarManager.swift in Sources */ = {isa = PBXBuildFile; fileRef = 3C5C13842EC3698E00693ED0 /* CalendarManager.swift */; };
		3C5C138A2EC3755B00693ED0 /* CreateHabitViewAddToCalendar.swift in Sources */ = {isa = PBXBuildFile; fileRef = 3C5C13892EC3755B00693ED0 /* CreateHabitViewAddToCalendar.swift */; };
		3C5C138E2EC3ABE400693ED0 /* IconPicker.swift in Sources */ = {isa = PBXBuildFile; fileRef = 3C5C138D2EC3ABE400693ED0 /* IconPicker.swift */; };
		3C5C13B22EC3D72600693ED0 /* GoogleSignIn in Frameworks */ = {isa = PBXBuildFile; productRef = 3C5C13B12EC3D72600693ED0 /* GoogleSignIn */; };
		3C5C13B42EC3D72600693ED0 /* GoogleSignInSwift in Frameworks */ = {isa = PBXBuildFile; productRef = 3C5C13B32EC3D72600693ED0 /* GoogleSignInSwift */; };
		3C5C13B82EC3DF6A00693ED0 /* GoogleService-Info.plist in Resources */ = {isa = PBXBuildFile; fileRef = 3C5C13B72EC3DF6A00693ED0 /* GoogleService-Info.plist */; };
		3C6159122EB79EEF00F9B65A /* ConfirmView.swift in Sources */ = {isa = PBXBuildFile; fileRef = 3C6159102EB79EEF00F9B65A /* ConfirmView.swift */; };
		3C6159132EB79EEF00F9B65A /* ConfirmationViewModifier.swift in Sources */ = {isa = PBXBuildFile; fileRef = 3C61590F2EB79EEF00F9B65A /* ConfirmationViewModifier.swift */; };
		3C6159142EB79EEF00F9B65A /* ConfirmationService.swift in Sources */ = {isa = PBXBuildFile; fileRef = 3C61590E2EB79EEF00F9B65A /* ConfirmationService.swift */; };
		3C63FA492EFAF3B800369E1F /* HabitCellTemplate.swift in Sources */ = {isa = PBXBuildFile; fileRef = 3C63FA482EFAF3B800369E1F /* HabitCellTemplate.swift */; };
		3C63FA4B2EFAF3C400369E1F /* HabitCellBuddyInfo.swift in Sources */ = {isa = PBXBuildFile; fileRef = 3C63FA4A2EFAF3C400369E1F /* HabitCellBuddyInfo.swift */; };
		3C63FA4F2EFB08CE00369E1F /* PushManager.swift in Sources */ = {isa = PBXBuildFile; fileRef = 3C63FA4E2EFB08CE00369E1F /* PushManager.swift */; };
		3C63FA512EFB251200369E1F /* AppDelegateAdaptor.swift in Sources */ = {isa = PBXBuildFile; fileRef = 3C63FA502EFB251200369E1F /* AppDelegateAdaptor.swift */; };
		3C6687E62EB4D61D00DE45E8 /* LoadingManager.swift in Sources */ = {isa = PBXBuildFile; fileRef = 3C6687E52EB4D61D00DE45E8 /* LoadingManager.swift */; };
		3C6687E82EB4D6F000DE45E8 /* LoadingOverlay.swift in Sources */ = {isa = PBXBuildFile; fileRef = 3C6687E72EB4D6F000DE45E8 /* LoadingOverlay.swift */; };
		3C6687EA2EB4DAA900DE45E8 /* UIApplicationExtension.swift in Sources */ = {isa = PBXBuildFile; fileRef = 3C6687E92EB4DAA900DE45E8 /* UIApplicationExtension.swift */; };
		3C6687F22EB4EA6900DE45E8 /* ToastDelegator.swift in Sources */ = {isa = PBXBuildFile; fileRef = 3C6687EB2EB4EA6900DE45E8 /* ToastDelegator.swift */; };
		3C6687F32EB4EA6900DE45E8 /* ToastMessageService.swift in Sources */ = {isa = PBXBuildFile; fileRef = 3C6687ED2EB4EA6900DE45E8 /* ToastMessageService.swift */; };
		3C6687F42EB4EA6900DE45E8 /* ToastMessage.swift in Sources */ = {isa = PBXBuildFile; fileRef = 3C6687EC2EB4EA6900DE45E8 /* ToastMessage.swift */; };
		3C6687F52EB4EA6900DE45E8 /* ToastMessageView.swift in Sources */ = {isa = PBXBuildFile; fileRef = 3C6687EF2EB4EA6900DE45E8 /* ToastMessageView.swift */; };
		3C6687F62EB4EA6900DE45E8 /* ToastMessageViewModifier.swift in Sources */ = {isa = PBXBuildFile; fileRef = 3C6687F02EB4EA6900DE45E8 /* ToastMessageViewModifier.swift */; };
		3C6687F72EB4EA6900DE45E8 /* ToastMessageTimerModel.swift in Sources */ = {isa = PBXBuildFile; fileRef = 3C6687EE2EB4EA6900DE45E8 /* ToastMessageTimerModel.swift */; };
		3C6687F92EB4EA8A00DE45E8 /* EnvironmentKeys.swift in Sources */ = {isa = PBXBuildFile; fileRef = 3C6687F82EB4EA8A00DE45E8 /* EnvironmentKeys.swift */; };
		3C6687FC2EB4F5A600DE45E8 /* ValidationResult.swift in Sources */ = {isa = PBXBuildFile; fileRef = 3C6687FB2EB4F5A600DE45E8 /* ValidationResult.swift */; };
		3C6687FE2EB4F5AE00DE45E8 /* DefaultAuthValidator.swift in Sources */ = {isa = PBXBuildFile; fileRef = 3C6687FD2EB4F5AE00DE45E8 /* DefaultAuthValidator.swift */; };
		3C6688022EB4F5D800DE45E8 /* AuthForm.swift in Sources */ = {isa = PBXBuildFile; fileRef = 3C6688012EB4F5D800DE45E8 /* AuthForm.swift */; };
		3C6688222EB6807300DE45E8 /* FirebaseHabitService.swift in Sources */ = {isa = PBXBuildFile; fileRef = 3C6688212EB6807300DE45E8 /* FirebaseHabitService.swift */; };
		3C6688252EB6816400DE45E8 /* HabitServiceProtocol.swift in Sources */ = {isa = PBXBuildFile; fileRef = 3C6688242EB6816400DE45E8 /* HabitServiceProtocol.swift */; };
		3C6688272EB6822100DE45E8 /* HabitViewModel.swift in Sources */ = {isa = PBXBuildFile; fileRef = 3C6688262EB6821C00DE45E8 /* HabitViewModel.swift */; };
		3C6688322EB7499F00DE45E8 /* ElegantEmojiPicker in Frameworks */ = {isa = PBXBuildFile; productRef = 3C6688312EB7499F00DE45E8 /* ElegantEmojiPicker */; };
		3C70E0932EB3A49E00C325D9 /* CustomCellViewModifier.swift in Sources */ = {isa = PBXBuildFile; fileRef = 3C70E0922EB3A49E00C325D9 /* CustomCellViewModifier.swift */; };
		3C70E0962EB3DE4E00C325D9 /* CalendarView.swift in Sources */ = {isa = PBXBuildFile; fileRef = 3C70E0952EB3DE4E00C325D9 /* CalendarView.swift */; };
		3C70E09A2EB3DE7B00C325D9 /* DateExtension.swift in Sources */ = {isa = PBXBuildFile; fileRef = 3C70E0992EB3DE7B00C325D9 /* DateExtension.swift */; };
		3C70E09C2EB3E1DA00C325D9 /* Frequency.swift in Sources */ = {isa = PBXBuildFile; fileRef = 3C70E09B2EB3E1DA00C325D9 /* Frequency.swift */; };
		3C70E09E2EB3E1F600C325D9 /* CompletionState.swift in Sources */ = {isa = PBXBuildFile; fileRef = 3C70E09D2EB3E1F600C325D9 /* CompletionState.swift */; };
		3C70E0A02EB3E20800C325D9 /* AuthError.swift in Sources */ = {isa = PBXBuildFile; fileRef = 3C70E09F2EB3E20800C325D9 /* AuthError.swift */; };
		3C70E0A22EB3E22600C325D9 /* ButtonStyles.swift in Sources */ = {isa = PBXBuildFile; fileRef = 3C70E0A12EB3E22600C325D9 /* ButtonStyles.swift */; };
		3C70E0A42EB3E2AE00C325D9 /* CustomView.swift in Sources */ = {isa = PBXBuildFile; fileRef = 3C70E0A32EB3E2AE00C325D9 /* CustomView.swift */; };
		3C70E0A62EB3E2C200C325D9 /* HabitViewCell.swift in Sources */ = {isa = PBXBuildFile; fileRef = 3C70E0A52EB3E2C200C325D9 /* HabitViewCell.swift */; };
		3C70E0A82EB3E34800C325D9 /* CreateHabitViewTitleTextField.swift in Sources */ = {isa = PBXBuildFile; fileRef = 3C70E0A72EB3E34800C325D9 /* CreateHabitViewTitleTextField.swift */; };
		3C70E0AA2EB3E3B000C325D9 /* CreateHabitViewFrequencySelection.swift in Sources */ = {isa = PBXBuildFile; fileRef = 3C70E0A92EB3E3B000C325D9 /* CreateHabitViewFrequencySelection.swift */; };
		3C70E0AC2EB3E3F600C325D9 /* CreateHabitViewReminderView.swift in Sources */ = {isa = PBXBuildFile; fileRef = 3C70E0AB2EB3E3F600C325D9 /* CreateHabitViewReminderView.swift */; };
		3C70E0AE2EB3E43300C325D9 /* CreateHabitViewInviteFriend.swift in Sources */ = {isa = PBXBuildFile; fileRef = 3C70E0AD2EB3E43300C325D9 /* CreateHabitViewInviteFriend.swift */; };
		3C70E0B42EB3FE3D00C325D9 /* FirebaseAnalytics in Frameworks */ = {isa = PBXBuildFile; productRef = 3C70E0B32EB3FE3D00C325D9 /* FirebaseAnalytics */; };
		3C70E0B62EB3FE3D00C325D9 /* FirebaseAuth in Frameworks */ = {isa = PBXBuildFile; productRef = 3C70E0B52EB3FE3D00C325D9 /* FirebaseAuth */; };
		3C70E0B82EB3FE3D00C325D9 /* FirebaseFirestore in Frameworks */ = {isa = PBXBuildFile; productRef = 3C70E0B72EB3FE3D00C325D9 /* FirebaseFirestore */; };
		3C70E0BA2EB3FE3D00C325D9 /* FirebaseMessaging in Frameworks */ = {isa = PBXBuildFile; productRef = 3C70E0B92EB3FE3D00C325D9 /* FirebaseMessaging */; };
		3C70E0BC2EB3FFC200C325D9 /* FirebaseAuthService.swift in Sources */ = {isa = PBXBuildFile; fileRef = 3C70E0BB2EB3FFC200C325D9 /* FirebaseAuthService.swift */; };
		3C70E0C12EB4027600C325D9 /* UserMapper.swift in Sources */ = {isa = PBXBuildFile; fileRef = 3C70E0C02EB4027600C325D9 /* UserMapper.swift */; };
		3CA910982EE0BD110031100F /* NotificationView.swift in Sources */ = {isa = PBXBuildFile; fileRef = 3CA910972EE0BD110031100F /* NotificationView.swift */; };
		3CB5041F2EB231DB004AF0A9 /* DIContainer.swift in Sources */ = {isa = PBXBuildFile; fileRef = 3CB5041E2EB231DB004AF0A9 /* DIContainer.swift */; };
		3CB504212EB231F4004AF0A9 /* AppEntry.swift in Sources */ = {isa = PBXBuildFile; fileRef = 3CB504202EB231F4004AF0A9 /* AppEntry.swift */; };
		3CB504252EB23283004AF0A9 /* AuthServiceProtocol.swift in Sources */ = {isa = PBXBuildFile; fileRef = 3CB504242EB23283004AF0A9 /* AuthServiceProtocol.swift */; };
		3CB504272EB2328F004AF0A9 /* MockAuthService.swift in Sources */ = {isa = PBXBuildFile; fileRef = 3CB504262EB2328F004AF0A9 /* MockAuthService.swift */; };
		3CB5042B2EB232F6004AF0A9 /* User.swift in Sources */ = {isa = PBXBuildFile; fileRef = 3CB5042A2EB232F6004AF0A9 /* User.swift */; };
		3CB5043A2EB24ACC004AF0A9 /* CustomFont.swift in Sources */ = {isa = PBXBuildFile; fileRef = 3CB504392EB24ACC004AF0A9 /* CustomFont.swift */; };
		3CB5043D2EB25034004AF0A9 /* ColorExtension.swift in Sources */ = {isa = PBXBuildFile; fileRef = 3CB5043C2EB25034004AF0A9 /* ColorExtension.swift */; };
		3CD0D4162EF858680092BDE2 /* AloneHabitCell.swift in Sources */ = {isa = PBXBuildFile; fileRef = 3CD0D4152EF858680092BDE2 /* AloneHabitCell.swift */; };
		3CD0D4182EF858780092BDE2 /* PreviewHabitCell.swift in Sources */ = {isa = PBXBuildFile; fileRef = 3CD0D4172EF858780092BDE2 /* PreviewHabitCell.swift */; };
		3CD0D41A2EF858800092BDE2 /* CoopHabitCell.swift in Sources */ = {isa = PBXBuildFile; fileRef = 3CD0D4192EF858800092BDE2 /* CoopHabitCell.swift */; };
		3CD2DA692ED1A8A7003C3552 /* FirebaseProfileService.swift in Sources */ = {isa = PBXBuildFile; fileRef = 3CD2DA682ED1A8A7003C3552 /* FirebaseProfileService.swift */; };
		3CD2DA6B2ED1A8B6003C3552 /* ProfileServiceProtocol.swift in Sources */ = {isa = PBXBuildFile; fileRef = 3CD2DA6A2ED1A8AE003C3552 /* ProfileServiceProtocol.swift */; };
		3CD2DA6D2ED1A8C2003C3552 /* MockProfileService.swift in Sources */ = {isa = PBXBuildFile; fileRef = 3CD2DA6C2ED1A8BA003C3552 /* MockProfileService.swift */; };
		3CD2DA6F2ED1B09A003C3552 /* ProfileViewModel.swift in Sources */ = {isa = PBXBuildFile; fileRef = 3CD2DA6E2ED1B097003C3552 /* ProfileViewModel.swift */; };
		3CD4AA342F155763001F763E /* FriendsViewModelTests.swift in Sources */ = {isa = PBXBuildFile; fileRef = 3CD4AA332F155763001F763E /* FriendsViewModelTests.swift */; };
		3CD4AA362F1BA303001F763E /* HabitViewModelTests.swift in Sources */ = {isa = PBXBuildFile; fileRef = 3CD4AA352F1BA303001F763E /* HabitViewModelTests.swift */; };
		3CFF85352EE2090400171172 /* AppNotificationsViewModel.swift in Sources */ = {isa = PBXBuildFile; fileRef = 3CFF85342EE2090400171172 /* AppNotificationsViewModel.swift */; };
		3CFF85382EE2097B00171172 /* AppNotificationsServiceProtocol.swift in Sources */ = {isa = PBXBuildFile; fileRef = 3CFF85372EE2097B00171172 /* AppNotificationsServiceProtocol.swift */; };
		3CFF853A2EE20F2800171172 /* FirebaseAppNotificationService.swift in Sources */ = {isa = PBXBuildFile; fileRef = 3CFF85392EE20F2800171172 /* FirebaseAppNotificationService.swift */; };
		3CFF853C2EE2150A00171172 /* AppNotification.swift in Sources */ = {isa = PBXBuildFile; fileRef = 3CFF853B2EE2150A00171172 /* AppNotification.swift */; };
		3CFF853E2EE2153E00171172 /* AppNotificationType.swift in Sources */ = {isa = PBXBuildFile; fileRef = 3CFF853D2EE2153E00171172 /* AppNotificationType.swift */; };
		3CFF85452EE3422900171172 /* HabitViewContainer.swift in Sources */ = {isa = PBXBuildFile; fileRef = 3CFF85442EE3422900171172 /* HabitViewContainer.swift */; };
		3CFF85472EE3605C00171172 /* CustomBadgeView.swift in Sources */ = {isa = PBXBuildFile; fileRef = 3CFF85462EE3605C00171172 /* CustomBadgeView.swift */; };
/* End PBXBuildFile section */

/* Begin PBXContainerItemProxy section */
		3C4D401A2EB229BD00DD51A5 /* PBXContainerItemProxy */ = {
			isa = PBXContainerItemProxy;
			containerPortal = 3C4D40012EB229BC00DD51A5 /* Project object */;
			proxyType = 1;
			remoteGlobalIDString = 3C4D40082EB229BC00DD51A5;
			remoteInfo = StickTogetherIOS;
		};
		3C4D40242EB229BD00DD51A5 /* PBXContainerItemProxy */ = {
			isa = PBXContainerItemProxy;
			containerPortal = 3C4D40012EB229BC00DD51A5 /* Project object */;
			proxyType = 1;
			remoteGlobalIDString = 3C4D40082EB229BC00DD51A5;
			remoteInfo = StickTogetherIOS;
		};
/* End PBXContainerItemProxy section */

/* Begin PBXFileReference section */
		3C27EB342EB7FC1200BB39F7 /* DeepLinkService.swift */ = {isa = PBXFileReference; lastKnownFileType = sourcecode.swift; path = DeepLinkService.swift; sourceTree = "<group>"; };
		3C27EB372EB8B80700BB39F7 /* FriendsListView.swift */ = {isa = PBXFileReference; lastKnownFileType = sourcecode.swift; path = FriendsListView.swift; sourceTree = "<group>"; };
		3C27EB392EB9234100BB39F7 /* ModalService.swift */ = {isa = PBXFileReference; lastKnownFileType = sourcecode.swift; path = ModalService.swift; sourceTree = "<group>"; };
		3C27EB3A2EB9234100BB39F7 /* ModalViewModifier.swift */ = {isa = PBXFileReference; lastKnownFileType = sourcecode.swift; path = ModalViewModifier.swift; sourceTree = "<group>"; };
		3C27EB3F2EB9237E00BB39F7 /* ScreenOverlay.swift */ = {isa = PBXFileReference; lastKnownFileType = sourcecode.swift; path = ScreenOverlay.swift; sourceTree = "<group>"; };
		3C27EB412EB923A100BB39F7 /* Blur.swift */ = {isa = PBXFileReference; lastKnownFileType = sourcecode.swift; path = Blur.swift; sourceTree = "<group>"; };
		3C27EB432EBA4E1A00BB39F7 /* InviteFriendModal.swift */ = {isa = PBXFileReference; lastKnownFileType = sourcecode.swift; path = InviteFriendModal.swift; sourceTree = "<group>"; };
		3C27EB452EBA4E2E00BB39F7 /* FriendListViewModel.swift */ = {isa = PBXFileReference; lastKnownFileType = sourcecode.swift; path = FriendListViewModel.swift; sourceTree = "<group>"; };
		3C27EB482EBA515A00BB39F7 /* FriendsServiceProtocol.swift */ = {isa = PBXFileReference; lastKnownFileType = sourcecode.swift; path = FriendsServiceProtocol.swift; sourceTree = "<group>"; };
		3C27EB4B2EBA51B800BB39F7 /* Invitation.swift */ = {isa = PBXFileReference; lastKnownFileType = sourcecode.swift; path = Invitation.swift; sourceTree = "<group>"; };
		3C27EB4D2EBA527E00BB39F7 /* FirebaseFriendsService.swift */ = {isa = PBXFileReference; lastKnownFileType = sourcecode.swift; path = FirebaseFriendsService.swift; sourceTree = "<group>"; };
		3C27EB4F2EBA5A2000BB39F7 /* FriendCellView.swift */ = {isa = PBXFileReference; lastKnownFileType = sourcecode.swift; path = FriendCellView.swift; sourceTree = "<group>"; };
		3C27EB512EBB632400BB39F7 /* ValueOrError.swift */ = {isa = PBXFileReference; lastKnownFileType = sourcecode.swift; path = ValueOrError.swift; sourceTree = "<group>"; };
		3C27EB542EBB636100BB39F7 /* SuccessOrError.swift */ = {isa = PBXFileReference; lastKnownFileType = sourcecode.swift; path = SuccessOrError.swift; sourceTree = "<group>"; };
		3C41F8BA2ECE50D40020E9EE /* ChatsView.swift */ = {isa = PBXFileReference; lastKnownFileType = sourcecode.swift; path = ChatsView.swift; sourceTree = "<group>"; };
		3C41F8BC2ECE50E00020E9EE /* StatsView.swift */ = {isa = PBXFileReference; lastKnownFileType = sourcecode.swift; path = StatsView.swift; sourceTree = "<group>"; };
		3C41F8BE2ECE50F20020E9EE /* SettingsView.swift */ = {isa = PBXFileReference; lastKnownFileType = sourcecode.swift; path = SettingsView.swift; sourceTree = "<group>"; };
		3C41F8C02ECE55CC0020E9EE /* MockListenerToken.swift */ = {isa = PBXFileReference; lastKnownFileType = sourcecode.swift; path = MockListenerToken.swift; sourceTree = "<group>"; };
		3C41F8C22ECE55D40020E9EE /* MockFriendsService.swift */ = {isa = PBXFileReference; lastKnownFileType = sourcecode.swift; path = MockFriendsService.swift; sourceTree = "<group>"; };
		3C41F8C42ECF6BAB0020E9EE /* SettingsViewModel.swift */ = {isa = PBXFileReference; lastKnownFileType = sourcecode.swift; path = SettingsViewModel.swift; sourceTree = "<group>"; };
		3C42E6E42EB27DF000D0D58C /* ViewExtension.swift */ = {isa = PBXFileReference; lastKnownFileType = sourcecode.swift; path = ViewExtension.swift; sourceTree = "<group>"; };
		3C42E6E62EB27E0B00D0D58C /* FontExtension.swift */ = {isa = PBXFileReference; lastKnownFileType = sourcecode.swift; path = FontExtension.swift; sourceTree = "<group>"; };
		3C42E6E82EB28AB300D0D58C /* CustomTextField.swift */ = {isa = PBXFileReference; lastKnownFileType = sourcecode.swift; path = CustomTextField.swift; sourceTree = "<group>"; };
		3C42E6EB2EB28C4E00D0D58C /* TextField.swift */ = {isa = PBXFileReference; lastKnownFileType = sourcecode.swift; path = TextField.swift; sourceTree = "<group>"; };
		3C42E6EE2EB2956100D0D58C /* CustomButtonStyles.swift */ = {isa = PBXFileReference; lastKnownFileType = sourcecode.swift; path = CustomButtonStyles.swift; sourceTree = "<group>"; };
		3C42E6F92EB3562400D0D58C /* HomeView.swift */ = {isa = PBXFileReference; lastKnownFileType = sourcecode.swift; path = HomeView.swift; sourceTree = "<group>"; };
		3C42E7022EB3674F00D0D58C /* Habit.swift */ = {isa = PBXFileReference; lastKnownFileType = sourcecode.swift; path = Habit.swift; sourceTree = "<group>"; };
		3C42E7042EB3677200D0D58C /* HabitCell.swift */ = {isa = PBXFileReference; lastKnownFileType = sourcecode.swift; path = HabitCell.swift; sourceTree = "<group>"; };
		3C42E7062EB3678200D0D58C /* DayCell.swift */ = {isa = PBXFileReference; lastKnownFileType = sourcecode.swift; path = DayCell.swift; sourceTree = "<group>"; };
		3C42E7082EB367AB00D0D58C /* HomeViewCalendar.swift */ = {isa = PBXFileReference; lastKnownFileType = sourcecode.swift; path = HomeViewCalendar.swift; sourceTree = "<group>"; };
		3C42E70A2EB367E000D0D58C /* HomeViewHeader.swift */ = {isa = PBXFileReference; lastKnownFileType = sourcecode.swift; path = HomeViewHeader.swift; sourceTree = "<group>"; };
		3C42E70C2EB3680A00D0D58C /* HomeViewContent.swift */ = {isa = PBXFileReference; lastKnownFileType = sourcecode.swift; path = HomeViewContent.swift; sourceTree = "<group>"; };
		3C42E7102EB36CEB00D0D58C /* CreateHabitView.swift */ = {isa = PBXFileReference; lastKnownFileType = sourcecode.swift; path = CreateHabitView.swift; sourceTree = "<group>"; };
		3C42E7172EB38C2F00D0D58C /* HabitView.swift */ = {isa = PBXFileReference; lastKnownFileType = sourcecode.swift; path = HabitView.swift; sourceTree = "<group>"; };
		3C42E7192EB39EE400D0D58C /* Constants.swift */ = {isa = PBXFileReference; lastKnownFileType = sourcecode.swift; path = Constants.swift; sourceTree = "<group>"; };
		3C4D40092EB229BC00DD51A5 /* StickTogetherIOS.app */ = {isa = PBXFileReference; explicitFileType = wrapper.application; includeInIndex = 0; path = StickTogetherIOS.app; sourceTree = BUILT_PRODUCTS_DIR; };
		3C4D400E2EB229BC00DD51A5 /* AppCoordinatorView.swift */ = {isa = PBXFileReference; lastKnownFileType = sourcecode.swift; path = AppCoordinatorView.swift; sourceTree = "<group>"; };
		3C4D40102EB229BD00DD51A5 /* Assets.xcassets */ = {isa = PBXFileReference; lastKnownFileType = folder.assetcatalog; path = Assets.xcassets; sourceTree = "<group>"; };
		3C4D40132EB229BD00DD51A5 /* Preview Assets.xcassets */ = {isa = PBXFileReference; lastKnownFileType = folder.assetcatalog; path = "Preview Assets.xcassets"; sourceTree = "<group>"; };
		3C4D40192EB229BD00DD51A5 /* StickTogetherIOSTests.xctest */ = {isa = PBXFileReference; explicitFileType = wrapper.cfbundle; includeInIndex = 0; path = StickTogetherIOSTests.xctest; sourceTree = BUILT_PRODUCTS_DIR; };
		3C4D401D2EB229BD00DD51A5 /* StickTogetherIOSTests.swift */ = {isa = PBXFileReference; lastKnownFileType = sourcecode.swift; path = StickTogetherIOSTests.swift; sourceTree = "<group>"; };
		3C4D40232EB229BD00DD51A5 /* StickTogetherIOSUITests.xctest */ = {isa = PBXFileReference; explicitFileType = wrapper.cfbundle; includeInIndex = 0; path = StickTogetherIOSUITests.xctest; sourceTree = BUILT_PRODUCTS_DIR; };
		3C4D40272EB229BD00DD51A5 /* StickTogetherIOSUITests.swift */ = {isa = PBXFileReference; lastKnownFileType = sourcecode.swift; path = StickTogetherIOSUITests.swift; sourceTree = "<group>"; };
		3C4D40292EB229BD00DD51A5 /* StickTogetherIOSUITestsLaunchTests.swift */ = {isa = PBXFileReference; lastKnownFileType = sourcecode.swift; path = StickTogetherIOSUITestsLaunchTests.swift; sourceTree = "<group>"; };
		3C584DA02EC89D99006D2E59 /* HabitState.swift */ = {isa = PBXFileReference; lastKnownFileType = sourcecode.swift; path = HabitState.swift; sourceTree = "<group>"; };
		3C5C13812EC342B200693ED0 /* NotificationManager.swift */ = {isa = PBXFileReference; lastKnownFileType = sourcecode.swift; path = NotificationManager.swift; sourceTree = "<group>"; };
		3C5C13842EC3698E00693ED0 /* CalendarManager.swift */ = {isa = PBXFileReference; lastKnownFileType = sourcecode.swift; path = CalendarManager.swift; sourceTree = "<group>"; };
		3C5C13892EC3755B00693ED0 /* CreateHabitViewAddToCalendar.swift */ = {isa = PBXFileReference; lastKnownFileType = sourcecode.swift; path = CreateHabitViewAddToCalendar.swift; sourceTree = "<group>"; };
		3C5C138D2EC3ABE400693ED0 /* IconPicker.swift */ = {isa = PBXFileReference; lastKnownFileType = sourcecode.swift; path = IconPicker.swift; sourceTree = "<group>"; };
		3C5C13AC2EC3C88F00693ED0 /* StickTogetherIOS.entitlements */ = {isa = PBXFileReference; lastKnownFileType = text.plist.entitlements; path = StickTogetherIOS.entitlements; sourceTree = "<group>"; };
		3C5C13B72EC3DF6A00693ED0 /* GoogleService-Info.plist */ = {isa = PBXFileReference; lastKnownFileType = text.plist.xml; path = "GoogleService-Info.plist"; sourceTree = "<group>"; };
		3C61590E2EB79EEF00F9B65A /* ConfirmationService.swift */ = {isa = PBXFileReference; lastKnownFileType = sourcecode.swift; path = ConfirmationService.swift; sourceTree = "<group>"; };
		3C61590F2EB79EEF00F9B65A /* ConfirmationViewModifier.swift */ = {isa = PBXFileReference; lastKnownFileType = sourcecode.swift; path = ConfirmationViewModifier.swift; sourceTree = "<group>"; };
		3C6159102EB79EEF00F9B65A /* ConfirmView.swift */ = {isa = PBXFileReference; lastKnownFileType = sourcecode.swift; path = ConfirmView.swift; sourceTree = "<group>"; };
		3C63FA482EFAF3B800369E1F /* HabitCellTemplate.swift */ = {isa = PBXFileReference; lastKnownFileType = sourcecode.swift; path = HabitCellTemplate.swift; sourceTree = "<group>"; };
		3C63FA4A2EFAF3C400369E1F /* HabitCellBuddyInfo.swift */ = {isa = PBXFileReference; lastKnownFileType = sourcecode.swift; path = HabitCellBuddyInfo.swift; sourceTree = "<group>"; };
		3C63FA4E2EFB08CE00369E1F /* PushManager.swift */ = {isa = PBXFileReference; lastKnownFileType = sourcecode.swift; path = PushManager.swift; sourceTree = "<group>"; };
		3C63FA502EFB251200369E1F /* AppDelegateAdaptor.swift */ = {isa = PBXFileReference; lastKnownFileType = sourcecode.swift; path = AppDelegateAdaptor.swift; sourceTree = "<group>"; };
		3C6687E52EB4D61D00DE45E8 /* LoadingManager.swift */ = {isa = PBXFileReference; lastKnownFileType = sourcecode.swift; path = LoadingManager.swift; sourceTree = "<group>"; };
		3C6687E72EB4D6F000DE45E8 /* LoadingOverlay.swift */ = {isa = PBXFileReference; lastKnownFileType = sourcecode.swift; path = LoadingOverlay.swift; sourceTree = "<group>"; };
		3C6687E92EB4DAA900DE45E8 /* UIApplicationExtension.swift */ = {isa = PBXFileReference; lastKnownFileType = sourcecode.swift; path = UIApplicationExtension.swift; sourceTree = "<group>"; };
		3C6687EB2EB4EA6900DE45E8 /* ToastDelegator.swift */ = {isa = PBXFileReference; lastKnownFileType = sourcecode.swift; path = ToastDelegator.swift; sourceTree = "<group>"; };
		3C6687EC2EB4EA6900DE45E8 /* ToastMessage.swift */ = {isa = PBXFileReference; lastKnownFileType = sourcecode.swift; path = ToastMessage.swift; sourceTree = "<group>"; };
		3C6687ED2EB4EA6900DE45E8 /* ToastMessageService.swift */ = {isa = PBXFileReference; lastKnownFileType = sourcecode.swift; path = ToastMessageService.swift; sourceTree = "<group>"; };
		3C6687EE2EB4EA6900DE45E8 /* ToastMessageTimerModel.swift */ = {isa = PBXFileReference; lastKnownFileType = sourcecode.swift; path = ToastMessageTimerModel.swift; sourceTree = "<group>"; };
		3C6687EF2EB4EA6900DE45E8 /* ToastMessageView.swift */ = {isa = PBXFileReference; lastKnownFileType = sourcecode.swift; path = ToastMessageView.swift; sourceTree = "<group>"; };
		3C6687F02EB4EA6900DE45E8 /* ToastMessageViewModifier.swift */ = {isa = PBXFileReference; lastKnownFileType = sourcecode.swift; path = ToastMessageViewModifier.swift; sourceTree = "<group>"; };
		3C6687F82EB4EA8A00DE45E8 /* EnvironmentKeys.swift */ = {isa = PBXFileReference; lastKnownFileType = sourcecode.swift; path = EnvironmentKeys.swift; sourceTree = "<group>"; };
		3C6687FB2EB4F5A600DE45E8 /* ValidationResult.swift */ = {isa = PBXFileReference; lastKnownFileType = sourcecode.swift; path = ValidationResult.swift; sourceTree = "<group>"; };
		3C6687FD2EB4F5AE00DE45E8 /* DefaultAuthValidator.swift */ = {isa = PBXFileReference; lastKnownFileType = sourcecode.swift; path = DefaultAuthValidator.swift; sourceTree = "<group>"; };
		3C6688012EB4F5D800DE45E8 /* AuthForm.swift */ = {isa = PBXFileReference; lastKnownFileType = sourcecode.swift; path = AuthForm.swift; sourceTree = "<group>"; };
		3C6688212EB6807300DE45E8 /* FirebaseHabitService.swift */ = {isa = PBXFileReference; lastKnownFileType = sourcecode.swift; path = FirebaseHabitService.swift; sourceTree = "<group>"; };
		3C6688242EB6816400DE45E8 /* HabitServiceProtocol.swift */ = {isa = PBXFileReference; lastKnownFileType = sourcecode.swift; path = HabitServiceProtocol.swift; sourceTree = "<group>"; };
		3C6688262EB6821C00DE45E8 /* HabitViewModel.swift */ = {isa = PBXFileReference; lastKnownFileType = sourcecode.swift; path = HabitViewModel.swift; sourceTree = "<group>"; };
		3C70E0922EB3A49E00C325D9 /* CustomCellViewModifier.swift */ = {isa = PBXFileReference; lastKnownFileType = sourcecode.swift; path = CustomCellViewModifier.swift; sourceTree = "<group>"; };
		3C70E0952EB3DE4E00C325D9 /* CalendarView.swift */ = {isa = PBXFileReference; lastKnownFileType = sourcecode.swift; path = CalendarView.swift; sourceTree = "<group>"; };
		3C70E0992EB3DE7B00C325D9 /* DateExtension.swift */ = {isa = PBXFileReference; lastKnownFileType = sourcecode.swift; path = DateExtension.swift; sourceTree = "<group>"; };
		3C70E09B2EB3E1DA00C325D9 /* Frequency.swift */ = {isa = PBXFileReference; lastKnownFileType = sourcecode.swift; path = Frequency.swift; sourceTree = "<group>"; };
		3C70E09D2EB3E1F600C325D9 /* CompletionState.swift */ = {isa = PBXFileReference; lastKnownFileType = sourcecode.swift; path = CompletionState.swift; sourceTree = "<group>"; };
		3C70E09F2EB3E20800C325D9 /* AuthError.swift */ = {isa = PBXFileReference; lastKnownFileType = sourcecode.swift; path = AuthError.swift; sourceTree = "<group>"; };
		3C70E0A12EB3E22600C325D9 /* ButtonStyles.swift */ = {isa = PBXFileReference; lastKnownFileType = sourcecode.swift; path = ButtonStyles.swift; sourceTree = "<group>"; };
		3C70E0A32EB3E2AE00C325D9 /* CustomView.swift */ = {isa = PBXFileReference; lastKnownFileType = sourcecode.swift; path = CustomView.swift; sourceTree = "<group>"; };
		3C70E0A52EB3E2C200C325D9 /* HabitViewCell.swift */ = {isa = PBXFileReference; lastKnownFileType = sourcecode.swift; path = HabitViewCell.swift; sourceTree = "<group>"; };
		3C70E0A72EB3E34800C325D9 /* CreateHabitViewTitleTextField.swift */ = {isa = PBXFileReference; lastKnownFileType = sourcecode.swift; path = CreateHabitViewTitleTextField.swift; sourceTree = "<group>"; };
		3C70E0A92EB3E3B000C325D9 /* CreateHabitViewFrequencySelection.swift */ = {isa = PBXFileReference; lastKnownFileType = sourcecode.swift; path = CreateHabitViewFrequencySelection.swift; sourceTree = "<group>"; };
		3C70E0AB2EB3E3F600C325D9 /* CreateHabitViewReminderView.swift */ = {isa = PBXFileReference; lastKnownFileType = sourcecode.swift; path = CreateHabitViewReminderView.swift; sourceTree = "<group>"; };
		3C70E0AD2EB3E43300C325D9 /* CreateHabitViewInviteFriend.swift */ = {isa = PBXFileReference; lastKnownFileType = sourcecode.swift; path = CreateHabitViewInviteFriend.swift; sourceTree = "<group>"; };
		3C70E0BB2EB3FFC200C325D9 /* FirebaseAuthService.swift */ = {isa = PBXFileReference; lastKnownFileType = sourcecode.swift; path = FirebaseAuthService.swift; sourceTree = "<group>"; };
		3C70E0C02EB4027600C325D9 /* UserMapper.swift */ = {isa = PBXFileReference; lastKnownFileType = sourcecode.swift; path = UserMapper.swift; sourceTree = "<group>"; };
		3CA910972EE0BD110031100F /* NotificationView.swift */ = {isa = PBXFileReference; lastKnownFileType = sourcecode.swift; path = NotificationView.swift; sourceTree = "<group>"; };
		3CB5041E2EB231DB004AF0A9 /* DIContainer.swift */ = {isa = PBXFileReference; lastKnownFileType = sourcecode.swift; path = DIContainer.swift; sourceTree = "<group>"; };
		3CB504202EB231F4004AF0A9 /* AppEntry.swift */ = {isa = PBXFileReference; lastKnownFileType = sourcecode.swift; path = AppEntry.swift; sourceTree = "<group>"; };
		3CB504242EB23283004AF0A9 /* AuthServiceProtocol.swift */ = {isa = PBXFileReference; lastKnownFileType = sourcecode.swift; path = AuthServiceProtocol.swift; sourceTree = "<group>"; };
		3CB504262EB2328F004AF0A9 /* MockAuthService.swift */ = {isa = PBXFileReference; lastKnownFileType = sourcecode.swift; path = MockAuthService.swift; sourceTree = "<group>"; };
		3CB5042A2EB232F6004AF0A9 /* User.swift */ = {isa = PBXFileReference; lastKnownFileType = sourcecode.swift; path = User.swift; sourceTree = "<group>"; };
		3CB504312EB24A7A004AF0A9 /* HelveticaNeueUltraLight.otf */ = {isa = PBXFileReference; lastKnownFileType = file; path = HelveticaNeueUltraLight.otf; sourceTree = "<group>"; };
		3CB504322EB24A7B004AF0A9 /* HelveticaNeueHeavy.otf */ = {isa = PBXFileReference; lastKnownFileType = file; path = HelveticaNeueHeavy.otf; sourceTree = "<group>"; };
		3CB504332EB24A7B004AF0A9 /* HelveticaNeueBlack.otf */ = {isa = PBXFileReference; lastKnownFileType = file; path = HelveticaNeueBlack.otf; sourceTree = "<group>"; };
		3CB504342EB24A7B004AF0A9 /* HelveticaNeueBold.otf */ = {isa = PBXFileReference; lastKnownFileType = file; path = HelveticaNeueBold.otf; sourceTree = "<group>"; };
		3CB504352EB24A7B004AF0A9 /* HelveticaNeueLight.otf */ = {isa = PBXFileReference; lastKnownFileType = file; path = HelveticaNeueLight.otf; sourceTree = "<group>"; };
		3CB504362EB24A7B004AF0A9 /* HelveticaNeueMedium.otf */ = {isa = PBXFileReference; lastKnownFileType = file; path = HelveticaNeueMedium.otf; sourceTree = "<group>"; };
		3CB504372EB24A7B004AF0A9 /* HelveticaNeueThin.otf */ = {isa = PBXFileReference; lastKnownFileType = file; path = HelveticaNeueThin.otf; sourceTree = "<group>"; };
		3CB504392EB24ACC004AF0A9 /* CustomFont.swift */ = {isa = PBXFileReference; lastKnownFileType = sourcecode.swift; path = CustomFont.swift; sourceTree = "<group>"; };
		3CB5043B2EB24E7C004AF0A9 /* Info.plist */ = {isa = PBXFileReference; lastKnownFileType = text.plist; path = Info.plist; sourceTree = "<group>"; };
		3CB5043C2EB25034004AF0A9 /* ColorExtension.swift */ = {isa = PBXFileReference; lastKnownFileType = sourcecode.swift; path = ColorExtension.swift; sourceTree = "<group>"; };
		3CD0D4152EF858680092BDE2 /* AloneHabitCell.swift */ = {isa = PBXFileReference; lastKnownFileType = sourcecode.swift; path = AloneHabitCell.swift; sourceTree = "<group>"; };
		3CD0D4172EF858780092BDE2 /* PreviewHabitCell.swift */ = {isa = PBXFileReference; lastKnownFileType = sourcecode.swift; path = PreviewHabitCell.swift; sourceTree = "<group>"; };
		3CD0D4192EF858800092BDE2 /* CoopHabitCell.swift */ = {isa = PBXFileReference; lastKnownFileType = sourcecode.swift; path = CoopHabitCell.swift; sourceTree = "<group>"; };
		3CD2DA682ED1A8A7003C3552 /* FirebaseProfileService.swift */ = {isa = PBXFileReference; lastKnownFileType = sourcecode.swift; path = FirebaseProfileService.swift; sourceTree = "<group>"; };
		3CD2DA6A2ED1A8AE003C3552 /* ProfileServiceProtocol.swift */ = {isa = PBXFileReference; lastKnownFileType = sourcecode.swift; path = ProfileServiceProtocol.swift; sourceTree = "<group>"; };
		3CD2DA6C2ED1A8BA003C3552 /* MockProfileService.swift */ = {isa = PBXFileReference; lastKnownFileType = sourcecode.swift; path = MockProfileService.swift; sourceTree = "<group>"; };
		3CD2DA6E2ED1B097003C3552 /* ProfileViewModel.swift */ = {isa = PBXFileReference; lastKnownFileType = sourcecode.swift; path = ProfileViewModel.swift; sourceTree = "<group>"; };
		3CD4AA332F155763001F763E /* FriendsViewModelTests.swift */ = {isa = PBXFileReference; lastKnownFileType = sourcecode.swift; path = FriendsViewModelTests.swift; sourceTree = "<group>"; };
		3CD4AA352F1BA303001F763E /* HabitViewModelTests.swift */ = {isa = PBXFileReference; lastKnownFileType = sourcecode.swift; path = HabitViewModelTests.swift; sourceTree = "<group>"; };
		3CFF85342EE2090400171172 /* AppNotificationsViewModel.swift */ = {isa = PBXFileReference; lastKnownFileType = sourcecode.swift; path = AppNotificationsViewModel.swift; sourceTree = "<group>"; };
		3CFF85372EE2097B00171172 /* AppNotificationsServiceProtocol.swift */ = {isa = PBXFileReference; lastKnownFileType = sourcecode.swift; path = AppNotificationsServiceProtocol.swift; sourceTree = "<group>"; };
		3CFF85392EE20F2800171172 /* FirebaseAppNotificationService.swift */ = {isa = PBXFileReference; lastKnownFileType = sourcecode.swift; path = FirebaseAppNotificationService.swift; sourceTree = "<group>"; };
		3CFF853B2EE2150A00171172 /* AppNotification.swift */ = {isa = PBXFileReference; lastKnownFileType = sourcecode.swift; path = AppNotification.swift; sourceTree = "<group>"; };
		3CFF853D2EE2153E00171172 /* AppNotificationType.swift */ = {isa = PBXFileReference; lastKnownFileType = sourcecode.swift; path = AppNotificationType.swift; sourceTree = "<group>"; };
		3CFF85442EE3422900171172 /* HabitViewContainer.swift */ = {isa = PBXFileReference; lastKnownFileType = sourcecode.swift; path = HabitViewContainer.swift; sourceTree = "<group>"; };
		3CFF85462EE3605C00171172 /* CustomBadgeView.swift */ = {isa = PBXFileReference; lastKnownFileType = sourcecode.swift; path = CustomBadgeView.swift; sourceTree = "<group>"; };
/* End PBXFileReference section */

/* Begin PBXFileSystemSynchronizedBuildFileExceptionSet section */
		3C28B79F2F408B840058E19A /* PBXFileSystemSynchronizedBuildFileExceptionSet */ = {
			isa = PBXFileSystemSynchronizedBuildFileExceptionSet;
			membershipExceptions = (
				Authenticated/AuthenticatedRootView.swift,
			);
			target = 3C4D40082EB229BC00DD51A5 /* StickTogetherIOS */;
		};
		3C28B7BD2F4093900058E19A /* PBXFileSystemSynchronizedBuildFileExceptionSet */ = {
			isa = PBXFileSystemSynchronizedBuildFileExceptionSet;
			membershipExceptions = (
				Auth/AuthViewModelValidation.swift,
			);
			target = 3C4D40082EB229BC00DD51A5 /* StickTogetherIOS */;
		};
/* End PBXFileSystemSynchronizedBuildFileExceptionSet section */

/* Begin PBXFileSystemSynchronizedGroupBuildPhaseMembershipExceptionSet section */
		3C28B7A02F408B840058E19A /* PBXFileSystemSynchronizedGroupBuildPhaseMembershipExceptionSet */ = {
			isa = PBXFileSystemSynchronizedGroupBuildPhaseMembershipExceptionSet;
			buildPhase = 3C4D40072EB229BC00DD51A5 /* Resources */;
			membershipExceptions = (
				Authenticated/AuthenticatedRootView.swift,
			);
		};
/* End PBXFileSystemSynchronizedGroupBuildPhaseMembershipExceptionSet section */

/* Begin PBXFileSystemSynchronizedRootGroup section */
		3C329B032F406CCB00D15A32 /* Navigation */ = {isa = PBXFileSystemSynchronizedRootGroup; explicitFileTypes = {}; explicitFolders = (); path = Navigation; sourceTree = "<group>"; };
		3C68532B2F3F359700C4FC5F /* Data */ = {isa = PBXFileSystemSynchronizedRootGroup; explicitFileTypes = {}; explicitFolders = (); path = Data; sourceTree = "<group>"; };
		3C6853422F3FB0B100C4FC5F /* Domain */ = {isa = PBXFileSystemSynchronizedRootGroup; explicitFileTypes = {}; explicitFolders = (); path = Domain; sourceTree = "<group>"; };
		3C68534A2F3FBD1300C4FC5F /* FeaturesTemp */ = {isa = PBXFileSystemSynchronizedRootGroup; exceptions = (3C28B7BD2F4093900058E19A /* PBXFileSystemSynchronizedBuildFileExceptionSet */, ); explicitFileTypes = {}; explicitFolders = (); path = FeaturesTemp; sourceTree = "<group>"; };
		3C6853592F3FC62000C4FC5F /* AppTemp */ = {isa = PBXFileSystemSynchronizedRootGroup; exceptions = (3C28B79F2F408B840058E19A /* PBXFileSystemSynchronizedBuildFileExceptionSet */, 3C28B7A02F408B840058E19A /* PBXFileSystemSynchronizedGroupBuildPhaseMembershipExceptionSet */, ); explicitFileTypes = {}; explicitFolders = (); path = AppTemp; sourceTree = "<group>"; };
/* End PBXFileSystemSynchronizedRootGroup section */

/* Begin PBXFrameworksBuildPhase section */
		3C4D40062EB229BC00DD51A5 /* Frameworks */ = {
			isa = PBXFrameworksBuildPhase;
			buildActionMask = 2147483647;
			files = (
				3C70E0BA2EB3FE3D00C325D9 /* FirebaseMessaging in Frameworks */,
				3C6688322EB7499F00DE45E8 /* ElegantEmojiPicker in Frameworks */,
				3C5C13B42EC3D72600693ED0 /* GoogleSignInSwift in Frameworks */,
				3C70E0B42EB3FE3D00C325D9 /* FirebaseAnalytics in Frameworks */,
				3C70E0B62EB3FE3D00C325D9 /* FirebaseAuth in Frameworks */,
				3C70E0B82EB3FE3D00C325D9 /* FirebaseFirestore in Frameworks */,
				3C5C13B22EC3D72600693ED0 /* GoogleSignIn in Frameworks */,
			);
			runOnlyForDeploymentPostprocessing = 0;
		};
		3C4D40162EB229BD00DD51A5 /* Frameworks */ = {
			isa = PBXFrameworksBuildPhase;
			buildActionMask = 2147483647;
			files = (
			);
			runOnlyForDeploymentPostprocessing = 0;
		};
		3C4D40202EB229BD00DD51A5 /* Frameworks */ = {
			isa = PBXFrameworksBuildPhase;
			buildActionMask = 2147483647;
			files = (
			);
			runOnlyForDeploymentPostprocessing = 0;
		};
/* End PBXFrameworksBuildPhase section */

/* Begin PBXGroup section */
		3C27EB362EB8B7E600BB39F7 /* FriendsList */ = {
			isa = PBXGroup;
			children = (
				3C27EB562EBB7D1E00BB39F7 /* FriendsListView */,
				3C27EB452EBA4E2E00BB39F7 /* FriendListViewModel.swift */,
			);
			path = FriendsList;
			sourceTree = "<group>";
		};
		3C27EB3E2EB9234C00BB39F7 /* Modal */ = {
			isa = PBXGroup;
			children = (
				3C27EB392EB9234100BB39F7 /* ModalService.swift */,
				3C27EB3A2EB9234100BB39F7 /* ModalViewModifier.swift */,
			);
			path = Modal;
			sourceTree = "<group>";
		};
		3C27EB4A2EBA516100BB39F7 /* Friends */ = {
			isa = PBXGroup;
			children = (
				3C41F8C22ECE55D40020E9EE /* MockFriendsService.swift */,
				3C27EB482EBA515A00BB39F7 /* FriendsServiceProtocol.swift */,
				3C27EB4D2EBA527E00BB39F7 /* FirebaseFriendsService.swift */,
			);
			path = Friends;
			sourceTree = "<group>";
		};
		3C27EB532EBB634D00BB39F7 /* ErrorHelpers */ = {
			isa = PBXGroup;
			children = (
				3C27EB542EBB636100BB39F7 /* SuccessOrError.swift */,
				3C27EB512EBB632400BB39F7 /* ValueOrError.swift */,
			);
			path = ErrorHelpers;
			sourceTree = "<group>";
		};
		3C27EB562EBB7D1E00BB39F7 /* FriendsListView */ = {
			isa = PBXGroup;
			children = (
				3C27EB4F2EBA5A2000BB39F7 /* FriendCellView.swift */,
				3C27EB432EBA4E1A00BB39F7 /* InviteFriendModal.swift */,
				3C27EB372EB8B80700BB39F7 /* FriendsListView.swift */,
			);
			path = FriendsListView;
			sourceTree = "<group>";
		};
		3C41F8B72ECE50AB0020E9EE /* Settings */ = {
			isa = PBXGroup;
			children = (
				3CD2DA6E2ED1B097003C3552 /* ProfileViewModel.swift */,
				3C41F8C42ECF6BAB0020E9EE /* SettingsViewModel.swift */,
				3C41F8BE2ECE50F20020E9EE /* SettingsView.swift */,
			);
			path = Settings;
			sourceTree = "<group>";
		};
		3C41F8B82ECE50B40020E9EE /* Chats */ = {
			isa = PBXGroup;
			children = (
				3C41F8BA2ECE50D40020E9EE /* ChatsView.swift */,
			);
			path = Chats;
			sourceTree = "<group>";
		};
		3C41F8B92ECE50C60020E9EE /* Stats */ = {
			isa = PBXGroup;
			children = (
				3C41F8BC2ECE50E00020E9EE /* StatsView.swift */,
			);
			path = Stats;
			sourceTree = "<group>";
		};
		3C42E6E32EB27DE500D0D58C /* Extensions */ = {
			isa = PBXGroup;
			children = (
				3C42E6E42EB27DF000D0D58C /* ViewExtension.swift */,
				3CB5043C2EB25034004AF0A9 /* ColorExtension.swift */,
				3C42E6E62EB27E0B00D0D58C /* FontExtension.swift */,
				3C6687E92EB4DAA900DE45E8 /* UIApplicationExtension.swift */,
			);
			path = Extensions;
			sourceTree = "<group>";
		};
		3C42E6EA2EB28C4300D0D58C /* Enums */ = {
			isa = PBXGroup;
			children = (
				3CFF853D2EE2153E00171172 /* AppNotificationType.swift */,
				3C42E6EB2EB28C4E00D0D58C /* TextField.swift */,
				3C70E09B2EB3E1DA00C325D9 /* Frequency.swift */,
				3C70E09D2EB3E1F600C325D9 /* CompletionState.swift */,
				3C70E09F2EB3E20800C325D9 /* AuthError.swift */,
				3C70E0A12EB3E22600C325D9 /* ButtonStyles.swift */,
				3C584DA02EC89D99006D2E59 /* HabitState.swift */,
			);
			path = Enums;
			sourceTree = "<group>";
		};
		3C42E7012EB3671600D0D58C /* HomeView */ = {
			isa = PBXGroup;
			children = (
				3CD0D4142EF8581A0092BDE2 /* HabitCell */,
				3C42E6F92EB3562400D0D58C /* HomeView.swift */,
				3C42E7062EB3678200D0D58C /* DayCell.swift */,
				3C42E7082EB367AB00D0D58C /* HomeViewCalendar.swift */,
				3C42E70A2EB367E000D0D58C /* HomeViewHeader.swift */,
				3C42E70C2EB3680A00D0D58C /* HomeViewContent.swift */,
			);
			path = HomeView;
			sourceTree = "<group>";
		};
		3C42E70E2EB36CC100D0D58C /* CreateHabit */ = {
			isa = PBXGroup;
			children = (
				3C42E70F2EB36CD300D0D58C /* CreateHabitView */,
			);
			path = CreateHabit;
			sourceTree = "<group>";
		};
		3C42E70F2EB36CD300D0D58C /* CreateHabitView */ = {
			isa = PBXGroup;
			children = (
				3C42E7102EB36CEB00D0D58C /* CreateHabitView.swift */,
				3C70E0A72EB3E34800C325D9 /* CreateHabitViewTitleTextField.swift */,
				3C70E0A92EB3E3B000C325D9 /* CreateHabitViewFrequencySelection.swift */,
				3C70E0AB2EB3E3F600C325D9 /* CreateHabitViewReminderView.swift */,
				3C70E0AD2EB3E43300C325D9 /* CreateHabitViewInviteFriend.swift */,
				3C5C13892EC3755B00693ED0 /* CreateHabitViewAddToCalendar.swift */,
			);
			path = CreateHabitView;
			sourceTree = "<group>";
		};
		3C42E7122EB3815600D0D58C /* Components */ = {
			isa = PBXGroup;
			children = (
				3C27EB3F2EB9237E00BB39F7 /* ScreenOverlay.swift */,
				3C6687E72EB4D6F000DE45E8 /* LoadingOverlay.swift */,
				3C70E0942EB3DE2300C325D9 /* CustomCalendar */,
				3C42E6E82EB28AB300D0D58C /* CustomTextField.swift */,
				3C70E0A32EB3E2AE00C325D9 /* CustomView.swift */,
				3C6159112EB79EEF00F9B65A /* Confirmation */,
				3C6687F12EB4EA6900DE45E8 /* ToastMessage */,
				3C27EB3E2EB9234C00BB39F7 /* Modal */,
				3C27EB412EB923A100BB39F7 /* Blur.swift */,
			);
			path = Components;
			sourceTree = "<group>";
		};
		3C42E7152EB38C1E00D0D58C /* Habit */ = {
			isa = PBXGroup;
			children = (
				3CFF85442EE3422900171172 /* HabitViewContainer.swift */,
				3C6688262EB6821C00DE45E8 /* HabitViewModel.swift */,
				3C42E7162EB38C2700D0D58C /* HabitView */,
			);
			path = Habit;
			sourceTree = "<group>";
		};
		3C42E7162EB38C2700D0D58C /* HabitView */ = {
			isa = PBXGroup;
			children = (
				3C42E7172EB38C2F00D0D58C /* HabitView.swift */,
				3C70E0A52EB3E2C200C325D9 /* HabitViewCell.swift */,
			);
			path = HabitView;
			sourceTree = "<group>";
		};
		3C4D40002EB229BC00DD51A5 = {
			isa = PBXGroup;
			children = (
				3C4D400B2EB229BC00DD51A5 /* StickTogetherIOS */,
				3C4D401C2EB229BD00DD51A5 /* StickTogetherIOSTests */,
				3C4D40262EB229BD00DD51A5 /* StickTogetherIOSUITests */,
				3C4D400A2EB229BC00DD51A5 /* Products */,
			);
			sourceTree = "<group>";
		};
		3C4D400A2EB229BC00DD51A5 /* Products */ = {
			isa = PBXGroup;
			children = (
				3C4D40092EB229BC00DD51A5 /* StickTogetherIOS.app */,
				3C4D40192EB229BD00DD51A5 /* StickTogetherIOSTests.xctest */,
				3C4D40232EB229BD00DD51A5 /* StickTogetherIOSUITests.xctest */,
			);
			name = Products;
			sourceTree = "<group>";
		};
		3C4D400B2EB229BC00DD51A5 /* StickTogetherIOS */ = {
			isa = PBXGroup;
			children = (
				3C329B032F406CCB00D15A32 /* Navigation */,
				3C6853592F3FC62000C4FC5F /* AppTemp */,
				3C68534A2F3FBD1300C4FC5F /* FeaturesTemp */,
				3CB5041B2EB23168004AF0A9 /* App */,
				3C68532B2F3F359700C4FC5F /* Data */,
				3C6853422F3FB0B100C4FC5F /* Domain */,
				3C5C13AC2EC3C88F00693ED0 /* StickTogetherIOS.entitlements */,
				3C5C13B72EC3DF6A00693ED0 /* GoogleService-Info.plist */,
				3CB5043B2EB24E7C004AF0A9 /* Info.plist */,
				3CB5041A2EB23164004AF0A9 /* Core */,
				3CB504192EB2315F004AF0A9 /* Features */,
				3CB504182EB23156004AF0A9 /* Resources */,
				3C4D40102EB229BD00DD51A5 /* Assets.xcassets */,
				3C4D40122EB229BD00DD51A5 /* Preview Content */,
			);
			path = StickTogetherIOS;
			sourceTree = "<group>";
		};
		3C4D40122EB229BD00DD51A5 /* Preview Content */ = {
			isa = PBXGroup;
			children = (
				3C4D40132EB229BD00DD51A5 /* Preview Assets.xcassets */,
			);
			path = "Preview Content";
			sourceTree = "<group>";
		};
		3C4D401C2EB229BD00DD51A5 /* StickTogetherIOSTests */ = {
			isa = PBXGroup;
			children = (
				3C4D401D2EB229BD00DD51A5 /* StickTogetherIOSTests.swift */,
				3CD4AA332F155763001F763E /* FriendsViewModelTests.swift */,
				3CD4AA352F1BA303001F763E /* HabitViewModelTests.swift */,
			);
			path = StickTogetherIOSTests;
			sourceTree = "<group>";
		};
		3C4D40262EB229BD00DD51A5 /* StickTogetherIOSUITests */ = {
			isa = PBXGroup;
			children = (
				3C4D40272EB229BD00DD51A5 /* StickTogetherIOSUITests.swift */,
				3C4D40292EB229BD00DD51A5 /* StickTogetherIOSUITestsLaunchTests.swift */,
			);
			path = StickTogetherIOSUITests;
			sourceTree = "<group>";
		};
		3C584DA22EC900EF006D2E59 /* NavigationBar */ = {
			isa = PBXGroup;
			children = (
			);
			path = NavigationBar;
			sourceTree = "<group>";
		};
		3C5C13832EC3697100693ED0 /* Managers */ = {
			isa = PBXGroup;
			children = (
				3C27EB342EB7FC1200BB39F7 /* DeepLinkService.swift */,
				3C6687E52EB4D61D00DE45E8 /* LoadingManager.swift */,
				3C5C13812EC342B200693ED0 /* NotificationManager.swift */,
				3C5C13842EC3698E00693ED0 /* CalendarManager.swift */,
				3C63FA4E2EFB08CE00369E1F /* PushManager.swift */,
			);
			path = Managers;
			sourceTree = "<group>";
		};
		3C5C138C2EC3ABDC00693ED0 /* IconPicker */ = {
			isa = PBXGroup;
			children = (
				3C5C138D2EC3ABE400693ED0 /* IconPicker.swift */,
			);
			path = IconPicker;
			sourceTree = "<group>";
		};
		3C6159112EB79EEF00F9B65A /* Confirmation */ = {
			isa = PBXGroup;
			children = (
				3C61590E2EB79EEF00F9B65A /* ConfirmationService.swift */,
				3C61590F2EB79EEF00F9B65A /* ConfirmationViewModifier.swift */,
				3C6159102EB79EEF00F9B65A /* ConfirmView.swift */,
			);
			path = Confirmation;
			sourceTree = "<group>";
		};
		3C6687F12EB4EA6900DE45E8 /* ToastMessage */ = {
			isa = PBXGroup;
			children = (
				3C6687EB2EB4EA6900DE45E8 /* ToastDelegator.swift */,
				3C6687EC2EB4EA6900DE45E8 /* ToastMessage.swift */,
				3C6687ED2EB4EA6900DE45E8 /* ToastMessageService.swift */,
				3C6687EE2EB4EA6900DE45E8 /* ToastMessageTimerModel.swift */,
				3C6687EF2EB4EA6900DE45E8 /* ToastMessageView.swift */,
				3C6687F02EB4EA6900DE45E8 /* ToastMessageViewModifier.swift */,
			);
			path = ToastMessage;
			sourceTree = "<group>";
		};
		3C6687FF2EB4F5B500DE45E8 /* Validation */ = {
			isa = PBXGroup;
			children = (
				3C6688012EB4F5D800DE45E8 /* AuthForm.swift */,
				3C6687FD2EB4F5AE00DE45E8 /* DefaultAuthValidator.swift */,
				3C6687FB2EB4F5A600DE45E8 /* ValidationResult.swift */,
			);
			path = Validation;
			sourceTree = "<group>";
		};
		3C6688232EB6815100DE45E8 /* Habit */ = {
			isa = PBXGroup;
			children = (
				3C41F8C02ECE55CC0020E9EE /* MockListenerToken.swift */,
				3C6688212EB6807300DE45E8 /* FirebaseHabitService.swift */,
				3C6688242EB6816400DE45E8 /* HabitServiceProtocol.swift */,
			);
			path = Habit;
			sourceTree = "<group>";
		};
		3C66882B2EB6B52800DE45E8 /* Habit */ = {
			isa = PBXGroup;
			children = (
				3C42E7022EB3674F00D0D58C /* Habit.swift */,
			);
			path = Habit;
			sourceTree = "<group>";
		};
		3C70E0912EB3A48E00C325D9 /* ViewModifiers */ = {
			isa = PBXGroup;
			children = (
				3C70E0922EB3A49E00C325D9 /* CustomCellViewModifier.swift */,
			);
			path = ViewModifiers;
			sourceTree = "<group>";
		};
		3C70E0942EB3DE2300C325D9 /* CustomCalendar */ = {
			isa = PBXGroup;
			children = (
				3C70E0952EB3DE4E00C325D9 /* CalendarView.swift */,
				3C70E0992EB3DE7B00C325D9 /* DateExtension.swift */,
			);
			path = CustomCalendar;
			sourceTree = "<group>";
		};
		3C70E0BF2EB4026C00C325D9 /* Mappers */ = {
			isa = PBXGroup;
			children = (
				3C70E0C02EB4027600C325D9 /* UserMapper.swift */,
			);
			path = Mappers;
			sourceTree = "<group>";
		};
		3CA910952EE0B81E0031100F /* AppNotifications */ = {
			isa = PBXGroup;
			children = (
				3CA910962EE0BD030031100F /* Views */,
				3CFF85342EE2090400171172 /* AppNotificationsViewModel.swift */,
			);
			path = AppNotifications;
			sourceTree = "<group>";
		};
		3CA910962EE0BD030031100F /* Views */ = {
			isa = PBXGroup;
			children = (
				3CA910972EE0BD110031100F /* NotificationView.swift */,
			);
			path = Views;
			sourceTree = "<group>";
		};
		3CB504182EB23156004AF0A9 /* Resources */ = {
			isa = PBXGroup;
			children = (
				3CFF85482EE3606400171172 /* CustomBadge */,
				3C5C138C2EC3ABDC00693ED0 /* IconPicker */,
				3C27EB532EBB634D00BB39F7 /* ErrorHelpers */,
				3C70E0912EB3A48E00C325D9 /* ViewModifiers */,
				3C42E7122EB3815600D0D58C /* Components */,
				3C42E6EA2EB28C4300D0D58C /* Enums */,
				3C42E6E32EB27DE500D0D58C /* Extensions */,
				3CB504382EB24A82004AF0A9 /* Font */,
				3CB504392EB24ACC004AF0A9 /* CustomFont.swift */,
				3C42E6EE2EB2956100D0D58C /* CustomButtonStyles.swift */,
				3C42E7192EB39EE400D0D58C /* Constants.swift */,
				3C6687F82EB4EA8A00DE45E8 /* EnvironmentKeys.swift */,
			);
			path = Resources;
			sourceTree = "<group>";
		};
		3CB504192EB2315F004AF0A9 /* Features */ = {
			isa = PBXGroup;
			children = (
				3CFF853F2EE33CC700171172 /* NavigationStack */,
				3CA910952EE0B81E0031100F /* AppNotifications */,
				3C41F8B92ECE50C60020E9EE /* Stats */,
				3C41F8B82ECE50B40020E9EE /* Chats */,
				3C41F8B72ECE50AB0020E9EE /* Settings */,
				3C584DA22EC900EF006D2E59 /* NavigationBar */,
				3C27EB362EB8B7E600BB39F7 /* FriendsList */,
				3C42E7152EB38C1E00D0D58C /* Habit */,
				3C42E70E2EB36CC100D0D58C /* CreateHabit */,
				3CB5041D2EB2319B004AF0A9 /* Home */,
			);
			path = Features;
			sourceTree = "<group>";
		};
		3CB5041A2EB23164004AF0A9 /* Core */ = {
			isa = PBXGroup;
			children = (
				3CB504292EB232F0004AF0A9 /* Models */,
				3CB504222EB2326A004AF0A9 /* Services */,
				3CB5041E2EB231DB004AF0A9 /* DIContainer.swift */,
			);
			path = Core;
			sourceTree = "<group>";
		};
		3CB5041B2EB23168004AF0A9 /* App */ = {
			isa = PBXGroup;
			children = (
				3C63FA502EFB251200369E1F /* AppDelegateAdaptor.swift */,
				3CB504202EB231F4004AF0A9 /* AppEntry.swift */,
				3C4D400E2EB229BC00DD51A5 /* AppCoordinatorView.swift */,
			);
			path = App;
			sourceTree = "<group>";
		};
		3CB5041D2EB2319B004AF0A9 /* Home */ = {
			isa = PBXGroup;
			children = (
				3C42E7012EB3671600D0D58C /* HomeView */,
			);
			path = Home;
			sourceTree = "<group>";
		};
		3CB504222EB2326A004AF0A9 /* Services */ = {
			isa = PBXGroup;
			children = (
				3CFF85362EE2096F00171172 /* AppNotifications */,
				3CD2DA672ED1A890003C3552 /* Profile */,
				3C5C13832EC3697100693ED0 /* Managers */,
				3C27EB4A2EBA516100BB39F7 /* Friends */,
				3C6687FF2EB4F5B500DE45E8 /* Validation */,
				3C70E0BF2EB4026C00C325D9 /* Mappers */,
				3CB504232EB2326F004AF0A9 /* Auth */,
				3C6688232EB6815100DE45E8 /* Habit */,
			);
			path = Services;
			sourceTree = "<group>";
		};
		3CB504232EB2326F004AF0A9 /* Auth */ = {
			isa = PBXGroup;
			children = (
				3C70E0BB2EB3FFC200C325D9 /* FirebaseAuthService.swift */,
				3CB504242EB23283004AF0A9 /* AuthServiceProtocol.swift */,
				3CB504262EB2328F004AF0A9 /* MockAuthService.swift */,
			);
			path = Auth;
			sourceTree = "<group>";
		};
		3CB504292EB232F0004AF0A9 /* Models */ = {
			isa = PBXGroup;
			children = (
				3CFF853B2EE2150A00171172 /* AppNotification.swift */,
				3C66882B2EB6B52800DE45E8 /* Habit */,
				3CB5042A2EB232F6004AF0A9 /* User.swift */,
				3C27EB4B2EBA51B800BB39F7 /* Invitation.swift */,
			);
			path = Models;
			sourceTree = "<group>";
		};
		3CB504382EB24A82004AF0A9 /* Font */ = {
			isa = PBXGroup;
			children = (
				3CB504332EB24A7B004AF0A9 /* HelveticaNeueBlack.otf */,
				3CB504342EB24A7B004AF0A9 /* HelveticaNeueBold.otf */,
				3CB504322EB24A7B004AF0A9 /* HelveticaNeueHeavy.otf */,
				3CB504352EB24A7B004AF0A9 /* HelveticaNeueLight.otf */,
				3CB504362EB24A7B004AF0A9 /* HelveticaNeueMedium.otf */,
				3CB504372EB24A7B004AF0A9 /* HelveticaNeueThin.otf */,
				3CB504312EB24A7A004AF0A9 /* HelveticaNeueUltraLight.otf */,
			);
			path = Font;
			sourceTree = "<group>";
		};
		3CD0D4142EF8581A0092BDE2 /* HabitCell */ = {
			isa = PBXGroup;
			children = (
				3C63FA4A2EFAF3C400369E1F /* HabitCellBuddyInfo.swift */,
				3C63FA482EFAF3B800369E1F /* HabitCellTemplate.swift */,
				3C42E7042EB3677200D0D58C /* HabitCell.swift */,
				3CD0D4152EF858680092BDE2 /* AloneHabitCell.swift */,
				3CD0D4172EF858780092BDE2 /* PreviewHabitCell.swift */,
				3CD0D4192EF858800092BDE2 /* CoopHabitCell.swift */,
			);
			path = HabitCell;
			sourceTree = "<group>";
		};
		3CD2DA672ED1A890003C3552 /* Profile */ = {
			isa = PBXGroup;
			children = (
				3CD2DA6C2ED1A8BA003C3552 /* MockProfileService.swift */,
				3CD2DA6A2ED1A8AE003C3552 /* ProfileServiceProtocol.swift */,
				3CD2DA682ED1A8A7003C3552 /* FirebaseProfileService.swift */,
			);
			path = Profile;
			sourceTree = "<group>";
		};
		3CFF85362EE2096F00171172 /* AppNotifications */ = {
			isa = PBXGroup;
			children = (
				3CFF85372EE2097B00171172 /* AppNotificationsServiceProtocol.swift */,
				3CFF85392EE20F2800171172 /* FirebaseAppNotificationService.swift */,
			);
			path = AppNotifications;
			sourceTree = "<group>";
		};
		3CFF853F2EE33CC700171172 /* NavigationStack */ = {
			isa = PBXGroup;
			children = (
			);
			path = NavigationStack;
			sourceTree = "<group>";
		};
		3CFF85482EE3606400171172 /* CustomBadge */ = {
			isa = PBXGroup;
			children = (
				3CFF85462EE3605C00171172 /* CustomBadgeView.swift */,
			);
			path = CustomBadge;
			sourceTree = "<group>";
		};
/* End PBXGroup section */

/* Begin PBXNativeTarget section */
		3C4D40082EB229BC00DD51A5 /* StickTogetherIOS */ = {
			isa = PBXNativeTarget;
			buildConfigurationList = 3C4D402D2EB229BD00DD51A5 /* Build configuration list for PBXNativeTarget "StickTogetherIOS" */;
			buildPhases = (
				3C4D40052EB229BC00DD51A5 /* Sources */,
				3C4D40062EB229BC00DD51A5 /* Frameworks */,
				3C4D40072EB229BC00DD51A5 /* Resources */,
			);
			buildRules = (
			);
			dependencies = (
			);
			fileSystemSynchronizedGroups = (
				3C329B032F406CCB00D15A32 /* Navigation */,
				3C68532B2F3F359700C4FC5F /* Data */,
				3C6853422F3FB0B100C4FC5F /* Domain */,
				3C68534A2F3FBD1300C4FC5F /* FeaturesTemp */,
				3C6853592F3FC62000C4FC5F /* AppTemp */,
			);
			name = StickTogetherIOS;
			packageProductDependencies = (
				3C70E0B32EB3FE3D00C325D9 /* FirebaseAnalytics */,
				3C70E0B52EB3FE3D00C325D9 /* FirebaseAuth */,
				3C70E0B72EB3FE3D00C325D9 /* FirebaseFirestore */,
				3C70E0B92EB3FE3D00C325D9 /* FirebaseMessaging */,
				3C6688312EB7499F00DE45E8 /* ElegantEmojiPicker */,
				3C5C13B12EC3D72600693ED0 /* GoogleSignIn */,
				3C5C13B32EC3D72600693ED0 /* GoogleSignInSwift */,
			);
			productName = StickTogetherIOS;
			productReference = 3C4D40092EB229BC00DD51A5 /* StickTogetherIOS.app */;
			productType = "com.apple.product-type.application";
		};
		3C4D40182EB229BD00DD51A5 /* StickTogetherIOSTests */ = {
			isa = PBXNativeTarget;
			buildConfigurationList = 3C4D40302EB229BD00DD51A5 /* Build configuration list for PBXNativeTarget "StickTogetherIOSTests" */;
			buildPhases = (
				3C4D40152EB229BD00DD51A5 /* Sources */,
				3C4D40162EB229BD00DD51A5 /* Frameworks */,
				3C4D40172EB229BD00DD51A5 /* Resources */,
			);
			buildRules = (
			);
			dependencies = (
				3C4D401B2EB229BD00DD51A5 /* PBXTargetDependency */,
			);
			name = StickTogetherIOSTests;
			productName = StickTogetherIOSTests;
			productReference = 3C4D40192EB229BD00DD51A5 /* StickTogetherIOSTests.xctest */;
			productType = "com.apple.product-type.bundle.unit-test";
		};
		3C4D40222EB229BD00DD51A5 /* StickTogetherIOSUITests */ = {
			isa = PBXNativeTarget;
			buildConfigurationList = 3C4D40332EB229BD00DD51A5 /* Build configuration list for PBXNativeTarget "StickTogetherIOSUITests" */;
			buildPhases = (
				3C4D401F2EB229BD00DD51A5 /* Sources */,
				3C4D40202EB229BD00DD51A5 /* Frameworks */,
				3C4D40212EB229BD00DD51A5 /* Resources */,
			);
			buildRules = (
			);
			dependencies = (
				3C4D40252EB229BD00DD51A5 /* PBXTargetDependency */,
			);
			name = StickTogetherIOSUITests;
			productName = StickTogetherIOSUITests;
			productReference = 3C4D40232EB229BD00DD51A5 /* StickTogetherIOSUITests.xctest */;
			productType = "com.apple.product-type.bundle.ui-testing";
		};
/* End PBXNativeTarget section */

/* Begin PBXProject section */
		3C4D40012EB229BC00DD51A5 /* Project object */ = {
			isa = PBXProject;
			attributes = {
				BuildIndependentTargetsInParallel = 1;
				LastSwiftUpdateCheck = 1540;
				LastUpgradeCheck = 1540;
				TargetAttributes = {
					3C4D40082EB229BC00DD51A5 = {
						CreatedOnToolsVersion = 15.4;
					};
					3C4D40182EB229BD00DD51A5 = {
						CreatedOnToolsVersion = 15.4;
						TestTargetID = 3C4D40082EB229BC00DD51A5;
					};
					3C4D40222EB229BD00DD51A5 = {
						CreatedOnToolsVersion = 15.4;
						TestTargetID = 3C4D40082EB229BC00DD51A5;
					};
				};
			};
			buildConfigurationList = 3C4D40042EB229BC00DD51A5 /* Build configuration list for PBXProject "StickTogetherIOS" */;
			developmentRegion = en;
			hasScannedForEncodings = 0;
			knownRegions = (
				en,
				Base,
			);
			mainGroup = 3C4D40002EB229BC00DD51A5;
			packageReferences = (
				3C70E0B22EB3FE3D00C325D9 /* XCRemoteSwiftPackageReference "firebase-ios-sdk" */,
				3C6688302EB7499E00DE45E8 /* XCRemoteSwiftPackageReference "Elegant-Emoji-Picker" */,
				3C5C13B02EC3D72600693ED0 /* XCRemoteSwiftPackageReference "GoogleSignIn-iOS" */,
			);
			preferredProjectObjectVersion = 56;
			productRefGroup = 3C4D400A2EB229BC00DD51A5 /* Products */;
			projectDirPath = "";
			projectRoot = "";
			targets = (
				3C4D40082EB229BC00DD51A5 /* StickTogetherIOS */,
				3C4D40182EB229BD00DD51A5 /* StickTogetherIOSTests */,
				3C4D40222EB229BD00DD51A5 /* StickTogetherIOSUITests */,
			);
		};
/* End PBXProject section */

/* Begin PBXResourcesBuildPhase section */
		3C4D40072EB229BC00DD51A5 /* Resources */ = {
			isa = PBXResourcesBuildPhase;
			buildActionMask = 2147483647;
			files = (
				3C4D40142EB229BD00DD51A5 /* Preview Assets.xcassets in Resources */,
				3C4D40112EB229BD00DD51A5 /* Assets.xcassets in Resources */,
				3C5C13B82EC3DF6A00693ED0 /* GoogleService-Info.plist in Resources */,
			);
			runOnlyForDeploymentPostprocessing = 0;
		};
		3C4D40172EB229BD00DD51A5 /* Resources */ = {
			isa = PBXResourcesBuildPhase;
			buildActionMask = 2147483647;
			files = (
			);
			runOnlyForDeploymentPostprocessing = 0;
		};
		3C4D40212EB229BD00DD51A5 /* Resources */ = {
			isa = PBXResourcesBuildPhase;
			buildActionMask = 2147483647;
			files = (
			);
			runOnlyForDeploymentPostprocessing = 0;
		};
/* End PBXResourcesBuildPhase section */

/* Begin PBXSourcesBuildPhase section */
		3C4D40052EB229BC00DD51A5 /* Sources */ = {
			isa = PBXSourcesBuildPhase;
			buildActionMask = 2147483647;
			files = (
				3CFF85382EE2097B00171172 /* AppNotificationsServiceProtocol.swift in Sources */,
				3C42E6E92EB28AB300D0D58C /* CustomTextField.swift in Sources */,
				3C27EB442EBA4E1A00BB39F7 /* InviteFriendModal.swift in Sources */,
				3C63FA492EFAF3B800369E1F /* HabitCellTemplate.swift in Sources */,
				3CA910982EE0BD110031100F /* NotificationView.swift in Sources */,
				3CD0D41A2EF858800092BDE2 /* CoopHabitCell.swift in Sources */,
				3C27EB402EB9237E00BB39F7 /* ScreenOverlay.swift in Sources */,
				3C27EB3C2EB9234100BB39F7 /* ModalViewModifier.swift in Sources */,
				3CD2DA692ED1A8A7003C3552 /* FirebaseProfileService.swift in Sources */,
				3C27EB3D2EB9234100BB39F7 /* ModalService.swift in Sources */,
				3C70E0A42EB3E2AE00C325D9 /* CustomView.swift in Sources */,
				3CFF85352EE2090400171172 /* AppNotificationsViewModel.swift in Sources */,
				3CB504212EB231F4004AF0A9 /* AppEntry.swift in Sources */,
				3C4D400F2EB229BC00DD51A5 /* AppCoordinatorView.swift in Sources */,
				3C42E7182EB38C2F00D0D58C /* HabitView.swift in Sources */,
				3C42E6EC2EB28C4E00D0D58C /* TextField.swift in Sources */,
				3C42E70D2EB3680A00D0D58C /* HomeViewContent.swift in Sources */,
				3C6687FE2EB4F5AE00DE45E8 /* DefaultAuthValidator.swift in Sources */,
				3CB5041F2EB231DB004AF0A9 /* DIContainer.swift in Sources */,
				3C6687F22EB4EA6900DE45E8 /* ToastDelegator.swift in Sources */,
				3C6687F32EB4EA6900DE45E8 /* ToastMessageService.swift in Sources */,
				3C5C13822EC342B200693ED0 /* NotificationManager.swift in Sources */,
				3C6687F42EB4EA6900DE45E8 /* ToastMessage.swift in Sources */,
				3C6687F52EB4EA6900DE45E8 /* ToastMessageView.swift in Sources */,
				3C6687F62EB4EA6900DE45E8 /* ToastMessageViewModifier.swift in Sources */,
				3C6687F72EB4EA6900DE45E8 /* ToastMessageTimerModel.swift in Sources */,
				3CD0D4182EF858780092BDE2 /* PreviewHabitCell.swift in Sources */,
				3CB504252EB23283004AF0A9 /* AuthServiceProtocol.swift in Sources */,
				3C41F8C52ECF6BAF0020E9EE /* SettingsViewModel.swift in Sources */,
				3C6687EA2EB4DAA900DE45E8 /* UIApplicationExtension.swift in Sources */,
				3CD2DA6F2ED1B09A003C3552 /* ProfileViewModel.swift in Sources */,
				3C6688252EB6816400DE45E8 /* HabitServiceProtocol.swift in Sources */,
				3C70E09C2EB3E1DA00C325D9 /* Frequency.swift in Sources */,
				3C6687E82EB4D6F000DE45E8 /* LoadingOverlay.swift in Sources */,
				3C5C138A2EC3755B00693ED0 /* CreateHabitViewAddToCalendar.swift in Sources */,
				3C27EB4E2EBA527E00BB39F7 /* FirebaseFriendsService.swift in Sources */,
				3C27EB422EB923A100BB39F7 /* Blur.swift in Sources */,
				3CFF85472EE3605C00171172 /* CustomBadgeView.swift in Sources */,
				3C41F8C12ECE55CC0020E9EE /* MockListenerToken.swift in Sources */,
				3CD2DA6D2ED1A8C2003C3552 /* MockProfileService.swift in Sources */,
				3CD0D4162EF858680092BDE2 /* AloneHabitCell.swift in Sources */,
				3C41F8C32ECE55D40020E9EE /* MockFriendsService.swift in Sources */,
				3C70E0AC2EB3E3F600C325D9 /* CreateHabitViewReminderView.swift in Sources */,
				3C70E0A22EB3E22600C325D9 /* ButtonStyles.swift in Sources */,
				3C42E70B2EB367E100D0D58C /* HomeViewHeader.swift in Sources */,
				3CB5043A2EB24ACC004AF0A9 /* CustomFont.swift in Sources */,
				3C27EB462EBA4E2E00BB39F7 /* FriendListViewModel.swift in Sources */,
				3C70E0962EB3DE4E00C325D9 /* CalendarView.swift in Sources */,
				3C42E6E52EB27DF000D0D58C /* ViewExtension.swift in Sources */,
				3C6688222EB6807300DE45E8 /* FirebaseHabitService.swift in Sources */,
				3C5C138E2EC3ABE400693ED0 /* IconPicker.swift in Sources */,
				3C27EB552EBB636100BB39F7 /* SuccessOrError.swift in Sources */,
				3CB5043D2EB25034004AF0A9 /* ColorExtension.swift in Sources */,
				3C41F8BB2ECE50D40020E9EE /* ChatsView.swift in Sources */,
				3C6688272EB6822100DE45E8 /* HabitViewModel.swift in Sources */,
				3C70E0BC2EB3FFC200C325D9 /* FirebaseAuthService.swift in Sources */,
				3C70E0A02EB3E20800C325D9 /* AuthError.swift in Sources */,
				3C27EB522EBB632400BB39F7 /* ValueOrError.swift in Sources */,
				3C70E0A82EB3E34800C325D9 /* CreateHabitViewTitleTextField.swift in Sources */,
				3C42E6FA2EB3562400D0D58C /* HomeView.swift in Sources */,
				3CB504272EB2328F004AF0A9 /* MockAuthService.swift in Sources */,
				3C42E71A2EB39EE400D0D58C /* Constants.swift in Sources */,
				3C63FA4F2EFB08CE00369E1F /* PushManager.swift in Sources */,
				3C584DA12EC89D99006D2E59 /* HabitState.swift in Sources */,
				3C63FA4B2EFAF3C400369E1F /* HabitCellBuddyInfo.swift in Sources */,
				3C6687E62EB4D61D00DE45E8 /* LoadingManager.swift in Sources */,
				3C63FA512EFB251200369E1F /* AppDelegateAdaptor.swift in Sources */,
				3CFF853E2EE2153E00171172 /* AppNotificationType.swift in Sources */,
				3C70E0AA2EB3E3B000C325D9 /* CreateHabitViewFrequencySelection.swift in Sources */,
				3C6159122EB79EEF00F9B65A /* ConfirmView.swift in Sources */,
				3C41F8BD2ECE50E00020E9EE /* StatsView.swift in Sources */,
				3C6159132EB79EEF00F9B65A /* ConfirmationViewModifier.swift in Sources */,
				3C6159142EB79EEF00F9B65A /* ConfirmationService.swift in Sources */,
				3C42E7112EB36CEB00D0D58C /* CreateHabitView.swift in Sources */,
				3C27EB382EB8B80700BB39F7 /* FriendsListView.swift in Sources */,
				3C27EB492EBA515A00BB39F7 /* FriendsServiceProtocol.swift in Sources */,
				3C42E7072EB3678200D0D58C /* DayCell.swift in Sources */,
				3C70E0932EB3A49E00C325D9 /* CustomCellViewModifier.swift in Sources */,
				3C27EB352EB7FC1200BB39F7 /* DeepLinkService.swift in Sources */,
				3C41F8BF2ECE50F20020E9EE /* SettingsView.swift in Sources */,
				3C6687F92EB4EA8A00DE45E8 /* EnvironmentKeys.swift in Sources */,
				3C42E7032EB3674F00D0D58C /* Habit.swift in Sources */,
				3CD2DA6B2ED1A8B6003C3552 /* ProfileServiceProtocol.swift in Sources */,
				3C27EB4C2EBA51B800BB39F7 /* Invitation.swift in Sources */,
				3C6688022EB4F5D800DE45E8 /* AuthForm.swift in Sources */,
				3C70E09E2EB3E1F600C325D9 /* CompletionState.swift in Sources */,
				3C42E7092EB367AB00D0D58C /* HomeViewCalendar.swift in Sources */,
				3C42E7052EB3677200D0D58C /* HabitCell.swift in Sources */,
				3C6687FC2EB4F5A600DE45E8 /* ValidationResult.swift in Sources */,
				3CFF853C2EE2150A00171172 /* AppNotification.swift in Sources */,
				3C42E6E72EB27E0B00D0D58C /* FontExtension.swift in Sources */,
				3C27EB502EBA5A2000BB39F7 /* FriendCellView.swift in Sources */,
				3C70E0C12EB4027600C325D9 /* UserMapper.swift in Sources */,
				3CFF853A2EE20F2800171172 /* FirebaseAppNotificationService.swift in Sources */,
				3C42E6EF2EB2956100D0D58C /* CustomButtonStyles.swift in Sources */,
				3C70E0A62EB3E2C200C325D9 /* HabitViewCell.swift in Sources */,
				3C70E09A2EB3DE7B00C325D9 /* DateExtension.swift in Sources */,
				3CFF85452EE3422900171172 /* HabitViewContainer.swift in Sources */,
				3C70E0AE2EB3E43300C325D9 /* CreateHabitViewInviteFriend.swift in Sources */,
				3CB5042B2EB232F6004AF0A9 /* User.swift in Sources */,
				3C5C13852EC3698E00693ED0 /* CalendarManager.swift in Sources */,
			);
			runOnlyForDeploymentPostprocessing = 0;
		};
		3C4D40152EB229BD00DD51A5 /* Sources */ = {
			isa = PBXSourcesBuildPhase;
			buildActionMask = 2147483647;
			files = (
				3CD4AA342F155763001F763E /* FriendsViewModelTests.swift in Sources */,
				3CD4AA362F1BA303001F763E /* HabitViewModelTests.swift in Sources */,
				3C4D401E2EB229BD00DD51A5 /* StickTogetherIOSTests.swift in Sources */,
			);
			runOnlyForDeploymentPostprocessing = 0;
		};
		3C4D401F2EB229BD00DD51A5 /* Sources */ = {
			isa = PBXSourcesBuildPhase;
			buildActionMask = 2147483647;
			files = (
				3C4D40282EB229BD00DD51A5 /* StickTogetherIOSUITests.swift in Sources */,
				3C4D402A2EB229BD00DD51A5 /* StickTogetherIOSUITestsLaunchTests.swift in Sources */,
			);
			runOnlyForDeploymentPostprocessing = 0;
		};
/* End PBXSourcesBuildPhase section */

/* Begin PBXTargetDependency section */
		3C4D401B2EB229BD00DD51A5 /* PBXTargetDependency */ = {
			isa = PBXTargetDependency;
			target = 3C4D40082EB229BC00DD51A5 /* StickTogetherIOS */;
			targetProxy = 3C4D401A2EB229BD00DD51A5 /* PBXContainerItemProxy */;
		};
		3C4D40252EB229BD00DD51A5 /* PBXTargetDependency */ = {
			isa = PBXTargetDependency;
			target = 3C4D40082EB229BC00DD51A5 /* StickTogetherIOS */;
			targetProxy = 3C4D40242EB229BD00DD51A5 /* PBXContainerItemProxy */;
		};
/* End PBXTargetDependency section */

/* Begin XCBuildConfiguration section */
		3C4D402B2EB229BD00DD51A5 /* Debug */ = {
			isa = XCBuildConfiguration;
			buildSettings = {
				ALWAYS_SEARCH_USER_PATHS = NO;
				ASSETCATALOG_COMPILER_GENERATE_SWIFT_ASSET_SYMBOL_EXTENSIONS = YES;
				CLANG_ANALYZER_NONNULL = YES;
				CLANG_ANALYZER_NUMBER_OBJECT_CONVERSION = YES_AGGRESSIVE;
				CLANG_CXX_LANGUAGE_STANDARD = "gnu++20";
				CLANG_ENABLE_MODULES = YES;
				CLANG_ENABLE_OBJC_ARC = YES;
				CLANG_ENABLE_OBJC_WEAK = YES;
				CLANG_WARN_BLOCK_CAPTURE_AUTORELEASING = YES;
				CLANG_WARN_BOOL_CONVERSION = YES;
				CLANG_WARN_COMMA = YES;
				CLANG_WARN_CONSTANT_CONVERSION = YES;
				CLANG_WARN_DEPRECATED_OBJC_IMPLEMENTATIONS = YES;
				CLANG_WARN_DIRECT_OBJC_ISA_USAGE = YES_ERROR;
				CLANG_WARN_DOCUMENTATION_COMMENTS = YES;
				CLANG_WARN_EMPTY_BODY = YES;
				CLANG_WARN_ENUM_CONVERSION = YES;
				CLANG_WARN_INFINITE_RECURSION = YES;
				CLANG_WARN_INT_CONVERSION = YES;
				CLANG_WARN_NON_LITERAL_NULL_CONVERSION = YES;
				CLANG_WARN_OBJC_IMPLICIT_RETAIN_SELF = YES;
				CLANG_WARN_OBJC_LITERAL_CONVERSION = YES;
				CLANG_WARN_OBJC_ROOT_CLASS = YES_ERROR;
				CLANG_WARN_QUOTED_INCLUDE_IN_FRAMEWORK_HEADER = YES;
				CLANG_WARN_RANGE_LOOP_ANALYSIS = YES;
				CLANG_WARN_STRICT_PROTOTYPES = YES;
				CLANG_WARN_SUSPICIOUS_MOVE = YES;
				CLANG_WARN_UNGUARDED_AVAILABILITY = YES_AGGRESSIVE;
				CLANG_WARN_UNREACHABLE_CODE = YES;
				CLANG_WARN__DUPLICATE_METHOD_MATCH = YES;
				COPY_PHASE_STRIP = NO;
				DEBUG_INFORMATION_FORMAT = dwarf;
				ENABLE_STRICT_OBJC_MSGSEND = YES;
				ENABLE_TESTABILITY = YES;
				ENABLE_USER_SCRIPT_SANDBOXING = YES;
				GCC_C_LANGUAGE_STANDARD = gnu17;
				GCC_DYNAMIC_NO_PIC = NO;
				GCC_NO_COMMON_BLOCKS = YES;
				GCC_OPTIMIZATION_LEVEL = 0;
				GCC_PREPROCESSOR_DEFINITIONS = (
					"DEBUG=1",
					"$(inherited)",
				);
				GCC_WARN_64_TO_32_BIT_CONVERSION = YES;
				GCC_WARN_ABOUT_RETURN_TYPE = YES_ERROR;
				GCC_WARN_UNDECLARED_SELECTOR = YES;
				GCC_WARN_UNINITIALIZED_AUTOS = YES_AGGRESSIVE;
				GCC_WARN_UNUSED_FUNCTION = YES;
				GCC_WARN_UNUSED_VARIABLE = YES;
				IPHONEOS_DEPLOYMENT_TARGET = 17.5;
				LOCALIZATION_PREFERS_STRING_CATALOGS = YES;
				MTL_ENABLE_DEBUG_INFO = INCLUDE_SOURCE;
				MTL_FAST_MATH = YES;
				ONLY_ACTIVE_ARCH = YES;
				SDKROOT = iphoneos;
				SWIFT_ACTIVE_COMPILATION_CONDITIONS = "DEBUG $(inherited)";
				SWIFT_OPTIMIZATION_LEVEL = "-Onone";
			};
			name = Debug;
		};
		3C4D402C2EB229BD00DD51A5 /* Release */ = {
			isa = XCBuildConfiguration;
			buildSettings = {
				ALWAYS_SEARCH_USER_PATHS = NO;
				ASSETCATALOG_COMPILER_GENERATE_SWIFT_ASSET_SYMBOL_EXTENSIONS = YES;
				CLANG_ANALYZER_NONNULL = YES;
				CLANG_ANALYZER_NUMBER_OBJECT_CONVERSION = YES_AGGRESSIVE;
				CLANG_CXX_LANGUAGE_STANDARD = "gnu++20";
				CLANG_ENABLE_MODULES = YES;
				CLANG_ENABLE_OBJC_ARC = YES;
				CLANG_ENABLE_OBJC_WEAK = YES;
				CLANG_WARN_BLOCK_CAPTURE_AUTORELEASING = YES;
				CLANG_WARN_BOOL_CONVERSION = YES;
				CLANG_WARN_COMMA = YES;
				CLANG_WARN_CONSTANT_CONVERSION = YES;
				CLANG_WARN_DEPRECATED_OBJC_IMPLEMENTATIONS = YES;
				CLANG_WARN_DIRECT_OBJC_ISA_USAGE = YES_ERROR;
				CLANG_WARN_DOCUMENTATION_COMMENTS = YES;
				CLANG_WARN_EMPTY_BODY = YES;
				CLANG_WARN_ENUM_CONVERSION = YES;
				CLANG_WARN_INFINITE_RECURSION = YES;
				CLANG_WARN_INT_CONVERSION = YES;
				CLANG_WARN_NON_LITERAL_NULL_CONVERSION = YES;
				CLANG_WARN_OBJC_IMPLICIT_RETAIN_SELF = YES;
				CLANG_WARN_OBJC_LITERAL_CONVERSION = YES;
				CLANG_WARN_OBJC_ROOT_CLASS = YES_ERROR;
				CLANG_WARN_QUOTED_INCLUDE_IN_FRAMEWORK_HEADER = YES;
				CLANG_WARN_RANGE_LOOP_ANALYSIS = YES;
				CLANG_WARN_STRICT_PROTOTYPES = YES;
				CLANG_WARN_SUSPICIOUS_MOVE = YES;
				CLANG_WARN_UNGUARDED_AVAILABILITY = YES_AGGRESSIVE;
				CLANG_WARN_UNREACHABLE_CODE = YES;
				CLANG_WARN__DUPLICATE_METHOD_MATCH = YES;
				COPY_PHASE_STRIP = NO;
				DEBUG_INFORMATION_FORMAT = "dwarf-with-dsym";
				ENABLE_NS_ASSERTIONS = NO;
				ENABLE_STRICT_OBJC_MSGSEND = YES;
				ENABLE_USER_SCRIPT_SANDBOXING = YES;
				GCC_C_LANGUAGE_STANDARD = gnu17;
				GCC_NO_COMMON_BLOCKS = YES;
				GCC_WARN_64_TO_32_BIT_CONVERSION = YES;
				GCC_WARN_ABOUT_RETURN_TYPE = YES_ERROR;
				GCC_WARN_UNDECLARED_SELECTOR = YES;
				GCC_WARN_UNINITIALIZED_AUTOS = YES_AGGRESSIVE;
				GCC_WARN_UNUSED_FUNCTION = YES;
				GCC_WARN_UNUSED_VARIABLE = YES;
				IPHONEOS_DEPLOYMENT_TARGET = 17.5;
				LOCALIZATION_PREFERS_STRING_CATALOGS = YES;
				MTL_ENABLE_DEBUG_INFO = NO;
				MTL_FAST_MATH = YES;
				SDKROOT = iphoneos;
				SWIFT_COMPILATION_MODE = wholemodule;
				VALIDATE_PRODUCT = YES;
			};
			name = Release;
		};
		3C4D402E2EB229BD00DD51A5 /* Debug */ = {
			isa = XCBuildConfiguration;
			buildSettings = {
				ASSETCATALOG_COMPILER_APPICON_NAME = AppIcon;
				ASSETCATALOG_COMPILER_GLOBAL_ACCENT_COLOR_NAME = AccentColor;
				CODE_SIGN_ENTITLEMENTS = StickTogetherIOS/StickTogetherIOS.entitlements;
				CODE_SIGN_STYLE = Automatic;
				CURRENT_PROJECT_VERSION = 1;
				DEVELOPMENT_ASSET_PATHS = "\"StickTogetherIOS/Preview Content\"";
				DEVELOPMENT_TEAM = 5C4DAU25T3;
				ENABLE_PREVIEWS = YES;
				GENERATE_INFOPLIST_FILE = YES;
				INFOPLIST_FILE = StickTogetherIOS/Info.plist;
				INFOPLIST_KEY_NSCalendarsFullAccessUsageDescription = "We need access to your calendar to add habits as events";
				INFOPLIST_KEY_UIApplicationSceneManifest_Generation = YES;
				INFOPLIST_KEY_UIApplicationSupportsIndirectInputEvents = YES;
				INFOPLIST_KEY_UILaunchScreen_Generation = YES;
				INFOPLIST_KEY_UISupportedInterfaceOrientations = UIInterfaceOrientationPortrait;
				LD_RUNPATH_SEARCH_PATHS = (
					"$(inherited)",
					"@executable_path/Frameworks",
				);
				MARKETING_VERSION = 1.0;
				PRODUCT_BUNDLE_IDENTIFIER = com.Gr33nEight.StickTogether;
				PRODUCT_NAME = "$(TARGET_NAME)";
				SWIFT_EMIT_LOC_STRINGS = YES;
				SWIFT_VERSION = 5.0;
				TARGETED_DEVICE_FAMILY = "1,2";
			};
			name = Debug;
		};
		3C4D402F2EB229BD00DD51A5 /* Release */ = {
			isa = XCBuildConfiguration;
			buildSettings = {
				ASSETCATALOG_COMPILER_APPICON_NAME = AppIcon;
				ASSETCATALOG_COMPILER_GLOBAL_ACCENT_COLOR_NAME = AccentColor;
				CODE_SIGN_ENTITLEMENTS = StickTogetherIOS/StickTogetherIOS.entitlements;
				CODE_SIGN_STYLE = Automatic;
				CURRENT_PROJECT_VERSION = 1;
				DEVELOPMENT_ASSET_PATHS = "\"StickTogetherIOS/Preview Content\"";
				DEVELOPMENT_TEAM = 5C4DAU25T3;
				ENABLE_PREVIEWS = YES;
				GENERATE_INFOPLIST_FILE = YES;
				INFOPLIST_FILE = StickTogetherIOS/Info.plist;
				INFOPLIST_KEY_NSCalendarsFullAccessUsageDescription = "We need access to your calendar to add habits as events";
				INFOPLIST_KEY_UIApplicationSceneManifest_Generation = YES;
				INFOPLIST_KEY_UIApplicationSupportsIndirectInputEvents = YES;
				INFOPLIST_KEY_UILaunchScreen_Generation = YES;
				INFOPLIST_KEY_UISupportedInterfaceOrientations = UIInterfaceOrientationPortrait;
				LD_RUNPATH_SEARCH_PATHS = (
					"$(inherited)",
					"@executable_path/Frameworks",
				);
				MARKETING_VERSION = 1.0;
				PRODUCT_BUNDLE_IDENTIFIER = com.Gr33nEight.StickTogether;
				PRODUCT_NAME = "$(TARGET_NAME)";
				SWIFT_EMIT_LOC_STRINGS = YES;
				SWIFT_VERSION = 5.0;
				TARGETED_DEVICE_FAMILY = "1,2";
			};
			name = Release;
		};
		3C4D40312EB229BD00DD51A5 /* Debug */ = {
			isa = XCBuildConfiguration;
			buildSettings = {
				ALWAYS_EMBED_SWIFT_STANDARD_LIBRARIES = YES;
				BUNDLE_LOADER = "$(TEST_HOST)";
				CODE_SIGN_STYLE = Automatic;
				CURRENT_PROJECT_VERSION = 1;
				DEVELOPMENT_TEAM = 5C4DAU25T3;
				GENERATE_INFOPLIST_FILE = YES;
				IPHONEOS_DEPLOYMENT_TARGET = 17.5;
				MARKETING_VERSION = 1.0;
				PRODUCT_BUNDLE_IDENTIFIER = com.Gr33nEight.StickTogetherIOSTests;
				PRODUCT_NAME = "$(TARGET_NAME)";
				SWIFT_EMIT_LOC_STRINGS = NO;
				SWIFT_VERSION = 5.0;
				TARGETED_DEVICE_FAMILY = "1,2";
				TEST_HOST = "$(BUILT_PRODUCTS_DIR)/StickTogetherIOS.app/$(BUNDLE_EXECUTABLE_FOLDER_PATH)/StickTogetherIOS";
			};
			name = Debug;
		};
		3C4D40322EB229BD00DD51A5 /* Release */ = {
			isa = XCBuildConfiguration;
			buildSettings = {
				ALWAYS_EMBED_SWIFT_STANDARD_LIBRARIES = YES;
				BUNDLE_LOADER = "$(TEST_HOST)";
				CODE_SIGN_STYLE = Automatic;
				CURRENT_PROJECT_VERSION = 1;
				DEVELOPMENT_TEAM = 5C4DAU25T3;
				GENERATE_INFOPLIST_FILE = YES;
				IPHONEOS_DEPLOYMENT_TARGET = 17.5;
				MARKETING_VERSION = 1.0;
				PRODUCT_BUNDLE_IDENTIFIER = com.Gr33nEight.StickTogetherIOSTests;
				PRODUCT_NAME = "$(TARGET_NAME)";
				SWIFT_EMIT_LOC_STRINGS = NO;
				SWIFT_VERSION = 5.0;
				TARGETED_DEVICE_FAMILY = "1,2";
				TEST_HOST = "$(BUILT_PRODUCTS_DIR)/StickTogetherIOS.app/$(BUNDLE_EXECUTABLE_FOLDER_PATH)/StickTogetherIOS";
			};
			name = Release;
		};
		3C4D40342EB229BD00DD51A5 /* Debug */ = {
			isa = XCBuildConfiguration;
			buildSettings = {
				ALWAYS_EMBED_SWIFT_STANDARD_LIBRARIES = YES;
				CODE_SIGN_STYLE = Automatic;
				CURRENT_PROJECT_VERSION = 1;
				DEVELOPMENT_TEAM = 5C4DAU25T3;
				GENERATE_INFOPLIST_FILE = YES;
				MARKETING_VERSION = 1.0;
				PRODUCT_BUNDLE_IDENTIFIER = com.Gr33nEight.StickTogetherIOSUITests;
				PRODUCT_NAME = "$(TARGET_NAME)";
				SWIFT_EMIT_LOC_STRINGS = NO;
				SWIFT_VERSION = 5.0;
				TARGETED_DEVICE_FAMILY = "1,2";
				TEST_TARGET_NAME = StickTogetherIOS;
			};
			name = Debug;
		};
		3C4D40352EB229BD00DD51A5 /* Release */ = {
			isa = XCBuildConfiguration;
			buildSettings = {
				ALWAYS_EMBED_SWIFT_STANDARD_LIBRARIES = YES;
				CODE_SIGN_STYLE = Automatic;
				CURRENT_PROJECT_VERSION = 1;
				DEVELOPMENT_TEAM = 5C4DAU25T3;
				GENERATE_INFOPLIST_FILE = YES;
				MARKETING_VERSION = 1.0;
				PRODUCT_BUNDLE_IDENTIFIER = com.Gr33nEight.StickTogetherIOSUITests;
				PRODUCT_NAME = "$(TARGET_NAME)";
				SWIFT_EMIT_LOC_STRINGS = NO;
				SWIFT_VERSION = 5.0;
				TARGETED_DEVICE_FAMILY = "1,2";
				TEST_TARGET_NAME = StickTogetherIOS;
			};
			name = Release;
		};
/* End XCBuildConfiguration section */

/* Begin XCConfigurationList section */
		3C4D40042EB229BC00DD51A5 /* Build configuration list for PBXProject "StickTogetherIOS" */ = {
			isa = XCConfigurationList;
			buildConfigurations = (
				3C4D402B2EB229BD00DD51A5 /* Debug */,
				3C4D402C2EB229BD00DD51A5 /* Release */,
			);
			defaultConfigurationIsVisible = 0;
			defaultConfigurationName = Release;
		};
		3C4D402D2EB229BD00DD51A5 /* Build configuration list for PBXNativeTarget "StickTogetherIOS" */ = {
			isa = XCConfigurationList;
			buildConfigurations = (
				3C4D402E2EB229BD00DD51A5 /* Debug */,
				3C4D402F2EB229BD00DD51A5 /* Release */,
			);
			defaultConfigurationIsVisible = 0;
			defaultConfigurationName = Release;
		};
		3C4D40302EB229BD00DD51A5 /* Build configuration list for PBXNativeTarget "StickTogetherIOSTests" */ = {
			isa = XCConfigurationList;
			buildConfigurations = (
				3C4D40312EB229BD00DD51A5 /* Debug */,
				3C4D40322EB229BD00DD51A5 /* Release */,
			);
			defaultConfigurationIsVisible = 0;
			defaultConfigurationName = Release;
		};
		3C4D40332EB229BD00DD51A5 /* Build configuration list for PBXNativeTarget "StickTogetherIOSUITests" */ = {
			isa = XCConfigurationList;
			buildConfigurations = (
				3C4D40342EB229BD00DD51A5 /* Debug */,
				3C4D40352EB229BD00DD51A5 /* Release */,
			);
			defaultConfigurationIsVisible = 0;
			defaultConfigurationName = Release;
		};
/* End XCConfigurationList section */

/* Begin XCRemoteSwiftPackageReference section */
		3C5C13B02EC3D72600693ED0 /* XCRemoteSwiftPackageReference "GoogleSignIn-iOS" */ = {
			isa = XCRemoteSwiftPackageReference;
			repositoryURL = "https://github.com/google/GoogleSignIn-iOS";
			requirement = {
				kind = upToNextMajorVersion;
				minimumVersion = 9.0.0;
			};
		};
		3C6688302EB7499E00DE45E8 /* XCRemoteSwiftPackageReference "Elegant-Emoji-Picker" */ = {
			isa = XCRemoteSwiftPackageReference;
			repositoryURL = "https://github.com/Finalet/Elegant-Emoji-Picker";
			requirement = {
				branch = main;
				kind = branch;
			};
		};
		3C70E0B22EB3FE3D00C325D9 /* XCRemoteSwiftPackageReference "firebase-ios-sdk" */ = {
			isa = XCRemoteSwiftPackageReference;
			repositoryURL = "https://github.com/firebase/firebase-ios-sdk";
			requirement = {
				kind = upToNextMajorVersion;
				minimumVersion = 12.5.0;
			};
		};
/* End XCRemoteSwiftPackageReference section */

/* Begin XCSwiftPackageProductDependency section */
		3C5C13B12EC3D72600693ED0 /* GoogleSignIn */ = {
			isa = XCSwiftPackageProductDependency;
			package = 3C5C13B02EC3D72600693ED0 /* XCRemoteSwiftPackageReference "GoogleSignIn-iOS" */;
			productName = GoogleSignIn;
		};
		3C5C13B32EC3D72600693ED0 /* GoogleSignInSwift */ = {
			isa = XCSwiftPackageProductDependency;
			package = 3C5C13B02EC3D72600693ED0 /* XCRemoteSwiftPackageReference "GoogleSignIn-iOS" */;
			productName = GoogleSignInSwift;
		};
		3C6688312EB7499F00DE45E8 /* ElegantEmojiPicker */ = {
			isa = XCSwiftPackageProductDependency;
			package = 3C6688302EB7499E00DE45E8 /* XCRemoteSwiftPackageReference "Elegant-Emoji-Picker" */;
			productName = ElegantEmojiPicker;
		};
		3C70E0B32EB3FE3D00C325D9 /* FirebaseAnalytics */ = {
			isa = XCSwiftPackageProductDependency;
			package = 3C70E0B22EB3FE3D00C325D9 /* XCRemoteSwiftPackageReference "firebase-ios-sdk" */;
			productName = FirebaseAnalytics;
		};
		3C70E0B52EB3FE3D00C325D9 /* FirebaseAuth */ = {
			isa = XCSwiftPackageProductDependency;
			package = 3C70E0B22EB3FE3D00C325D9 /* XCRemoteSwiftPackageReference "firebase-ios-sdk" */;
			productName = FirebaseAuth;
		};
		3C70E0B72EB3FE3D00C325D9 /* FirebaseFirestore */ = {
			isa = XCSwiftPackageProductDependency;
			package = 3C70E0B22EB3FE3D00C325D9 /* XCRemoteSwiftPackageReference "firebase-ios-sdk" */;
			productName = FirebaseFirestore;
		};
		3C70E0B92EB3FE3D00C325D9 /* FirebaseMessaging */ = {
			isa = XCSwiftPackageProductDependency;
			package = 3C70E0B22EB3FE3D00C325D9 /* XCRemoteSwiftPackageReference "firebase-ios-sdk" */;
			productName = FirebaseMessaging;
		};
/* End XCSwiftPackageProductDependency section */
	};
	rootObject = 3C4D40012EB229BC00DD51A5 /* Project object */;
}
