// !$*UTF8*$!
{
	archiveVersion = 1;
	classes = {
	};
	objectVersion = 56;
	objects = {

/* Begin PBXBuildFile section */
		3C42E6E22EB2627500D0D58C /* LogInView.swift in Sources */ = {isa = PBXBuildFile; fileRef = 3C42E6E12EB2627500D0D58C /* LogInView.swift */; };
		3C42E6E52EB27DF000D0D58C /* ViewExtension.swift in Sources */ = {isa = PBXBuildFile; fileRef = 3C42E6E42EB27DF000D0D58C /* ViewExtension.swift */; };
		3C42E6E72EB27E0B00D0D58C /* FontExtension.swift in Sources */ = {isa = PBXBuildFile; fileRef = 3C42E6E62EB27E0B00D0D58C /* FontExtension.swift */; };
		3C42E6E92EB28AB300D0D58C /* CustomTextField.swift in Sources */ = {isa = PBXBuildFile; fileRef = 3C42E6E82EB28AB300D0D58C /* CustomTextField.swift */; };
		3C42E6EC2EB28C4E00D0D58C /* TextField.swift in Sources */ = {isa = PBXBuildFile; fileRef = 3C42E6EB2EB28C4E00D0D58C /* TextField.swift */; };
		3C42E6EF2EB2956100D0D58C /* CustomButtonStyles.swift in Sources */ = {isa = PBXBuildFile; fileRef = 3C42E6EE2EB2956100D0D58C /* CustomButtonStyles.swift */; };
		3C42E6F12EB2981200D0D58C /* CreateAccountView.swift in Sources */ = {isa = PBXBuildFile; fileRef = 3C42E6F02EB2981200D0D58C /* CreateAccountView.swift */; };
		3C42E6F42EB2986D00D0D58C /* LoginViewHeader.swift in Sources */ = {isa = PBXBuildFile; fileRef = 3C42E6F32EB2986D00D0D58C /* LoginViewHeader.swift */; };
		3C42E6F62EB2987A00D0D58C /* LoginViewContent.swift in Sources */ = {isa = PBXBuildFile; fileRef = 3C42E6F52EB2987A00D0D58C /* LoginViewContent.swift */; };
		3C42E6F82EB2988200D0D58C /* LoginViewFooter.swift in Sources */ = {isa = PBXBuildFile; fileRef = 3C42E6F72EB2988200D0D58C /* LoginViewFooter.swift */; };
		3C42E6FA2EB3562400D0D58C /* HomeView.swift in Sources */ = {isa = PBXBuildFile; fileRef = 3C42E6F92EB3562400D0D58C /* HomeView.swift */; };
		3C42E6FC2EB365F300D0D58C /* CreateAccountHeader.swift in Sources */ = {isa = PBXBuildFile; fileRef = 3C42E6FB2EB365F300D0D58C /* CreateAccountHeader.swift */; };
		3C42E6FE2EB365FB00D0D58C /* CreateAccountContent.swift in Sources */ = {isa = PBXBuildFile; fileRef = 3C42E6FD2EB365FB00D0D58C /* CreateAccountContent.swift */; };
		3C42E7002EB3660300D0D58C /* CreateAccountFooter.swift in Sources */ = {isa = PBXBuildFile; fileRef = 3C42E6FF2EB3660300D0D58C /* CreateAccountFooter.swift */; };
		3C42E7032EB3674F00D0D58C /* Habit.swift in Sources */ = {isa = PBXBuildFile; fileRef = 3C42E7022EB3674F00D0D58C /* Habit.swift */; };
		3C42E7052EB3677200D0D58C /* HabitCell.swift in Sources */ = {isa = PBXBuildFile; fileRef = 3C42E7042EB3677200D0D58C /* HabitCell.swift */; };
		3C42E7072EB3678200D0D58C /* DayCell.swift in Sources */ = {isa = PBXBuildFile; fileRef = 3C42E7062EB3678200D0D58C /* DayCell.swift */; };
		3C42E7092EB367AB00D0D58C /* HomeViewCalendar.swift in Sources */ = {isa = PBXBuildFile; fileRef = 3C42E7082EB367AB00D0D58C /* HomeViewCalendar.swift */; };
		3C42E70B2EB367E100D0D58C /* HomeViewHeader.swift in Sources */ = {isa = PBXBuildFile; fileRef = 3C42E70A2EB367E000D0D58C /* HomeViewHeader.swift */; };
		3C42E70D2EB3680A00D0D58C /* HomeViewContent.swift in Sources */ = {isa = PBXBuildFile; fileRef = 3C42E70C2EB3680A00D0D58C /* HomeViewContent.swift */; };
		3C42E7112EB36CEB00D0D58C /* CreateHabitView.swift in Sources */ = {isa = PBXBuildFile; fileRef = 3C42E7102EB36CEB00D0D58C /* CreateHabitView.swift */; };
		3C42E7182EB38C2F00D0D58C /* HabitView.swift in Sources */ = {isa = PBXBuildFile; fileRef = 3C42E7172EB38C2F00D0D58C /* HabitView.swift */; };
		3C42E71A2EB39EE400D0D58C /* Consants.swift in Sources */ = {isa = PBXBuildFile; fileRef = 3C42E7192EB39EE400D0D58C /* Consants.swift */; };
		3C4D400D2EB229BC00DD51A5 /* StickTogetherIOSApp.swift in Sources */ = {isa = PBXBuildFile; fileRef = 3C4D400C2EB229BC00DD51A5 /* StickTogetherIOSApp.swift */; };
		3C4D400F2EB229BC00DD51A5 /* AppCoordinatorView.swift in Sources */ = {isa = PBXBuildFile; fileRef = 3C4D400E2EB229BC00DD51A5 /* AppCoordinatorView.swift */; };
		3C4D40112EB229BD00DD51A5 /* Assets.xcassets in Resources */ = {isa = PBXBuildFile; fileRef = 3C4D40102EB229BD00DD51A5 /* Assets.xcassets */; };
		3C4D40142EB229BD00DD51A5 /* Preview Assets.xcassets in Resources */ = {isa = PBXBuildFile; fileRef = 3C4D40132EB229BD00DD51A5 /* Preview Assets.xcassets */; };
		3C4D401E2EB229BD00DD51A5 /* StickTogetherIOSTests.swift in Sources */ = {isa = PBXBuildFile; fileRef = 3C4D401D2EB229BD00DD51A5 /* StickTogetherIOSTests.swift */; };
		3C4D40282EB229BD00DD51A5 /* StickTogetherIOSUITests.swift in Sources */ = {isa = PBXBuildFile; fileRef = 3C4D40272EB229BD00DD51A5 /* StickTogetherIOSUITests.swift */; };
		3C4D402A2EB229BD00DD51A5 /* StickTogetherIOSUITestsLaunchTests.swift in Sources */ = {isa = PBXBuildFile; fileRef = 3C4D40292EB229BD00DD51A5 /* StickTogetherIOSUITestsLaunchTests.swift */; };
		3C6687E62EB4D61D00DE45E8 /* LoadingManager.swift in Sources */ = {isa = PBXBuildFile; fileRef = 3C6687E52EB4D61D00DE45E8 /* LoadingManager.swift */; };
		3C6687E82EB4D6F000DE45E8 /* LoadingOverlay.swift in Sources */ = {isa = PBXBuildFile; fileRef = 3C6687E72EB4D6F000DE45E8 /* LoadingOverlay.swift */; };
		3C6687EA2EB4DAA900DE45E8 /* UIApplicationExtension.swift in Sources */ = {isa = PBXBuildFile; fileRef = 3C6687E92EB4DAA900DE45E8 /* UIApplicationExtension.swift */; };
		3C6687F22EB4EA6900DE45E8 /* ToastDelegator.swift in Sources */ = {isa = PBXBuildFile; fileRef = 3C6687EB2EB4EA6900DE45E8 /* ToastDelegator.swift */; };
		3C6687F32EB4EA6900DE45E8 /* ToastMessageService.swift in Sources */ = {isa = PBXBuildFile; fileRef = 3C6687ED2EB4EA6900DE45E8 /* ToastMessageService.swift */; };
		3C6687F42EB4EA6900DE45E8 /* ToastMessage.swift in Sources */ = {isa = PBXBuildFile; fileRef = 3C6687EC2EB4EA6900DE45E8 /* ToastMessage.swift */; };
		3C6687F52EB4EA6900DE45E8 /* ToastMessageView.swift in Sources */ = {isa = PBXBuildFile; fileRef = 3C6687EF2EB4EA6900DE45E8 /* ToastMessageView.swift */; };
		3C6687F62EB4EA6900DE45E8 /* ToastMessageViewModifier.swift in Sources */ = {isa = PBXBuildFile; fileRef = 3C6687F02EB4EA6900DE45E8 /* ToastMessageViewModifier.swift */; };
		3C6687F72EB4EA6900DE45E8 /* ToastMessageTimerModel.swift in Sources */ = {isa = PBXBuildFile; fileRef = 3C6687EE2EB4EA6900DE45E8 /* ToastMessageTimerModel.swift */; };
		3C6687F92EB4EA8A00DE45E8 /* EnvironmentKeys.swift in Sources */ = {isa = PBXBuildFile; fileRef = 3C6687F82EB4EA8A00DE45E8 /* EnvironmentKeys.swift */; };
		3C6687FC2EB4F5A600DE45E8 /* ValidationResult.swift in Sources */ = {isa = PBXBuildFile; fileRef = 3C6687FB2EB4F5A600DE45E8 /* ValidationResult.swift */; };
		3C6687FE2EB4F5AE00DE45E8 /* DefaultAuthValidator.swift in Sources */ = {isa = PBXBuildFile; fileRef = 3C6687FD2EB4F5AE00DE45E8 /* DefaultAuthValidator.swift */; };
		3C6688022EB4F5D800DE45E8 /* AuthForm.swift in Sources */ = {isa = PBXBuildFile; fileRef = 3C6688012EB4F5D800DE45E8 /* AuthForm.swift */; };
		3C6688052EB4F71A00DE45E8 /* AuthViewModelValidation.swift in Resources */ = {isa = PBXBuildFile; fileRef = 3C6688042EB4F71A00DE45E8 /* AuthViewModelValidation.swift */; };
		3C6688222EB6807300DE45E8 /* FirebaseHabitService.swift in Sources */ = {isa = PBXBuildFile; fileRef = 3C6688212EB6807300DE45E8 /* FirebaseHabitService.swift */; };
		3C6688252EB6816400DE45E8 /* HabitServiceProtocol.swift in Sources */ = {isa = PBXBuildFile; fileRef = 3C6688242EB6816400DE45E8 /* HabitServiceProtocol.swift */; };
		3C6688272EB6822100DE45E8 /* HabitViewModel.swift in Sources */ = {isa = PBXBuildFile; fileRef = 3C6688262EB6821C00DE45E8 /* HabitViewModel.swift */; };
		3C66882F2EB6B54100DE45E8 /* HabitHelper.swift in Sources */ = {isa = PBXBuildFile; fileRef = 3C66882E2EB6B54100DE45E8 /* HabitHelper.swift */; };
		3C70E0932EB3A49E00C325D9 /* CustomCellViewModifier.swift in Sources */ = {isa = PBXBuildFile; fileRef = 3C70E0922EB3A49E00C325D9 /* CustomCellViewModifier.swift */; };
		3C70E0962EB3DE4E00C325D9 /* CalendarView.swift in Sources */ = {isa = PBXBuildFile; fileRef = 3C70E0952EB3DE4E00C325D9 /* CalendarView.swift */; };
		3C70E09A2EB3DE7B00C325D9 /* DateExtension.swift in Sources */ = {isa = PBXBuildFile; fileRef = 3C70E0992EB3DE7B00C325D9 /* DateExtension.swift */; };
		3C70E09C2EB3E1DA00C325D9 /* Frequency.swift in Sources */ = {isa = PBXBuildFile; fileRef = 3C70E09B2EB3E1DA00C325D9 /* Frequency.swift */; };
		3C70E09E2EB3E1F600C325D9 /* CompletionState.swift in Sources */ = {isa = PBXBuildFile; fileRef = 3C70E09D2EB3E1F600C325D9 /* CompletionState.swift */; };
		3C70E0A02EB3E20800C325D9 /* AuthError.swift in Sources */ = {isa = PBXBuildFile; fileRef = 3C70E09F2EB3E20800C325D9 /* AuthError.swift */; };
		3C70E0A22EB3E22600C325D9 /* ButtonStyles.swift in Sources */ = {isa = PBXBuildFile; fileRef = 3C70E0A12EB3E22600C325D9 /* ButtonStyles.swift */; };
		3C70E0A42EB3E2AE00C325D9 /* CustomView.swift in Sources */ = {isa = PBXBuildFile; fileRef = 3C70E0A32EB3E2AE00C325D9 /* CustomView.swift */; };
		3C70E0A62EB3E2C200C325D9 /* HabitViewCell.swift in Sources */ = {isa = PBXBuildFile; fileRef = 3C70E0A52EB3E2C200C325D9 /* HabitViewCell.swift */; };
		3C70E0A82EB3E34800C325D9 /* CreateHabitViewTitleTextField.swift in Sources */ = {isa = PBXBuildFile; fileRef = 3C70E0A72EB3E34800C325D9 /* CreateHabitViewTitleTextField.swift */; };
		3C70E0AA2EB3E3B000C325D9 /* CreateHabitViewFrequencySelection.swift in Sources */ = {isa = PBXBuildFile; fileRef = 3C70E0A92EB3E3B000C325D9 /* CreateHabitViewFrequencySelection.swift */; };
		3C70E0AC2EB3E3F600C325D9 /* CreateHabitViewReminderView.swift in Sources */ = {isa = PBXBuildFile; fileRef = 3C70E0AB2EB3E3F600C325D9 /* CreateHabitViewReminderView.swift */; };
		3C70E0AE2EB3E43300C325D9 /* CreateHabitViewInviteFriend.swift in Sources */ = {isa = PBXBuildFile; fileRef = 3C70E0AD2EB3E43300C325D9 /* CreateHabitViewInviteFriend.swift */; };
		3C70E0B02EB3FB6000C325D9 /* GoogleService-Info.plist in Resources */ = {isa = PBXBuildFile; fileRef = 3C70E0AF2EB3FB6000C325D9 /* GoogleService-Info.plist */; };
		3C70E0B42EB3FE3D00C325D9 /* FirebaseAnalytics in Frameworks */ = {isa = PBXBuildFile; productRef = 3C70E0B32EB3FE3D00C325D9 /* FirebaseAnalytics */; };
		3C70E0B62EB3FE3D00C325D9 /* FirebaseAuth in Frameworks */ = {isa = PBXBuildFile; productRef = 3C70E0B52EB3FE3D00C325D9 /* FirebaseAuth */; };
		3C70E0B82EB3FE3D00C325D9 /* FirebaseFirestore in Frameworks */ = {isa = PBXBuildFile; productRef = 3C70E0B72EB3FE3D00C325D9 /* FirebaseFirestore */; };
		3C70E0BA2EB3FE3D00C325D9 /* FirebaseMessaging in Frameworks */ = {isa = PBXBuildFile; productRef = 3C70E0B92EB3FE3D00C325D9 /* FirebaseMessaging */; };
		3C70E0BC2EB3FFC200C325D9 /* FirebaseAuthService.swift in Sources */ = {isa = PBXBuildFile; fileRef = 3C70E0BB2EB3FFC200C325D9 /* FirebaseAuthService.swift */; };
		3C70E0C12EB4027600C325D9 /* UserMapper.swift in Sources */ = {isa = PBXBuildFile; fileRef = 3C70E0C02EB4027600C325D9 /* UserMapper.swift */; };
		3CB5041F2EB231DB004AF0A9 /* DIContainer.swift in Sources */ = {isa = PBXBuildFile; fileRef = 3CB5041E2EB231DB004AF0A9 /* DIContainer.swift */; };
		3CB504212EB231F4004AF0A9 /* AppEntry.swift in Sources */ = {isa = PBXBuildFile; fileRef = 3CB504202EB231F4004AF0A9 /* AppEntry.swift */; };
		3CB504252EB23283004AF0A9 /* AuthServiceProtocol.swift in Sources */ = {isa = PBXBuildFile; fileRef = 3CB504242EB23283004AF0A9 /* AuthServiceProtocol.swift */; };
		3CB504272EB2328F004AF0A9 /* MockAuthService.swift in Sources */ = {isa = PBXBuildFile; fileRef = 3CB504262EB2328F004AF0A9 /* MockAuthService.swift */; };
		3CB5042B2EB232F6004AF0A9 /* User.swift in Sources */ = {isa = PBXBuildFile; fileRef = 3CB5042A2EB232F6004AF0A9 /* User.swift */; };
		3CB5042D2EB23427004AF0A9 /* AuthViewModel.swift in Sources */ = {isa = PBXBuildFile; fileRef = 3CB5042C2EB23427004AF0A9 /* AuthViewModel.swift */; };
		3CB5043A2EB24ACC004AF0A9 /* CustomFont.swift in Sources */ = {isa = PBXBuildFile; fileRef = 3CB504392EB24ACC004AF0A9 /* CustomFont.swift */; };
		3CB5043D2EB25034004AF0A9 /* ColorExtension.swift in Sources */ = {isa = PBXBuildFile; fileRef = 3CB5043C2EB25034004AF0A9 /* ColorExtension.swift */; };
/* End PBXBuildFile section */

/* Begin PBXContainerItemProxy section */
		3C4D401A2EB229BD00DD51A5 /* PBXContainerItemProxy */ = {
			isa = PBXContainerItemProxy;
			containerPortal = 3C4D40012EB229BC00DD51A5 /* Project object */;
			proxyType = 1;
			remoteGlobalIDString = 3C4D40082EB229BC00DD51A5;
			remoteInfo = StickTogetherIOS;
		};
		3C4D40242EB229BD00DD51A5 /* PBXContainerItemProxy */ = {
			isa = PBXContainerItemProxy;
			containerPortal = 3C4D40012EB229BC00DD51A5 /* Project object */;
			proxyType = 1;
			remoteGlobalIDString = 3C4D40082EB229BC00DD51A5;
			remoteInfo = StickTogetherIOS;
		};
/* End PBXContainerItemProxy section */

/* Begin PBXFileReference section */
		3C42E6E12EB2627500D0D58C /* LogInView.swift */ = {isa = PBXFileReference; lastKnownFileType = sourcecode.swift; path = LogInView.swift; sourceTree = "<group>"; };
		3C42E6E42EB27DF000D0D58C /* ViewExtension.swift */ = {isa = PBXFileReference; lastKnownFileType = sourcecode.swift; path = ViewExtension.swift; sourceTree = "<group>"; };
		3C42E6E62EB27E0B00D0D58C /* FontExtension.swift */ = {isa = PBXFileReference; lastKnownFileType = sourcecode.swift; path = FontExtension.swift; sourceTree = "<group>"; };
		3C42E6E82EB28AB300D0D58C /* CustomTextField.swift */ = {isa = PBXFileReference; lastKnownFileType = sourcecode.swift; path = CustomTextField.swift; sourceTree = "<group>"; };
		3C42E6EB2EB28C4E00D0D58C /* TextField.swift */ = {isa = PBXFileReference; lastKnownFileType = sourcecode.swift; path = TextField.swift; sourceTree = "<group>"; };
		3C42E6EE2EB2956100D0D58C /* CustomButtonStyles.swift */ = {isa = PBXFileReference; lastKnownFileType = sourcecode.swift; path = CustomButtonStyles.swift; sourceTree = "<group>"; };
		3C42E6F02EB2981200D0D58C /* CreateAccountView.swift */ = {isa = PBXFileReference; lastKnownFileType = sourcecode.swift; path = CreateAccountView.swift; sourceTree = "<group>"; };
		3C42E6F32EB2986D00D0D58C /* LoginViewHeader.swift */ = {isa = PBXFileReference; lastKnownFileType = sourcecode.swift; path = LoginViewHeader.swift; sourceTree = "<group>"; };
		3C42E6F52EB2987A00D0D58C /* LoginViewContent.swift */ = {isa = PBXFileReference; lastKnownFileType = sourcecode.swift; path = LoginViewContent.swift; sourceTree = "<group>"; };
		3C42E6F72EB2988200D0D58C /* LoginViewFooter.swift */ = {isa = PBXFileReference; lastKnownFileType = sourcecode.swift; path = LoginViewFooter.swift; sourceTree = "<group>"; };
		3C42E6F92EB3562400D0D58C /* HomeView.swift */ = {isa = PBXFileReference; lastKnownFileType = sourcecode.swift; path = HomeView.swift; sourceTree = "<group>"; };
		3C42E6FB2EB365F300D0D58C /* CreateAccountHeader.swift */ = {isa = PBXFileReference; lastKnownFileType = sourcecode.swift; path = CreateAccountHeader.swift; sourceTree = "<group>"; };
		3C42E6FD2EB365FB00D0D58C /* CreateAccountContent.swift */ = {isa = PBXFileReference; lastKnownFileType = sourcecode.swift; path = CreateAccountContent.swift; sourceTree = "<group>"; };
		3C42E6FF2EB3660300D0D58C /* CreateAccountFooter.swift */ = {isa = PBXFileReference; lastKnownFileType = sourcecode.swift; path = CreateAccountFooter.swift; sourceTree = "<group>"; };
		3C42E7022EB3674F00D0D58C /* Habit.swift */ = {isa = PBXFileReference; lastKnownFileType = sourcecode.swift; path = Habit.swift; sourceTree = "<group>"; };
		3C42E7042EB3677200D0D58C /* HabitCell.swift */ = {isa = PBXFileReference; lastKnownFileType = sourcecode.swift; path = HabitCell.swift; sourceTree = "<group>"; };
		3C42E7062EB3678200D0D58C /* DayCell.swift */ = {isa = PBXFileReference; lastKnownFileType = sourcecode.swift; path = DayCell.swift; sourceTree = "<group>"; };
		3C42E7082EB367AB00D0D58C /* HomeViewCalendar.swift */ = {isa = PBXFileReference; lastKnownFileType = sourcecode.swift; path = HomeViewCalendar.swift; sourceTree = "<group>"; };
		3C42E70A2EB367E000D0D58C /* HomeViewHeader.swift */ = {isa = PBXFileReference; lastKnownFileType = sourcecode.swift; path = HomeViewHeader.swift; sourceTree = "<group>"; };
		3C42E70C2EB3680A00D0D58C /* HomeViewContent.swift */ = {isa = PBXFileReference; lastKnownFileType = sourcecode.swift; path = HomeViewContent.swift; sourceTree = "<group>"; };
		3C42E7102EB36CEB00D0D58C /* CreateHabitView.swift */ = {isa = PBXFileReference; lastKnownFileType = sourcecode.swift; path = CreateHabitView.swift; sourceTree = "<group>"; };
		3C42E7172EB38C2F00D0D58C /* HabitView.swift */ = {isa = PBXFileReference; lastKnownFileType = sourcecode.swift; path = HabitView.swift; sourceTree = "<group>"; };
		3C42E7192EB39EE400D0D58C /* Consants.swift */ = {isa = PBXFileReference; lastKnownFileType = sourcecode.swift; path = Consants.swift; sourceTree = "<group>"; };
		3C4D40092EB229BC00DD51A5 /* StickTogetherIOS.app */ = {isa = PBXFileReference; explicitFileType = wrapper.application; includeInIndex = 0; path = StickTogetherIOS.app; sourceTree = BUILT_PRODUCTS_DIR; };
		3C4D400C2EB229BC00DD51A5 /* StickTogetherIOSApp.swift */ = {isa = PBXFileReference; lastKnownFileType = sourcecode.swift; path = StickTogetherIOSApp.swift; sourceTree = "<group>"; };
		3C4D400E2EB229BC00DD51A5 /* AppCoordinatorView.swift */ = {isa = PBXFileReference; lastKnownFileType = sourcecode.swift; path = AppCoordinatorView.swift; sourceTree = "<group>"; };
		3C4D40102EB229BD00DD51A5 /* Assets.xcassets */ = {isa = PBXFileReference; lastKnownFileType = folder.assetcatalog; path = Assets.xcassets; sourceTree = "<group>"; };
		3C4D40132EB229BD00DD51A5 /* Preview Assets.xcassets */ = {isa = PBXFileReference; lastKnownFileType = folder.assetcatalog; path = "Preview Assets.xcassets"; sourceTree = "<group>"; };
		3C4D40192EB229BD00DD51A5 /* StickTogetherIOSTests.xctest */ = {isa = PBXFileReference; explicitFileType = wrapper.cfbundle; includeInIndex = 0; path = StickTogetherIOSTests.xctest; sourceTree = BUILT_PRODUCTS_DIR; };
		3C4D401D2EB229BD00DD51A5 /* StickTogetherIOSTests.swift */ = {isa = PBXFileReference; lastKnownFileType = sourcecode.swift; path = StickTogetherIOSTests.swift; sourceTree = "<group>"; };
		3C4D40232EB229BD00DD51A5 /* StickTogetherIOSUITests.xctest */ = {isa = PBXFileReference; explicitFileType = wrapper.cfbundle; includeInIndex = 0; path = StickTogetherIOSUITests.xctest; sourceTree = BUILT_PRODUCTS_DIR; };
		3C4D40272EB229BD00DD51A5 /* StickTogetherIOSUITests.swift */ = {isa = PBXFileReference; lastKnownFileType = sourcecode.swift; path = StickTogetherIOSUITests.swift; sourceTree = "<group>"; };
		3C4D40292EB229BD00DD51A5 /* StickTogetherIOSUITestsLaunchTests.swift */ = {isa = PBXFileReference; lastKnownFileType = sourcecode.swift; path = StickTogetherIOSUITestsLaunchTests.swift; sourceTree = "<group>"; };
		3C6687E52EB4D61D00DE45E8 /* LoadingManager.swift */ = {isa = PBXFileReference; lastKnownFileType = sourcecode.swift; path = LoadingManager.swift; sourceTree = "<group>"; };
		3C6687E72EB4D6F000DE45E8 /* LoadingOverlay.swift */ = {isa = PBXFileReference; lastKnownFileType = sourcecode.swift; path = LoadingOverlay.swift; sourceTree = "<group>"; };
		3C6687E92EB4DAA900DE45E8 /* UIApplicationExtension.swift */ = {isa = PBXFileReference; lastKnownFileType = sourcecode.swift; path = UIApplicationExtension.swift; sourceTree = "<group>"; };
		3C6687EB2EB4EA6900DE45E8 /* ToastDelegator.swift */ = {isa = PBXFileReference; lastKnownFileType = sourcecode.swift; path = ToastDelegator.swift; sourceTree = "<group>"; };
		3C6687EC2EB4EA6900DE45E8 /* ToastMessage.swift */ = {isa = PBXFileReference; lastKnownFileType = sourcecode.swift; path = ToastMessage.swift; sourceTree = "<group>"; };
		3C6687ED2EB4EA6900DE45E8 /* ToastMessageService.swift */ = {isa = PBXFileReference; lastKnownFileType = sourcecode.swift; path = ToastMessageService.swift; sourceTree = "<group>"; };
		3C6687EE2EB4EA6900DE45E8 /* ToastMessageTimerModel.swift */ = {isa = PBXFileReference; lastKnownFileType = sourcecode.swift; path = ToastMessageTimerModel.swift; sourceTree = "<group>"; };
		3C6687EF2EB4EA6900DE45E8 /* ToastMessageView.swift */ = {isa = PBXFileReference; lastKnownFileType = sourcecode.swift; path = ToastMessageView.swift; sourceTree = "<group>"; };
		3C6687F02EB4EA6900DE45E8 /* ToastMessageViewModifier.swift */ = {isa = PBXFileReference; lastKnownFileType = sourcecode.swift; path = ToastMessageViewModifier.swift; sourceTree = "<group>"; };
		3C6687F82EB4EA8A00DE45E8 /* EnvironmentKeys.swift */ = {isa = PBXFileReference; lastKnownFileType = sourcecode.swift; path = EnvironmentKeys.swift; sourceTree = "<group>"; };
		3C6687FB2EB4F5A600DE45E8 /* ValidationResult.swift */ = {isa = PBXFileReference; lastKnownFileType = sourcecode.swift; path = ValidationResult.swift; sourceTree = "<group>"; };
		3C6687FD2EB4F5AE00DE45E8 /* DefaultAuthValidator.swift */ = {isa = PBXFileReference; lastKnownFileType = sourcecode.swift; path = DefaultAuthValidator.swift; sourceTree = "<group>"; };
		3C6688012EB4F5D800DE45E8 /* AuthForm.swift */ = {isa = PBXFileReference; lastKnownFileType = sourcecode.swift; path = AuthForm.swift; sourceTree = "<group>"; };
		3C6688042EB4F71A00DE45E8 /* AuthViewModelValidation.swift */ = {isa = PBXFileReference; lastKnownFileType = sourcecode.swift; path = AuthViewModelValidation.swift; sourceTree = "<group>"; };
		3C6688212EB6807300DE45E8 /* FirebaseHabitService.swift */ = {isa = PBXFileReference; lastKnownFileType = sourcecode.swift; path = FirebaseHabitService.swift; sourceTree = "<group>"; };
		3C6688242EB6816400DE45E8 /* HabitServiceProtocol.swift */ = {isa = PBXFileReference; lastKnownFileType = sourcecode.swift; path = HabitServiceProtocol.swift; sourceTree = "<group>"; };
		3C6688262EB6821C00DE45E8 /* HabitViewModel.swift */ = {isa = PBXFileReference; lastKnownFileType = sourcecode.swift; path = HabitViewModel.swift; sourceTree = "<group>"; };
		3C66882E2EB6B54100DE45E8 /* HabitHelper.swift */ = {isa = PBXFileReference; lastKnownFileType = sourcecode.swift; path = HabitHelper.swift; sourceTree = "<group>"; };
		3C70E0922EB3A49E00C325D9 /* CustomCellViewModifier.swift */ = {isa = PBXFileReference; lastKnownFileType = sourcecode.swift; path = CustomCellViewModifier.swift; sourceTree = "<group>"; };
		3C70E0952EB3DE4E00C325D9 /* CalendarView.swift */ = {isa = PBXFileReference; lastKnownFileType = sourcecode.swift; path = CalendarView.swift; sourceTree = "<group>"; };
		3C70E0992EB3DE7B00C325D9 /* DateExtension.swift */ = {isa = PBXFileReference; lastKnownFileType = sourcecode.swift; path = DateExtension.swift; sourceTree = "<group>"; };
		3C70E09B2EB3E1DA00C325D9 /* Frequency.swift */ = {isa = PBXFileReference; lastKnownFileType = sourcecode.swift; path = Frequency.swift; sourceTree = "<group>"; };
		3C70E09D2EB3E1F600C325D9 /* CompletionState.swift */ = {isa = PBXFileReference; lastKnownFileType = sourcecode.swift; path = CompletionState.swift; sourceTree = "<group>"; };
		3C70E09F2EB3E20800C325D9 /* AuthError.swift */ = {isa = PBXFileReference; lastKnownFileType = sourcecode.swift; path = AuthError.swift; sourceTree = "<group>"; };
		3C70E0A12EB3E22600C325D9 /* ButtonStyles.swift */ = {isa = PBXFileReference; lastKnownFileType = sourcecode.swift; path = ButtonStyles.swift; sourceTree = "<group>"; };
		3C70E0A32EB3E2AE00C325D9 /* CustomView.swift */ = {isa = PBXFileReference; lastKnownFileType = sourcecode.swift; path = CustomView.swift; sourceTree = "<group>"; };
		3C70E0A52EB3E2C200C325D9 /* HabitViewCell.swift */ = {isa = PBXFileReference; lastKnownFileType = sourcecode.swift; path = HabitViewCell.swift; sourceTree = "<group>"; };
		3C70E0A72EB3E34800C325D9 /* CreateHabitViewTitleTextField.swift */ = {isa = PBXFileReference; lastKnownFileType = sourcecode.swift; path = CreateHabitViewTitleTextField.swift; sourceTree = "<group>"; };
		3C70E0A92EB3E3B000C325D9 /* CreateHabitViewFrequencySelection.swift */ = {isa = PBXFileReference; lastKnownFileType = sourcecode.swift; path = CreateHabitViewFrequencySelection.swift; sourceTree = "<group>"; };
		3C70E0AB2EB3E3F600C325D9 /* CreateHabitViewReminderView.swift */ = {isa = PBXFileReference; lastKnownFileType = sourcecode.swift; path = CreateHabitViewReminderView.swift; sourceTree = "<group>"; };
		3C70E0AD2EB3E43300C325D9 /* CreateHabitViewInviteFriend.swift */ = {isa = PBXFileReference; lastKnownFileType = sourcecode.swift; path = CreateHabitViewInviteFriend.swift; sourceTree = "<group>"; };
		3C70E0AF2EB3FB6000C325D9 /* GoogleService-Info.plist */ = {isa = PBXFileReference; fileEncoding = 4; lastKnownFileType = text.plist.xml; path = "GoogleService-Info.plist"; sourceTree = "<group>"; };
		3C70E0BB2EB3FFC200C325D9 /* FirebaseAuthService.swift */ = {isa = PBXFileReference; lastKnownFileType = sourcecode.swift; path = FirebaseAuthService.swift; sourceTree = "<group>"; };
		3C70E0C02EB4027600C325D9 /* UserMapper.swift */ = {isa = PBXFileReference; lastKnownFileType = sourcecode.swift; path = UserMapper.swift; sourceTree = "<group>"; };
		3CB5041E2EB231DB004AF0A9 /* DIContainer.swift */ = {isa = PBXFileReference; lastKnownFileType = sourcecode.swift; path = DIContainer.swift; sourceTree = "<group>"; };
		3CB504202EB231F4004AF0A9 /* AppEntry.swift */ = {isa = PBXFileReference; lastKnownFileType = sourcecode.swift; path = AppEntry.swift; sourceTree = "<group>"; };
		3CB504242EB23283004AF0A9 /* AuthServiceProtocol.swift */ = {isa = PBXFileReference; lastKnownFileType = sourcecode.swift; path = AuthServiceProtocol.swift; sourceTree = "<group>"; };
		3CB504262EB2328F004AF0A9 /* MockAuthService.swift */ = {isa = PBXFileReference; lastKnownFileType = sourcecode.swift; path = MockAuthService.swift; sourceTree = "<group>"; };
		3CB5042A2EB232F6004AF0A9 /* User.swift */ = {isa = PBXFileReference; lastKnownFileType = sourcecode.swift; path = User.swift; sourceTree = "<group>"; };
		3CB5042C2EB23427004AF0A9 /* AuthViewModel.swift */ = {isa = PBXFileReference; lastKnownFileType = sourcecode.swift; path = AuthViewModel.swift; sourceTree = "<group>"; };
		3CB504312EB24A7A004AF0A9 /* HelveticaNeueUltraLight.otf */ = {isa = PBXFileReference; lastKnownFileType = file; path = HelveticaNeueUltraLight.otf; sourceTree = "<group>"; };
		3CB504322EB24A7B004AF0A9 /* HelveticaNeueHeavy.otf */ = {isa = PBXFileReference; lastKnownFileType = file; path = HelveticaNeueHeavy.otf; sourceTree = "<group>"; };
		3CB504332EB24A7B004AF0A9 /* HelveticaNeueBlack.otf */ = {isa = PBXFileReference; lastKnownFileType = file; path = HelveticaNeueBlack.otf; sourceTree = "<group>"; };
		3CB504342EB24A7B004AF0A9 /* HelveticaNeueBold.otf */ = {isa = PBXFileReference; lastKnownFileType = file; path = HelveticaNeueBold.otf; sourceTree = "<group>"; };
		3CB504352EB24A7B004AF0A9 /* HelveticaNeueLight.otf */ = {isa = PBXFileReference; lastKnownFileType = file; path = HelveticaNeueLight.otf; sourceTree = "<group>"; };
		3CB504362EB24A7B004AF0A9 /* HelveticaNeueMedium.otf */ = {isa = PBXFileReference; lastKnownFileType = file; path = HelveticaNeueMedium.otf; sourceTree = "<group>"; };
		3CB504372EB24A7B004AF0A9 /* HelveticaNeueThin.otf */ = {isa = PBXFileReference; lastKnownFileType = file; path = HelveticaNeueThin.otf; sourceTree = "<group>"; };
		3CB504392EB24ACC004AF0A9 /* CustomFont.swift */ = {isa = PBXFileReference; lastKnownFileType = sourcecode.swift; path = CustomFont.swift; sourceTree = "<group>"; };
		3CB5043B2EB24E7C004AF0A9 /* Info.plist */ = {isa = PBXFileReference; lastKnownFileType = text.plist; path = Info.plist; sourceTree = "<group>"; };
		3CB5043C2EB25034004AF0A9 /* ColorExtension.swift */ = {isa = PBXFileReference; lastKnownFileType = sourcecode.swift; path = ColorExtension.swift; sourceTree = "<group>"; };
/* End PBXFileReference section */

/* Begin PBXFrameworksBuildPhase section */
		3C4D40062EB229BC00DD51A5 /* Frameworks */ = {
			isa = PBXFrameworksBuildPhase;
			buildActionMask = 2147483647;
			files = (
				3C70E0BA2EB3FE3D00C325D9 /* FirebaseMessaging in Frameworks */,
				3C70E0B42EB3FE3D00C325D9 /* FirebaseAnalytics in Frameworks */,
				3C70E0B62EB3FE3D00C325D9 /* FirebaseAuth in Frameworks */,
				3C70E0B82EB3FE3D00C325D9 /* FirebaseFirestore in Frameworks */,
			);
			runOnlyForDeploymentPostprocessing = 0;
		};
		3C4D40162EB229BD00DD51A5 /* Frameworks */ = {
			isa = PBXFrameworksBuildPhase;
			buildActionMask = 2147483647;
			files = (
			);
			runOnlyForDeploymentPostprocessing = 0;
		};
		3C4D40202EB229BD00DD51A5 /* Frameworks */ = {
			isa = PBXFrameworksBuildPhase;
			buildActionMask = 2147483647;
			files = (
			);
			runOnlyForDeploymentPostprocessing = 0;
		};
/* End PBXFrameworksBuildPhase section */

/* Begin PBXGroup section */
		3C42E6E02EB2626700D0D58C /* LogInView */ = {
			isa = PBXGroup;
			children = (
				3C42E6E12EB2627500D0D58C /* LogInView.swift */,
				3C42E6F32EB2986D00D0D58C /* LoginViewHeader.swift */,
				3C42E6F52EB2987A00D0D58C /* LoginViewContent.swift */,
				3C42E6F72EB2988200D0D58C /* LoginViewFooter.swift */,
			);
			path = LogInView;
			sourceTree = "<group>";
		};
		3C42E6E32EB27DE500D0D58C /* Extensions */ = {
			isa = PBXGroup;
			children = (
				3C42E6E42EB27DF000D0D58C /* ViewExtension.swift */,
				3CB5043C2EB25034004AF0A9 /* ColorExtension.swift */,
				3C42E6E62EB27E0B00D0D58C /* FontExtension.swift */,
				3C6687E92EB4DAA900DE45E8 /* UIApplicationExtension.swift */,
			);
			path = Extensions;
			sourceTree = "<group>";
		};
		3C42E6EA2EB28C4300D0D58C /* Enums */ = {
			isa = PBXGroup;
			children = (
				3C42E6EB2EB28C4E00D0D58C /* TextField.swift */,
				3C70E09B2EB3E1DA00C325D9 /* Frequency.swift */,
				3C70E09D2EB3E1F600C325D9 /* CompletionState.swift */,
				3C70E09F2EB3E20800C325D9 /* AuthError.swift */,
				3C70E0A12EB3E22600C325D9 /* ButtonStyles.swift */,
			);
			path = Enums;
			sourceTree = "<group>";
		};
		3C42E6F22EB2984B00D0D58C /* CreateAccountView */ = {
			isa = PBXGroup;
			children = (
				3C42E6F02EB2981200D0D58C /* CreateAccountView.swift */,
				3C42E6FB2EB365F300D0D58C /* CreateAccountHeader.swift */,
				3C42E6FD2EB365FB00D0D58C /* CreateAccountContent.swift */,
				3C42E6FF2EB3660300D0D58C /* CreateAccountFooter.swift */,
			);
			path = CreateAccountView;
			sourceTree = "<group>";
		};
		3C42E7012EB3671600D0D58C /* HomeView */ = {
			isa = PBXGroup;
			children = (
				3C42E6F92EB3562400D0D58C /* HomeView.swift */,
				3C42E7042EB3677200D0D58C /* HabitCell.swift */,
				3C42E7062EB3678200D0D58C /* DayCell.swift */,
				3C42E7082EB367AB00D0D58C /* HomeViewCalendar.swift */,
				3C42E70A2EB367E000D0D58C /* HomeViewHeader.swift */,
				3C42E70C2EB3680A00D0D58C /* HomeViewContent.swift */,
			);
			path = HomeView;
			sourceTree = "<group>";
		};
		3C42E70E2EB36CC100D0D58C /* CreateHabit */ = {
			isa = PBXGroup;
			children = (
				3C42E70F2EB36CD300D0D58C /* CreateHabitView */,
			);
			path = CreateHabit;
			sourceTree = "<group>";
		};
		3C42E70F2EB36CD300D0D58C /* CreateHabitView */ = {
			isa = PBXGroup;
			children = (
				3C42E7102EB36CEB00D0D58C /* CreateHabitView.swift */,
				3C70E0A72EB3E34800C325D9 /* CreateHabitViewTitleTextField.swift */,
				3C70E0A92EB3E3B000C325D9 /* CreateHabitViewFrequencySelection.swift */,
				3C70E0AB2EB3E3F600C325D9 /* CreateHabitViewReminderView.swift */,
				3C70E0AD2EB3E43300C325D9 /* CreateHabitViewInviteFriend.swift */,
			);
			path = CreateHabitView;
			sourceTree = "<group>";
		};
		3C42E7122EB3815600D0D58C /* Components */ = {
			isa = PBXGroup;
			children = (
				3C6687E72EB4D6F000DE45E8 /* LoadingOverlay.swift */,
				3C70E0942EB3DE2300C325D9 /* CustomCalendar */,
				3C42E6E82EB28AB300D0D58C /* CustomTextField.swift */,
				3C70E0A32EB3E2AE00C325D9 /* CustomView.swift */,
			);
			path = Components;
			sourceTree = "<group>";
		};
		3C42E7152EB38C1E00D0D58C /* Habit */ = {
			isa = PBXGroup;
			children = (
				3C6688262EB6821C00DE45E8 /* HabitViewModel.swift */,
				3C42E7162EB38C2700D0D58C /* HabitView */,
			);
			path = Habit;
			sourceTree = "<group>";
		};
		3C42E7162EB38C2700D0D58C /* HabitView */ = {
			isa = PBXGroup;
			children = (
				3C42E7172EB38C2F00D0D58C /* HabitView.swift */,
				3C70E0A52EB3E2C200C325D9 /* HabitViewCell.swift */,
			);
			path = HabitView;
			sourceTree = "<group>";
		};
		3C4D40002EB229BC00DD51A5 = {
			isa = PBXGroup;
			children = (
				3C4D400B2EB229BC00DD51A5 /* StickTogetherIOS */,
				3C4D401C2EB229BD00DD51A5 /* StickTogetherIOSTests */,
				3C4D40262EB229BD00DD51A5 /* StickTogetherIOSUITests */,
				3C4D400A2EB229BC00DD51A5 /* Products */,
			);
			sourceTree = "<group>";
		};
		3C4D400A2EB229BC00DD51A5 /* Products */ = {
			isa = PBXGroup;
			children = (
				3C4D40092EB229BC00DD51A5 /* StickTogetherIOS.app */,
				3C4D40192EB229BD00DD51A5 /* StickTogetherIOSTests.xctest */,
				3C4D40232EB229BD00DD51A5 /* StickTogetherIOSUITests.xctest */,
			);
			name = Products;
			sourceTree = "<group>";
		};
		3C4D400B2EB229BC00DD51A5 /* StickTogetherIOS */ = {
			isa = PBXGroup;
			children = (
				3C70E0AF2EB3FB6000C325D9 /* GoogleService-Info.plist */,
				3CB5043B2EB24E7C004AF0A9 /* Info.plist */,
				3CB5041B2EB23168004AF0A9 /* App */,
				3CB5041A2EB23164004AF0A9 /* Core */,
				3CB504192EB2315F004AF0A9 /* Features */,
				3CB504182EB23156004AF0A9 /* Resources */,
				3C4D40102EB229BD00DD51A5 /* Assets.xcassets */,
				3C4D40122EB229BD00DD51A5 /* Preview Content */,
			);
			path = StickTogetherIOS;
			sourceTree = "<group>";
		};
		3C4D40122EB229BD00DD51A5 /* Preview Content */ = {
			isa = PBXGroup;
			children = (
				3C4D40132EB229BD00DD51A5 /* Preview Assets.xcassets */,
			);
			path = "Preview Content";
			sourceTree = "<group>";
		};
		3C4D401C2EB229BD00DD51A5 /* StickTogetherIOSTests */ = {
			isa = PBXGroup;
			children = (
				3C4D401D2EB229BD00DD51A5 /* StickTogetherIOSTests.swift */,
			);
			path = StickTogetherIOSTests;
			sourceTree = "<group>";
		};
		3C4D40262EB229BD00DD51A5 /* StickTogetherIOSUITests */ = {
			isa = PBXGroup;
			children = (
				3C4D40272EB229BD00DD51A5 /* StickTogetherIOSUITests.swift */,
				3C4D40292EB229BD00DD51A5 /* StickTogetherIOSUITestsLaunchTests.swift */,
			);
			path = StickTogetherIOSUITests;
			sourceTree = "<group>";
		};
		3C6687F12EB4EA6900DE45E8 /* ToastMessage */ = {
			isa = PBXGroup;
			children = (
				3C6687EB2EB4EA6900DE45E8 /* ToastDelegator.swift */,
				3C6687EC2EB4EA6900DE45E8 /* ToastMessage.swift */,
				3C6687ED2EB4EA6900DE45E8 /* ToastMessageService.swift */,
				3C6687EE2EB4EA6900DE45E8 /* ToastMessageTimerModel.swift */,
				3C6687EF2EB4EA6900DE45E8 /* ToastMessageView.swift */,
				3C6687F02EB4EA6900DE45E8 /* ToastMessageViewModifier.swift */,
			);
			path = ToastMessage;
			sourceTree = "<group>";
		};
		3C6687FF2EB4F5B500DE45E8 /* Validation */ = {
			isa = PBXGroup;
			children = (
				3C6688012EB4F5D800DE45E8 /* AuthForm.swift */,
				3C6687FD2EB4F5AE00DE45E8 /* DefaultAuthValidator.swift */,
				3C6687FB2EB4F5A600DE45E8 /* ValidationResult.swift */,
			);
			path = Validation;
			sourceTree = "<group>";
		};
		3C6688232EB6815100DE45E8 /* Habit */ = {
			isa = PBXGroup;
			children = (
				3C6688212EB6807300DE45E8 /* FirebaseHabitService.swift */,
				3C6688242EB6816400DE45E8 /* HabitServiceProtocol.swift */,
			);
			path = Habit;
			sourceTree = "<group>";
		};
		3C66882B2EB6B52800DE45E8 /* Habit */ = {
			isa = PBXGroup;
			children = (
				3C42E7022EB3674F00D0D58C /* Habit.swift */,
				3C66882E2EB6B54100DE45E8 /* HabitHelper.swift */,
			);
			path = Habit;
			sourceTree = "<group>";
		};
		3C70E0912EB3A48E00C325D9 /* ViewModifiers */ = {
			isa = PBXGroup;
			children = (
				3C70E0922EB3A49E00C325D9 /* CustomCellViewModifier.swift */,
			);
			path = ViewModifiers;
			sourceTree = "<group>";
		};
		3C70E0942EB3DE2300C325D9 /* CustomCalendar */ = {
			isa = PBXGroup;
			children = (
				3C70E0952EB3DE4E00C325D9 /* CalendarView.swift */,
				3C70E0992EB3DE7B00C325D9 /* DateExtension.swift */,
			);
			path = CustomCalendar;
			sourceTree = "<group>";
		};
		3C70E0BF2EB4026C00C325D9 /* Mappers */ = {
			isa = PBXGroup;
			children = (
				3C70E0C02EB4027600C325D9 /* UserMapper.swift */,
			);
			path = Mappers;
			sourceTree = "<group>";
		};
		3CB504182EB23156004AF0A9 /* Resources */ = {
			isa = PBXGroup;
			children = (
				3C6687F12EB4EA6900DE45E8 /* ToastMessage */,
				3C70E0912EB3A48E00C325D9 /* ViewModifiers */,
				3C42E7122EB3815600D0D58C /* Components */,
				3C42E6EA2EB28C4300D0D58C /* Enums */,
				3C42E6E32EB27DE500D0D58C /* Extensions */,
				3CB504382EB24A82004AF0A9 /* Font */,
				3CB504392EB24ACC004AF0A9 /* CustomFont.swift */,
				3C42E6EE2EB2956100D0D58C /* CustomButtonStyles.swift */,
				3C42E7192EB39EE400D0D58C /* Consants.swift */,
				3C6687F82EB4EA8A00DE45E8 /* EnvironmentKeys.swift */,
			);
			path = Resources;
			sourceTree = "<group>";
		};
		3CB504192EB2315F004AF0A9 /* Features */ = {
			isa = PBXGroup;
			children = (
				3C42E7152EB38C1E00D0D58C /* Habit */,
				3C42E70E2EB36CC100D0D58C /* CreateHabit */,
				3CB5041D2EB2319B004AF0A9 /* Home */,
				3CB5041C2EB23193004AF0A9 /* Auth */,
				3C4D400E2EB229BC00DD51A5 /* AppCoordinatorView.swift */,
			);
			path = Features;
			sourceTree = "<group>";
		};
		3CB5041A2EB23164004AF0A9 /* Core */ = {
			isa = PBXGroup;
			children = (
				3CB504292EB232F0004AF0A9 /* Models */,
				3CB504222EB2326A004AF0A9 /* Services */,
				3CB5041E2EB231DB004AF0A9 /* DIContainer.swift */,
			);
			path = Core;
			sourceTree = "<group>";
		};
		3CB5041B2EB23168004AF0A9 /* App */ = {
			isa = PBXGroup;
			children = (
				3C4D400C2EB229BC00DD51A5 /* StickTogetherIOSApp.swift */,
				3CB504202EB231F4004AF0A9 /* AppEntry.swift */,
			);
			path = App;
			sourceTree = "<group>";
		};
		3CB5041C2EB23193004AF0A9 /* Auth */ = {
			isa = PBXGroup;
			children = (
				3C42E6F22EB2984B00D0D58C /* CreateAccountView */,
				3C42E6E02EB2626700D0D58C /* LogInView */,
				3CB5042C2EB23427004AF0A9 /* AuthViewModel.swift */,
				3C6688042EB4F71A00DE45E8 /* AuthViewModelValidation.swift */,
			);
			path = Auth;
			sourceTree = "<group>";
		};
		3CB5041D2EB2319B004AF0A9 /* Home */ = {
			isa = PBXGroup;
			children = (
				3C42E7012EB3671600D0D58C /* HomeView */,
			);
			path = Home;
			sourceTree = "<group>";
		};
		3CB504222EB2326A004AF0A9 /* Services */ = {
			isa = PBXGroup;
			children = (
				3C6687FF2EB4F5B500DE45E8 /* Validation */,
				3C6687E52EB4D61D00DE45E8 /* LoadingManager.swift */,
				3C70E0BF2EB4026C00C325D9 /* Mappers */,
				3CB504232EB2326F004AF0A9 /* Auth */,
				3C70E0BB2EB3FFC200C325D9 /* FirebaseAuthService.swift */,
				3C6688232EB6815100DE45E8 /* Habit */,
			);
			path = Services;
			sourceTree = "<group>";
		};
		3CB504232EB2326F004AF0A9 /* Auth */ = {
			isa = PBXGroup;
			children = (
				3CB504242EB23283004AF0A9 /* AuthServiceProtocol.swift */,
				3CB504262EB2328F004AF0A9 /* MockAuthService.swift */,
			);
			path = Auth;
			sourceTree = "<group>";
		};
		3CB504292EB232F0004AF0A9 /* Models */ = {
			isa = PBXGroup;
			children = (
				3C66882B2EB6B52800DE45E8 /* Habit */,
				3CB5042A2EB232F6004AF0A9 /* User.swift */,
			);
			path = Models;
			sourceTree = "<group>";
		};
		3CB504382EB24A82004AF0A9 /* Font */ = {
			isa = PBXGroup;
			children = (
				3CB504332EB24A7B004AF0A9 /* HelveticaNeueBlack.otf */,
				3CB504342EB24A7B004AF0A9 /* HelveticaNeueBold.otf */,
				3CB504322EB24A7B004AF0A9 /* HelveticaNeueHeavy.otf */,
				3CB504352EB24A7B004AF0A9 /* HelveticaNeueLight.otf */,
				3CB504362EB24A7B004AF0A9 /* HelveticaNeueMedium.otf */,
				3CB504372EB24A7B004AF0A9 /* HelveticaNeueThin.otf */,
				3CB504312EB24A7A004AF0A9 /* HelveticaNeueUltraLight.otf */,
			);
			path = Font;
			sourceTree = "<group>";
		};
/* End PBXGroup section */

/* Begin PBXNativeTarget section */
		3C4D40082EB229BC00DD51A5 /* StickTogetherIOS */ = {
			isa = PBXNativeTarget;
			buildConfigurationList = 3C4D402D2EB229BD00DD51A5 /* Build configuration list for PBXNativeTarget "StickTogetherIOS" */;
			buildPhases = (
				3C4D40052EB229BC00DD51A5 /* Sources */,
				3C4D40062EB229BC00DD51A5 /* Frameworks */,
				3C4D40072EB229BC00DD51A5 /* Resources */,
			);
			buildRules = (
			);
			dependencies = (
			);
			name = StickTogetherIOS;
			packageProductDependencies = (
				3C70E0B32EB3FE3D00C325D9 /* FirebaseAnalytics */,
				3C70E0B52EB3FE3D00C325D9 /* FirebaseAuth */,
				3C70E0B72EB3FE3D00C325D9 /* FirebaseFirestore */,
				3C70E0B92EB3FE3D00C325D9 /* FirebaseMessaging */,
			);
			productName = StickTogetherIOS;
			productReference = 3C4D40092EB229BC00DD51A5 /* StickTogetherIOS.app */;
			productType = "com.apple.product-type.application";
		};
		3C4D40182EB229BD00DD51A5 /* StickTogetherIOSTests */ = {
			isa = PBXNativeTarget;
			buildConfigurationList = 3C4D40302EB229BD00DD51A5 /* Build configuration list for PBXNativeTarget "StickTogetherIOSTests" */;
			buildPhases = (
				3C4D40152EB229BD00DD51A5 /* Sources */,
				3C4D40162EB229BD00DD51A5 /* Frameworks */,
				3C4D40172EB229BD00DD51A5 /* Resources */,
			);
			buildRules = (
			);
			dependencies = (
				3C4D401B2EB229BD00DD51A5 /* PBXTargetDependency */,
			);
			name = StickTogetherIOSTests;
			productName = StickTogetherIOSTests;
			productReference = 3C4D40192EB229BD00DD51A5 /* StickTogetherIOSTests.xctest */;
			productType = "com.apple.product-type.bundle.unit-test";
		};
		3C4D40222EB229BD00DD51A5 /* StickTogetherIOSUITests */ = {
			isa = PBXNativeTarget;
			buildConfigurationList = 3C4D40332EB229BD00DD51A5 /* Build configuration list for PBXNativeTarget "StickTogetherIOSUITests" */;
			buildPhases = (
				3C4D401F2EB229BD00DD51A5 /* Sources */,
				3C4D40202EB229BD00DD51A5 /* Frameworks */,
				3C4D40212EB229BD00DD51A5 /* Resources */,
			);
			buildRules = (
			);
			dependencies = (
				3C4D40252EB229BD00DD51A5 /* PBXTargetDependency */,
			);
			name = StickTogetherIOSUITests;
			productName = StickTogetherIOSUITests;
			productReference = 3C4D40232EB229BD00DD51A5 /* StickTogetherIOSUITests.xctest */;
			productType = "com.apple.product-type.bundle.ui-testing";
		};
/* End PBXNativeTarget section */

/* Begin PBXProject section */
		3C4D40012EB229BC00DD51A5 /* Project object */ = {
			isa = PBXProject;
			attributes = {
				BuildIndependentTargetsInParallel = 1;
				LastSwiftUpdateCheck = 1540;
				LastUpgradeCheck = 1540;
				TargetAttributes = {
					3C4D40082EB229BC00DD51A5 = {
						CreatedOnToolsVersion = 15.4;
					};
					3C4D40182EB229BD00DD51A5 = {
						CreatedOnToolsVersion = 15.4;
						TestTargetID = 3C4D40082EB229BC00DD51A5;
					};
					3C4D40222EB229BD00DD51A5 = {
						CreatedOnToolsVersion = 15.4;
						TestTargetID = 3C4D40082EB229BC00DD51A5;
					};
				};
			};
			buildConfigurationList = 3C4D40042EB229BC00DD51A5 /* Build configuration list for PBXProject "StickTogetherIOS" */;
			compatibilityVersion = "Xcode 14.0";
			developmentRegion = en;
			hasScannedForEncodings = 0;
			knownRegions = (
				en,
				Base,
			);
			mainGroup = 3C4D40002EB229BC00DD51A5;
			packageReferences = (
				3C70E0B22EB3FE3D00C325D9 /* XCRemoteSwiftPackageReference "firebase-ios-sdk" */,
			);
			productRefGroup = 3C4D400A2EB229BC00DD51A5 /* Products */;
			projectDirPath = "";
			projectRoot = "";
			targets = (
				3C4D40082EB229BC00DD51A5 /* StickTogetherIOS */,
				3C4D40182EB229BD00DD51A5 /* StickTogetherIOSTests */,
				3C4D40222EB229BD00DD51A5 /* StickTogetherIOSUITests */,
			);
		};
/* End PBXProject section */

/* Begin PBXResourcesBuildPhase section */
		3C4D40072EB229BC00DD51A5 /* Resources */ = {
			isa = PBXResourcesBuildPhase;
			buildActionMask = 2147483647;
			files = (
				3C4D40142EB229BD00DD51A5 /* Preview Assets.xcassets in Resources */,
				3C4D40112EB229BD00DD51A5 /* Assets.xcassets in Resources */,
				3C6688052EB4F71A00DE45E8 /* AuthViewModelValidation.swift in Resources */,
				3C70E0B02EB3FB6000C325D9 /* GoogleService-Info.plist in Resources */,
			);
			runOnlyForDeploymentPostprocessing = 0;
		};
		3C4D40172EB229BD00DD51A5 /* Resources */ = {
			isa = PBXResourcesBuildPhase;
			buildActionMask = 2147483647;
			files = (
			);
			runOnlyForDeploymentPostprocessing = 0;
		};
		3C4D40212EB229BD00DD51A5 /* Resources */ = {
			isa = PBXResourcesBuildPhase;
			buildActionMask = 2147483647;
			files = (
			);
			runOnlyForDeploymentPostprocessing = 0;
		};
/* End PBXResourcesBuildPhase section */

/* Begin PBXSourcesBuildPhase section */
		3C4D40052EB229BC00DD51A5 /* Sources */ = {
			isa = PBXSourcesBuildPhase;
			buildActionMask = 2147483647;
			files = (
				3C42E6E92EB28AB300D0D58C /* CustomTextField.swift in Sources */,
				3C42E6F42EB2986D00D0D58C /* LoginViewHeader.swift in Sources */,
				3C42E6F62EB2987A00D0D58C /* LoginViewContent.swift in Sources */,
				3C42E6F82EB2988200D0D58C /* LoginViewFooter.swift in Sources */,
				3C70E0A42EB3E2AE00C325D9 /* CustomView.swift in Sources */,
				3CB504212EB231F4004AF0A9 /* AppEntry.swift in Sources */,
				3C4D400F2EB229BC00DD51A5 /* AppCoordinatorView.swift in Sources */,
				3C42E7182EB38C2F00D0D58C /* HabitView.swift in Sources */,
				3C42E6EC2EB28C4E00D0D58C /* TextField.swift in Sources */,
				3C42E70D2EB3680A00D0D58C /* HomeViewContent.swift in Sources */,
				3C6687FE2EB4F5AE00DE45E8 /* DefaultAuthValidator.swift in Sources */,
				3CB5041F2EB231DB004AF0A9 /* DIContainer.swift in Sources */,
				3C6687F22EB4EA6900DE45E8 /* ToastDelegator.swift in Sources */,
				3C6687F32EB4EA6900DE45E8 /* ToastMessageService.swift in Sources */,
				3C6687F42EB4EA6900DE45E8 /* ToastMessage.swift in Sources */,
				3C6687F52EB4EA6900DE45E8 /* ToastMessageView.swift in Sources */,
				3C6687F62EB4EA6900DE45E8 /* ToastMessageViewModifier.swift in Sources */,
				3C6687F72EB4EA6900DE45E8 /* ToastMessageTimerModel.swift in Sources */,
				3CB504252EB23283004AF0A9 /* AuthServiceProtocol.swift in Sources */,
				3C6687EA2EB4DAA900DE45E8 /* UIApplicationExtension.swift in Sources */,
				3C6688252EB6816400DE45E8 /* HabitServiceProtocol.swift in Sources */,
				3C70E09C2EB3E1DA00C325D9 /* Frequency.swift in Sources */,
				3C6687E82EB4D6F000DE45E8 /* LoadingOverlay.swift in Sources */,
				3CB5042D2EB23427004AF0A9 /* AuthViewModel.swift in Sources */,
				3C70E0AC2EB3E3F600C325D9 /* CreateHabitViewReminderView.swift in Sources */,
				3C70E0A22EB3E22600C325D9 /* ButtonStyles.swift in Sources */,
				3C42E6FC2EB365F300D0D58C /* CreateAccountHeader.swift in Sources */,
				3C42E70B2EB367E100D0D58C /* HomeViewHeader.swift in Sources */,
				3CB5043A2EB24ACC004AF0A9 /* CustomFont.swift in Sources */,
				3C70E0962EB3DE4E00C325D9 /* CalendarView.swift in Sources */,
				3C42E6E52EB27DF000D0D58C /* ViewExtension.swift in Sources */,
				3C6688222EB6807300DE45E8 /* FirebaseHabitService.swift in Sources */,
				3CB5043D2EB25034004AF0A9 /* ColorExtension.swift in Sources */,
				3C4D400D2EB229BC00DD51A5 /* StickTogetherIOSApp.swift in Sources */,
				3C42E6E22EB2627500D0D58C /* LogInView.swift in Sources */,
				3C6688272EB6822100DE45E8 /* HabitViewModel.swift in Sources */,
				3C70E0BC2EB3FFC200C325D9 /* FirebaseAuthService.swift in Sources */,
				3C70E0A02EB3E20800C325D9 /* AuthError.swift in Sources */,
				3C70E0A82EB3E34800C325D9 /* CreateHabitViewTitleTextField.swift in Sources */,
				3C42E6FA2EB3562400D0D58C /* HomeView.swift in Sources */,
				3CB504272EB2328F004AF0A9 /* MockAuthService.swift in Sources */,
				3C42E71A2EB39EE400D0D58C /* Consants.swift in Sources */,
				3C6687E62EB4D61D00DE45E8 /* LoadingManager.swift in Sources */,
				3C42E6F12EB2981200D0D58C /* CreateAccountView.swift in Sources */,
				3C70E0AA2EB3E3B000C325D9 /* CreateHabitViewFrequencySelection.swift in Sources */,
				3C42E7112EB36CEB00D0D58C /* CreateHabitView.swift in Sources */,
				3C42E7072EB3678200D0D58C /* DayCell.swift in Sources */,
				3C42E6FE2EB365FB00D0D58C /* CreateAccountContent.swift in Sources */,
				3C70E0932EB3A49E00C325D9 /* CustomCellViewModifier.swift in Sources */,
				3C6687F92EB4EA8A00DE45E8 /* EnvironmentKeys.swift in Sources */,
				3C42E7002EB3660300D0D58C /* CreateAccountFooter.swift in Sources */,
				3C42E7032EB3674F00D0D58C /* Habit.swift in Sources */,
				3C6688022EB4F5D800DE45E8 /* AuthForm.swift in Sources */,
				3C66882F2EB6B54100DE45E8 /* HabitHelper.swift in Sources */,
				3C70E09E2EB3E1F600C325D9 /* CompletionState.swift in Sources */,
				3C42E7092EB367AB00D0D58C /* HomeViewCalendar.swift in Sources */,
				3C42E7052EB3677200D0D58C /* HabitCell.swift in Sources */,
				3C6687FC2EB4F5A600DE45E8 /* ValidationResult.swift in Sources */,
				3C42E6E72EB27E0B00D0D58C /* FontExtension.swift in Sources */,
				3C70E0C12EB4027600C325D9 /* UserMapper.swift in Sources */,
				3C42E6EF2EB2956100D0D58C /* CustomButtonStyles.swift in Sources */,
				3C70E0A62EB3E2C200C325D9 /* HabitViewCell.swift in Sources */,
				3C70E09A2EB3DE7B00C325D9 /* DateExtension.swift in Sources */,
				3C70E0AE2EB3E43300C325D9 /* CreateHabitViewInviteFriend.swift in Sources */,
				3CB5042B2EB232F6004AF0A9 /* User.swift in Sources */,
			);
			runOnlyForDeploymentPostprocessing = 0;
		};
		3C4D40152EB229BD00DD51A5 /* Sources */ = {
			isa = PBXSourcesBuildPhase;
			buildActionMask = 2147483647;
			files = (
				3C4D401E2EB229BD00DD51A5 /* StickTogetherIOSTests.swift in Sources */,
			);
			runOnlyForDeploymentPostprocessing = 0;
		};
		3C4D401F2EB229BD00DD51A5 /* Sources */ = {
			isa = PBXSourcesBuildPhase;
			buildActionMask = 2147483647;
			files = (
				3C4D40282EB229BD00DD51A5 /* StickTogetherIOSUITests.swift in Sources */,
				3C4D402A2EB229BD00DD51A5 /* StickTogetherIOSUITestsLaunchTests.swift in Sources */,
			);
			runOnlyForDeploymentPostprocessing = 0;
		};
/* End PBXSourcesBuildPhase section */

/* Begin PBXTargetDependency section */
		3C4D401B2EB229BD00DD51A5 /* PBXTargetDependency */ = {
			isa = PBXTargetDependency;
			target = 3C4D40082EB229BC00DD51A5 /* StickTogetherIOS */;
			targetProxy = 3C4D401A2EB229BD00DD51A5 /* PBXContainerItemProxy */;
		};
		3C4D40252EB229BD00DD51A5 /* PBXTargetDependency */ = {
			isa = PBXTargetDependency;
			target = 3C4D40082EB229BC00DD51A5 /* StickTogetherIOS */;
			targetProxy = 3C4D40242EB229BD00DD51A5 /* PBXContainerItemProxy */;
		};
/* End PBXTargetDependency section */

/* Begin XCBuildConfiguration section */
		3C4D402B2EB229BD00DD51A5 /* Debug */ = {
			isa = XCBuildConfiguration;
			buildSettings = {
				ALWAYS_SEARCH_USER_PATHS = NO;
				ASSETCATALOG_COMPILER_GENERATE_SWIFT_ASSET_SYMBOL_EXTENSIONS = YES;
				CLANG_ANALYZER_NONNULL = YES;
				CLANG_ANALYZER_NUMBER_OBJECT_CONVERSION = YES_AGGRESSIVE;
				CLANG_CXX_LANGUAGE_STANDARD = "gnu++20";
				CLANG_ENABLE_MODULES = YES;
				CLANG_ENABLE_OBJC_ARC = YES;
				CLANG_ENABLE_OBJC_WEAK = YES;
				CLANG_WARN_BLOCK_CAPTURE_AUTORELEASING = YES;
				CLANG_WARN_BOOL_CONVERSION = YES;
				CLANG_WARN_COMMA = YES;
				CLANG_WARN_CONSTANT_CONVERSION = YES;
				CLANG_WARN_DEPRECATED_OBJC_IMPLEMENTATIONS = YES;
				CLANG_WARN_DIRECT_OBJC_ISA_USAGE = YES_ERROR;
				CLANG_WARN_DOCUMENTATION_COMMENTS = YES;
				CLANG_WARN_EMPTY_BODY = YES;
				CLANG_WARN_ENUM_CONVERSION = YES;
				CLANG_WARN_INFINITE_RECURSION = YES;
				CLANG_WARN_INT_CONVERSION = YES;
				CLANG_WARN_NON_LITERAL_NULL_CONVERSION = YES;
				CLANG_WARN_OBJC_IMPLICIT_RETAIN_SELF = YES;
				CLANG_WARN_OBJC_LITERAL_CONVERSION = YES;
				CLANG_WARN_OBJC_ROOT_CLASS = YES_ERROR;
				CLANG_WARN_QUOTED_INCLUDE_IN_FRAMEWORK_HEADER = YES;
				CLANG_WARN_RANGE_LOOP_ANALYSIS = YES;
				CLANG_WARN_STRICT_PROTOTYPES = YES;
				CLANG_WARN_SUSPICIOUS_MOVE = YES;
				CLANG_WARN_UNGUARDED_AVAILABILITY = YES_AGGRESSIVE;
				CLANG_WARN_UNREACHABLE_CODE = YES;
				CLANG_WARN__DUPLICATE_METHOD_MATCH = YES;
				COPY_PHASE_STRIP = NO;
				DEBUG_INFORMATION_FORMAT = dwarf;
				ENABLE_STRICT_OBJC_MSGSEND = YES;
				ENABLE_TESTABILITY = YES;
				ENABLE_USER_SCRIPT_SANDBOXING = YES;
				GCC_C_LANGUAGE_STANDARD = gnu17;
				GCC_DYNAMIC_NO_PIC = NO;
				GCC_NO_COMMON_BLOCKS = YES;
				GCC_OPTIMIZATION_LEVEL = 0;
				GCC_PREPROCESSOR_DEFINITIONS = (
					"DEBUG=1",
					"$(inherited)",
				);
				GCC_WARN_64_TO_32_BIT_CONVERSION = YES;
				GCC_WARN_ABOUT_RETURN_TYPE = YES_ERROR;
				GCC_WARN_UNDECLARED_SELECTOR = YES;
				GCC_WARN_UNINITIALIZED_AUTOS = YES_AGGRESSIVE;
				GCC_WARN_UNUSED_FUNCTION = YES;
				GCC_WARN_UNUSED_VARIABLE = YES;
				IPHONEOS_DEPLOYMENT_TARGET = 17.5;
				LOCALIZATION_PREFERS_STRING_CATALOGS = YES;
				MTL_ENABLE_DEBUG_INFO = INCLUDE_SOURCE;
				MTL_FAST_MATH = YES;
				ONLY_ACTIVE_ARCH = YES;
				SDKROOT = iphoneos;
				SWIFT_ACTIVE_COMPILATION_CONDITIONS = "DEBUG $(inherited)";
				SWIFT_OPTIMIZATION_LEVEL = "-Onone";
			};
			name = Debug;
		};
		3C4D402C2EB229BD00DD51A5 /* Release */ = {
			isa = XCBuildConfiguration;
			buildSettings = {
				ALWAYS_SEARCH_USER_PATHS = NO;
				ASSETCATALOG_COMPILER_GENERATE_SWIFT_ASSET_SYMBOL_EXTENSIONS = YES;
				CLANG_ANALYZER_NONNULL = YES;
				CLANG_ANALYZER_NUMBER_OBJECT_CONVERSION = YES_AGGRESSIVE;
				CLANG_CXX_LANGUAGE_STANDARD = "gnu++20";
				CLANG_ENABLE_MODULES = YES;
				CLANG_ENABLE_OBJC_ARC = YES;
				CLANG_ENABLE_OBJC_WEAK = YES;
				CLANG_WARN_BLOCK_CAPTURE_AUTORELEASING = YES;
				CLANG_WARN_BOOL_CONVERSION = YES;
				CLANG_WARN_COMMA = YES;
				CLANG_WARN_CONSTANT_CONVERSION = YES;
				CLANG_WARN_DEPRECATED_OBJC_IMPLEMENTATIONS = YES;
				CLANG_WARN_DIRECT_OBJC_ISA_USAGE = YES_ERROR;
				CLANG_WARN_DOCUMENTATION_COMMENTS = YES;
				CLANG_WARN_EMPTY_BODY = YES;
				CLANG_WARN_ENUM_CONVERSION = YES;
				CLANG_WARN_INFINITE_RECURSION = YES;
				CLANG_WARN_INT_CONVERSION = YES;
				CLANG_WARN_NON_LITERAL_NULL_CONVERSION = YES;
				CLANG_WARN_OBJC_IMPLICIT_RETAIN_SELF = YES;
				CLANG_WARN_OBJC_LITERAL_CONVERSION = YES;
				CLANG_WARN_OBJC_ROOT_CLASS = YES_ERROR;
				CLANG_WARN_QUOTED_INCLUDE_IN_FRAMEWORK_HEADER = YES;
				CLANG_WARN_RANGE_LOOP_ANALYSIS = YES;
				CLANG_WARN_STRICT_PROTOTYPES = YES;
				CLANG_WARN_SUSPICIOUS_MOVE = YES;
				CLANG_WARN_UNGUARDED_AVAILABILITY = YES_AGGRESSIVE;
				CLANG_WARN_UNREACHABLE_CODE = YES;
				CLANG_WARN__DUPLICATE_METHOD_MATCH = YES;
				COPY_PHASE_STRIP = NO;
				DEBUG_INFORMATION_FORMAT = "dwarf-with-dsym";
				ENABLE_NS_ASSERTIONS = NO;
				ENABLE_STRICT_OBJC_MSGSEND = YES;
				ENABLE_USER_SCRIPT_SANDBOXING = YES;
				GCC_C_LANGUAGE_STANDARD = gnu17;
				GCC_NO_COMMON_BLOCKS = YES;
				GCC_WARN_64_TO_32_BIT_CONVERSION = YES;
				GCC_WARN_ABOUT_RETURN_TYPE = YES_ERROR;
				GCC_WARN_UNDECLARED_SELECTOR = YES;
				GCC_WARN_UNINITIALIZED_AUTOS = YES_AGGRESSIVE;
				GCC_WARN_UNUSED_FUNCTION = YES;
				GCC_WARN_UNUSED_VARIABLE = YES;
				IPHONEOS_DEPLOYMENT_TARGET = 17.5;
				LOCALIZATION_PREFERS_STRING_CATALOGS = YES;
				MTL_ENABLE_DEBUG_INFO = NO;
				MTL_FAST_MATH = YES;
				SDKROOT = iphoneos;
				SWIFT_COMPILATION_MODE = wholemodule;
				VALIDATE_PRODUCT = YES;
			};
			name = Release;
		};
		3C4D402E2EB229BD00DD51A5 /* Debug */ = {
			isa = XCBuildConfiguration;
			buildSettings = {
				ASSETCATALOG_COMPILER_APPICON_NAME = AppIcon;
				ASSETCATALOG_COMPILER_GLOBAL_ACCENT_COLOR_NAME = AccentColor;
				CODE_SIGN_STYLE = Automatic;
				CURRENT_PROJECT_VERSION = 1;
				DEVELOPMENT_ASSET_PATHS = "\"StickTogetherIOS/Preview Content\"";
				DEVELOPMENT_TEAM = 6VQ9H973C9;
				ENABLE_PREVIEWS = YES;
				GENERATE_INFOPLIST_FILE = YES;
				INFOPLIST_FILE = StickTogetherIOS/Info.plist;
				INFOPLIST_KEY_UIApplicationSceneManifest_Generation = YES;
				INFOPLIST_KEY_UIApplicationSupportsIndirectInputEvents = YES;
				INFOPLIST_KEY_UILaunchScreen_Generation = YES;
				INFOPLIST_KEY_UISupportedInterfaceOrientations_iPad = "UIInterfaceOrientationPortrait UIInterfaceOrientationPortraitUpsideDown UIInterfaceOrientationLandscapeLeft UIInterfaceOrientationLandscapeRight";
				INFOPLIST_KEY_UISupportedInterfaceOrientations_iPhone = "UIInterfaceOrientationPortrait UIInterfaceOrientationLandscapeLeft UIInterfaceOrientationLandscapeRight";
				LD_RUNPATH_SEARCH_PATHS = (
					"$(inherited)",
					"@executable_path/Frameworks",
				);
				MARKETING_VERSION = 1.0;
				PRODUCT_BUNDLE_IDENTIFIER = com.Gr33nEight.StickTogether;
				PRODUCT_NAME = "$(TARGET_NAME)";
				SWIFT_EMIT_LOC_STRINGS = YES;
				SWIFT_VERSION = 5.0;
				TARGETED_DEVICE_FAMILY = "1,2";
			};
			name = Debug;
		};
		3C4D402F2EB229BD00DD51A5 /* Release */ = {
			isa = XCBuildConfiguration;
			buildSettings = {
				ASSETCATALOG_COMPILER_APPICON_NAME = AppIcon;
				ASSETCATALOG_COMPILER_GLOBAL_ACCENT_COLOR_NAME = AccentColor;
				CODE_SIGN_STYLE = Automatic;
				CURRENT_PROJECT_VERSION = 1;
				DEVELOPMENT_ASSET_PATHS = "\"StickTogetherIOS/Preview Content\"";
				DEVELOPMENT_TEAM = 6VQ9H973C9;
				ENABLE_PREVIEWS = YES;
				GENERATE_INFOPLIST_FILE = YES;
				INFOPLIST_FILE = StickTogetherIOS/Info.plist;
				INFOPLIST_KEY_UIApplicationSceneManifest_Generation = YES;
				INFOPLIST_KEY_UIApplicationSupportsIndirectInputEvents = YES;
				INFOPLIST_KEY_UILaunchScreen_Generation = YES;
				INFOPLIST_KEY_UISupportedInterfaceOrientations_iPad = "UIInterfaceOrientationPortrait UIInterfaceOrientationPortraitUpsideDown UIInterfaceOrientationLandscapeLeft UIInterfaceOrientationLandscapeRight";
				INFOPLIST_KEY_UISupportedInterfaceOrientations_iPhone = "UIInterfaceOrientationPortrait UIInterfaceOrientationLandscapeLeft UIInterfaceOrientationLandscapeRight";
				LD_RUNPATH_SEARCH_PATHS = (
					"$(inherited)",
					"@executable_path/Frameworks",
				);
				MARKETING_VERSION = 1.0;
				PRODUCT_BUNDLE_IDENTIFIER = com.Gr33nEight.StickTogether;
				PRODUCT_NAME = "$(TARGET_NAME)";
				SWIFT_EMIT_LOC_STRINGS = YES;
				SWIFT_VERSION = 5.0;
				TARGETED_DEVICE_FAMILY = "1,2";
			};
			name = Release;
		};
		3C4D40312EB229BD00DD51A5 /* Debug */ = {
			isa = XCBuildConfiguration;
			buildSettings = {
				ALWAYS_EMBED_SWIFT_STANDARD_LIBRARIES = YES;
				BUNDLE_LOADER = "$(TEST_HOST)";
				CODE_SIGN_STYLE = Automatic;
				CURRENT_PROJECT_VERSION = 1;
				DEVELOPMENT_TEAM = 6VQ9H973C9;
				GENERATE_INFOPLIST_FILE = YES;
				IPHONEOS_DEPLOYMENT_TARGET = 17.5;
				MARKETING_VERSION = 1.0;
				PRODUCT_BUNDLE_IDENTIFIER = com.Gr33nEight.StickTogetherIOSTests;
				PRODUCT_NAME = "$(TARGET_NAME)";
				SWIFT_EMIT_LOC_STRINGS = NO;
				SWIFT_VERSION = 5.0;
				TARGETED_DEVICE_FAMILY = "1,2";
				TEST_HOST = "$(BUILT_PRODUCTS_DIR)/StickTogetherIOS.app/$(BUNDLE_EXECUTABLE_FOLDER_PATH)/StickTogetherIOS";
			};
			name = Debug;
		};
		3C4D40322EB229BD00DD51A5 /* Release */ = {
			isa = XCBuildConfiguration;
			buildSettings = {
				ALWAYS_EMBED_SWIFT_STANDARD_LIBRARIES = YES;
				BUNDLE_LOADER = "$(TEST_HOST)";
				CODE_SIGN_STYLE = Automatic;
				CURRENT_PROJECT_VERSION = 1;
				DEVELOPMENT_TEAM = 6VQ9H973C9;
				GENERATE_INFOPLIST_FILE = YES;
				IPHONEOS_DEPLOYMENT_TARGET = 17.5;
				MARKETING_VERSION = 1.0;
				PRODUCT_BUNDLE_IDENTIFIER = com.Gr33nEight.StickTogetherIOSTests;
				PRODUCT_NAME = "$(TARGET_NAME)";
				SWIFT_EMIT_LOC_STRINGS = NO;
				SWIFT_VERSION = 5.0;
				TARGETED_DEVICE_FAMILY = "1,2";
				TEST_HOST = "$(BUILT_PRODUCTS_DIR)/StickTogetherIOS.app/$(BUNDLE_EXECUTABLE_FOLDER_PATH)/StickTogetherIOS";
			};
			name = Release;
		};
		3C4D40342EB229BD00DD51A5 /* Debug */ = {
			isa = XCBuildConfiguration;
			buildSettings = {
				ALWAYS_EMBED_SWIFT_STANDARD_LIBRARIES = YES;
				CODE_SIGN_STYLE = Automatic;
				CURRENT_PROJECT_VERSION = 1;
				DEVELOPMENT_TEAM = 6VQ9H973C9;
				GENERATE_INFOPLIST_FILE = YES;
				MARKETING_VERSION = 1.0;
				PRODUCT_BUNDLE_IDENTIFIER = com.Gr33nEight.StickTogetherIOSUITests;
				PRODUCT_NAME = "$(TARGET_NAME)";
				SWIFT_EMIT_LOC_STRINGS = NO;
				SWIFT_VERSION = 5.0;
				TARGETED_DEVICE_FAMILY = "1,2";
				TEST_TARGET_NAME = StickTogetherIOS;
			};
			name = Debug;
		};
		3C4D40352EB229BD00DD51A5 /* Release */ = {
			isa = XCBuildConfiguration;
			buildSettings = {
				ALWAYS_EMBED_SWIFT_STANDARD_LIBRARIES = YES;
				CODE_SIGN_STYLE = Automatic;
				CURRENT_PROJECT_VERSION = 1;
				DEVELOPMENT_TEAM = 6VQ9H973C9;
				GENERATE_INFOPLIST_FILE = YES;
				MARKETING_VERSION = 1.0;
				PRODUCT_BUNDLE_IDENTIFIER = com.Gr33nEight.StickTogetherIOSUITests;
				PRODUCT_NAME = "$(TARGET_NAME)";
				SWIFT_EMIT_LOC_STRINGS = NO;
				SWIFT_VERSION = 5.0;
				TARGETED_DEVICE_FAMILY = "1,2";
				TEST_TARGET_NAME = StickTogetherIOS;
			};
			name = Release;
		};
/* End XCBuildConfiguration section */

/* Begin XCConfigurationList section */
		3C4D40042EB229BC00DD51A5 /* Build configuration list for PBXProject "StickTogetherIOS" */ = {
			isa = XCConfigurationList;
			buildConfigurations = (
				3C4D402B2EB229BD00DD51A5 /* Debug */,
				3C4D402C2EB229BD00DD51A5 /* Release */,
			);
			defaultConfigurationIsVisible = 0;
			defaultConfigurationName = Release;
		};
		3C4D402D2EB229BD00DD51A5 /* Build configuration list for PBXNativeTarget "StickTogetherIOS" */ = {
			isa = XCConfigurationList;
			buildConfigurations = (
				3C4D402E2EB229BD00DD51A5 /* Debug */,
				3C4D402F2EB229BD00DD51A5 /* Release */,
			);
			defaultConfigurationIsVisible = 0;
			defaultConfigurationName = Release;
		};
		3C4D40302EB229BD00DD51A5 /* Build configuration list for PBXNativeTarget "StickTogetherIOSTests" */ = {
			isa = XCConfigurationList;
			buildConfigurations = (
				3C4D40312EB229BD00DD51A5 /* Debug */,
				3C4D40322EB229BD00DD51A5 /* Release */,
			);
			defaultConfigurationIsVisible = 0;
			defaultConfigurationName = Release;
		};
		3C4D40332EB229BD00DD51A5 /* Build configuration list for PBXNativeTarget "StickTogetherIOSUITests" */ = {
			isa = XCConfigurationList;
			buildConfigurations = (
				3C4D40342EB229BD00DD51A5 /* Debug */,
				3C4D40352EB229BD00DD51A5 /* Release */,
			);
			defaultConfigurationIsVisible = 0;
			defaultConfigurationName = Release;
		};
/* End XCConfigurationList section */

/* Begin XCRemoteSwiftPackageReference section */
		3C70E0B22EB3FE3D00C325D9 /* XCRemoteSwiftPackageReference "firebase-ios-sdk" */ = {
			isa = XCRemoteSwiftPackageReference;
			repositoryURL = "https://github.com/firebase/firebase-ios-sdk";
			requirement = {
				kind = upToNextMajorVersion;
				minimumVersion = 12.5.0;
			};
		};
/* End XCRemoteSwiftPackageReference section */

/* Begin XCSwiftPackageProductDependency section */
		3C70E0B32EB3FE3D00C325D9 /* FirebaseAnalytics */ = {
			isa = XCSwiftPackageProductDependency;
			package = 3C70E0B22EB3FE3D00C325D9 /* XCRemoteSwiftPackageReference "firebase-ios-sdk" */;
			productName = FirebaseAnalytics;
		};
		3C70E0B52EB3FE3D00C325D9 /* FirebaseAuth */ = {
			isa = XCSwiftPackageProductDependency;
			package = 3C70E0B22EB3FE3D00C325D9 /* XCRemoteSwiftPackageReference "firebase-ios-sdk" */;
			productName = FirebaseAuth;
		};
		3C70E0B72EB3FE3D00C325D9 /* FirebaseFirestore */ = {
			isa = XCSwiftPackageProductDependency;
			package = 3C70E0B22EB3FE3D00C325D9 /* XCRemoteSwiftPackageReference "firebase-ios-sdk" */;
			productName = FirebaseFirestore;
		};
		3C70E0B92EB3FE3D00C325D9 /* FirebaseMessaging */ = {
			isa = XCSwiftPackageProductDependency;
			package = 3C70E0B22EB3FE3D00C325D9 /* XCRemoteSwiftPackageReference "firebase-ios-sdk" */;
			productName = FirebaseMessaging;
		};
/* End XCSwiftPackageProductDependency section */
	};
	rootObject = 3C4D40012EB229BC00DD51A5 /* Project object */;
}
